
Microsoft Visual Studio Solution File, Format Version 12.00
# Visual Studio 2012
Project("{FAE04EC0-301F-11D3-BF4B-00C04F79EFBC}") = "Core", "Core\Core.csproj", "{A4E10BED-8F56-46A6-B78D-BFEF1363B195}"
EndProject
Project("{FAE04EC0-301F-11D3-BF4B-00C04F79EFBC}") = "IDECommon", "IDECommon\IDECommon.csproj", "{73EDA75E-B249-40CB-A883-C2521A72B1C0}"
EndProject
Project("{FAE04EC0-301F-11D3-BF4B-00C04F79EFBC}") = "IDEWindowsPhone7", "IDEWindowsPhone7\IDEWindowsPhone7.csproj", "{0D9534DA-1DD0-43D3-A9A0-40DE5FE09A7F}"
EndProject
Project("{FAE04EC0-301F-11D3-BF4B-00C04F79EFBC}") = "IDEWindowsStore", "IDEWindowsStore\IDEWindowsStore.csproj", "{F1EEF384-9527-49E6-8F5A-3F88671CDBAC}"
EndProject
Project("{FAE04EC0-301F-11D3-BF4B-00C04F79EFBC}") = "IDEWindowsPhone", "IDEWindowsPhone\IDEWindowsPhone.csproj", "{8FCAE46F-31FA-4C10-AB86-527EA46D201D}"
EndProject
Project("{FAE04EC0-301F-11D3-BF4B-00C04F79EFBC}") = "PlayerCommon", "PlayerCommon\PlayerCommon.csproj", "{D7993461-F88B-4EEE-872B-40268D0E33F6}"
EndProject
Project("{FAE04EC0-301F-11D3-BF4B-00C04F79EFBC}") = "PlayerWindowsPhone7", "PlayerWindowsPhone7\PlayerWindowsPhone7.csproj", "{6CB5C936-7EB1-446E-8E4A-C8E3CE3D4B70}"
EndProject
Project("{FAE04EC0-301F-11D3-BF4B-00C04F79EFBC}") = "PlayerWindowsStore", "PlayerWindowsStore\PlayerWindowsStore.csproj", "{0CA5501B-6FAC-465D-8ED7-64C95F0534EF}"
EndProject
Project("{2150E333-8FDC-42A3-9474-1A3956D46DE8}") = ".nuget", ".nuget", "{EB6B4FF2-8CB6-46FB-B50E-D001C863762D}"
	ProjectSection(SolutionItems) = preProject
		.nuget\NuGet.Config = .nuget\NuGet.Config
		.nuget\NuGet.exe = .nuget\NuGet.exe
		.nuget\NuGet.targets = .nuget\NuGet.targets
	EndProjectSection
EndProject
Project("{FAE04EC0-301F-11D3-BF4B-00C04F79EFBC}") = "TestsWindowsStore", "TestsWindowsStore\TestsWindowsStore.csproj", "{9F9E8B1D-7FDD-48DD-9B89-8ECF3A474A5D}"
EndProject
Project("{FAE04EC0-301F-11D3-BF4B-00C04F79EFBC}") = "TestsWindowsPhone7", "TestsWindowsPhone7\TestsWindowsPhone7.csproj", "{F5761681-9DB2-41F3-8185-A2849ED64898}"
EndProject
Project("{FAE04EC0-301F-11D3-BF4B-00C04F79EFBC}") = "PlayerWindowsPhone8", "PlayerWindowsPhone8\PlayerWindowsPhone8\PlayerWindowsPhone8.csproj", "{60C5D6B8-9B12-458F-B1A8-7150F7B396A4}"
	ProjectSection(ProjectDependencies) = postProject
		{E0B52AE7-E160-4D32-BF3F-910B785E5A8E} = {E0B52AE7-E160-4D32-BF3F-910B785E5A8E}
	EndProjectSection
EndProject
Project("{8BC9CEB8-8B4A-11D0-8D11-00A0C91BC942}") = "PlayerWindowsPhone8Component", "PlayerWindowsPhone8\PlayerWindowsPhone8Component\PlayerWindowsPhone8Component.vcxproj", "{A1D92942-96B3-455F-BDCC-5D32214804B6}"
EndProject
Project("{8BC9CEB8-8B4A-11D0-8D11-00A0C91BC942}") = "DirectXTK_WindowsPhone8", "DirectXTK\DirectXTK_WindowsPhone8.vcxproj", "{E0B52AE7-E160-4D32-BF3F-910B785E5A8E}"
EndProject
Global
	GlobalSection(TeamFoundationVersionControl) = preSolution
		SccNumberOfProjects = 14
		SccEnterpriseProvider = {4CA58AB2-18FA-4F8D-95D4-32DDF27D184C}
		SccTeamFoundationServer = http://catrobat.ist.tugraz.at:8080/tfs/defaultcollection
		SccLocalPath0 = .
		SccProjectUniqueName1 = Core\\Core.csproj
		SccProjectName1 = Core
		SccLocalPath1 = Core
		SccProjectUniqueName2 = IDECommon\\IDECommon.csproj
		SccProjectName2 = IDECommon
		SccLocalPath2 = IDECommon
		SccProjectUniqueName3 = IDEWindowsPhone7\\IDEWindowsPhone7.csproj
		SccProjectName3 = IDEWindowsPhone7
		SccLocalPath3 = IDEWindowsPhone7
		SccProjectUniqueName4 = IDEWindowsPhone\\IDEWindowsPhone.csproj
		SccProjectName4 = IDEWindowsPhone
		SccLocalPath4 = IDEWindowsPhone
		SccProjectUniqueName5 = IDEWindowsStore\\IDEWindowsStore.csproj
		SccProjectName5 = IDEWindowsStore
		SccLocalPath5 = IDEWindowsStore
		SccProjectUniqueName6 = PlayerCommon\\PlayerCommon.csproj
		SccProjectName6 = PlayerCommon
		SccLocalPath6 = PlayerCommon
		SccProjectUniqueName7 = PlayerWindowsPhone7\\PlayerWindowsPhone7.csproj
		SccProjectName7 = PlayerWindowsPhone7
		SccLocalPath7 = PlayerWindowsPhone7
		SccProjectUniqueName8 = PlayerWindowsStore\\PlayerWindowsStore.csproj
		SccProjectName8 = PlayerWindowsStore
		SccLocalPath8 = PlayerWindowsStore
		SccProjectUniqueName9 = TestsWindowsStore\\TestsWindowsStore.csproj
		SccProjectName9 = TestsWindowsStore
		SccLocalPath9 = TestsWindowsStore
		SccProjectUniqueName10 = TestsWindowsPhone7\\TestsWindowsPhone7.csproj
		SccProjectName10 = TestsWindowsPhone7
		SccLocalPath10 = TestsWindowsPhone7
		SccProjectUniqueName11 = PlayerWindowsPhone8\\PlayerWindowsPhone8\\PlayerWindowsPhone8.csproj
		SccProjectName11 = PlayerWindowsPhone8/PlayerWindowsPhone8
		SccLocalPath11 = PlayerWindowsPhone8\\PlayerWindowsPhone8
		SccProjectUniqueName12 = PlayerWindowsPhone8\\PlayerWindowsPhone8Component\\PlayerWindowsPhone8Component.vcxproj
		SccProjectName12 = PlayerWindowsPhone8/PlayerWindowsPhone8Component
		SccLocalPath12 = PlayerWindowsPhone8\\PlayerWindowsPhone8Component
		SccProjectUniqueName13 = DirectXTK\\DirectXTK_WindowsPhone8.vcxproj
		SccProjectName13 = DirectXTK
		SccLocalPath13 = DirectXTK
	EndGlobalSection
	GlobalSection(SolutionConfigurationPlatforms) = preSolution
		Debug|Any CPU = Debug|Any CPU
		Debug|ARM = Debug|ARM
		Debug|Mixed Platforms = Debug|Mixed Platforms
		Debug|Win32 = Debug|Win32
		Debug|x64 = Debug|x64
		Debug|x86 = Debug|x86
		Release|Any CPU = Release|Any CPU
		Release|ARM = Release|ARM
		Release|Mixed Platforms = Release|Mixed Platforms
		Release|Win32 = Release|Win32
		Release|x64 = Release|x64
		Release|x86 = Release|x86
	EndGlobalSection
	GlobalSection(ProjectConfigurationPlatforms) = postSolution
		{A4E10BED-8F56-46A6-B78D-BFEF1363B195}.Debug|Any CPU.ActiveCfg = Debug|Any CPU
		{A4E10BED-8F56-46A6-B78D-BFEF1363B195}.Debug|Any CPU.Build.0 = Debug|Any CPU
		{A4E10BED-8F56-46A6-B78D-BFEF1363B195}.Debug|ARM.ActiveCfg = Debug|Any CPU
		{A4E10BED-8F56-46A6-B78D-BFEF1363B195}.Debug|ARM.Build.0 = Debug|Any CPU
		{A4E10BED-8F56-46A6-B78D-BFEF1363B195}.Debug|Mixed Platforms.ActiveCfg = Debug|Any CPU
		{A4E10BED-8F56-46A6-B78D-BFEF1363B195}.Debug|Mixed Platforms.Build.0 = Debug|Any CPU
		{A4E10BED-8F56-46A6-B78D-BFEF1363B195}.Debug|Win32.ActiveCfg = Debug|Any CPU
		{A4E10BED-8F56-46A6-B78D-BFEF1363B195}.Debug|x64.ActiveCfg = Debug|Any CPU
		{A4E10BED-8F56-46A6-B78D-BFEF1363B195}.Debug|x86.ActiveCfg = Debug|Any CPU
		{A4E10BED-8F56-46A6-B78D-BFEF1363B195}.Release|Any CPU.ActiveCfg = Release|Any CPU
		{A4E10BED-8F56-46A6-B78D-BFEF1363B195}.Release|Any CPU.Build.0 = Release|Any CPU
		{A4E10BED-8F56-46A6-B78D-BFEF1363B195}.Release|ARM.ActiveCfg = Release|Any CPU
		{A4E10BED-8F56-46A6-B78D-BFEF1363B195}.Release|Mixed Platforms.ActiveCfg = Release|Any CPU
		{A4E10BED-8F56-46A6-B78D-BFEF1363B195}.Release|Mixed Platforms.Build.0 = Release|Any CPU
		{A4E10BED-8F56-46A6-B78D-BFEF1363B195}.Release|Win32.ActiveCfg = Release|Any CPU
		{A4E10BED-8F56-46A6-B78D-BFEF1363B195}.Release|x64.ActiveCfg = Release|Any CPU
		{A4E10BED-8F56-46A6-B78D-BFEF1363B195}.Release|x86.ActiveCfg = Release|Any CPU
		{73EDA75E-B249-40CB-A883-C2521A72B1C0}.Debug|Any CPU.ActiveCfg = Debug|Any CPU
		{73EDA75E-B249-40CB-A883-C2521A72B1C0}.Debug|Any CPU.Build.0 = Debug|Any CPU
		{73EDA75E-B249-40CB-A883-C2521A72B1C0}.Debug|ARM.ActiveCfg = Debug|Any CPU
		{73EDA75E-B249-40CB-A883-C2521A72B1C0}.Debug|ARM.Build.0 = Debug|Any CPU
		{73EDA75E-B249-40CB-A883-C2521A72B1C0}.Debug|Mixed Platforms.ActiveCfg = Debug|Any CPU
		{73EDA75E-B249-40CB-A883-C2521A72B1C0}.Debug|Mixed Platforms.Build.0 = Debug|Any CPU
		{73EDA75E-B249-40CB-A883-C2521A72B1C0}.Debug|Win32.ActiveCfg = Debug|Any CPU
		{73EDA75E-B249-40CB-A883-C2521A72B1C0}.Debug|x64.ActiveCfg = Debug|Any CPU
		{73EDA75E-B249-40CB-A883-C2521A72B1C0}.Debug|x86.ActiveCfg = Debug|Any CPU
		{73EDA75E-B249-40CB-A883-C2521A72B1C0}.Release|Any CPU.ActiveCfg = Release|Any CPU
		{73EDA75E-B249-40CB-A883-C2521A72B1C0}.Release|Any CPU.Build.0 = Release|Any CPU
		{73EDA75E-B249-40CB-A883-C2521A72B1C0}.Release|ARM.ActiveCfg = Release|Any CPU
		{73EDA75E-B249-40CB-A883-C2521A72B1C0}.Release|Mixed Platforms.ActiveCfg = Release|Any CPU
		{73EDA75E-B249-40CB-A883-C2521A72B1C0}.Release|Mixed Platforms.Build.0 = Release|Any CPU
		{73EDA75E-B249-40CB-A883-C2521A72B1C0}.Release|Win32.ActiveCfg = Release|Any CPU
		{73EDA75E-B249-40CB-A883-C2521A72B1C0}.Release|x64.ActiveCfg = Release|Any CPU
		{73EDA75E-B249-40CB-A883-C2521A72B1C0}.Release|x86.ActiveCfg = Release|Any CPU
		{0D9534DA-1DD0-43D3-A9A0-40DE5FE09A7F}.Debug|Any CPU.ActiveCfg = Debug|Any CPU
		{0D9534DA-1DD0-43D3-A9A0-40DE5FE09A7F}.Debug|Any CPU.Build.0 = Debug|Any CPU
		{0D9534DA-1DD0-43D3-A9A0-40DE5FE09A7F}.Debug|Any CPU.Deploy.0 = Debug|Any CPU
		{0D9534DA-1DD0-43D3-A9A0-40DE5FE09A7F}.Debug|ARM.ActiveCfg = Debug|Any CPU
		{0D9534DA-1DD0-43D3-A9A0-40DE5FE09A7F}.Debug|Mixed Platforms.ActiveCfg = Debug|Any CPU
		{0D9534DA-1DD0-43D3-A9A0-40DE5FE09A7F}.Debug|Win32.ActiveCfg = Debug|Any CPU
		{0D9534DA-1DD0-43D3-A9A0-40DE5FE09A7F}.Debug|x64.ActiveCfg = Debug|Any CPU
		{0D9534DA-1DD0-43D3-A9A0-40DE5FE09A7F}.Debug|x86.ActiveCfg = Debug|Any CPU
		{0D9534DA-1DD0-43D3-A9A0-40DE5FE09A7F}.Release|Any CPU.ActiveCfg = Release|Any CPU
		{0D9534DA-1DD0-43D3-A9A0-40DE5FE09A7F}.Release|Any CPU.Build.0 = Release|Any CPU
		{0D9534DA-1DD0-43D3-A9A0-40DE5FE09A7F}.Release|Any CPU.Deploy.0 = Release|Any CPU
		{0D9534DA-1DD0-43D3-A9A0-40DE5FE09A7F}.Release|ARM.ActiveCfg = Release|Any CPU
		{0D9534DA-1DD0-43D3-A9A0-40DE5FE09A7F}.Release|Mixed Platforms.ActiveCfg = Release|Any CPU
		{0D9534DA-1DD0-43D3-A9A0-40DE5FE09A7F}.Release|Mixed Platforms.Build.0 = Release|Any CPU
		{0D9534DA-1DD0-43D3-A9A0-40DE5FE09A7F}.Release|Mixed Platforms.Deploy.0 = Release|Any CPU
		{0D9534DA-1DD0-43D3-A9A0-40DE5FE09A7F}.Release|Win32.ActiveCfg = Release|Any CPU
		{0D9534DA-1DD0-43D3-A9A0-40DE5FE09A7F}.Release|x64.ActiveCfg = Release|Any CPU
		{0D9534DA-1DD0-43D3-A9A0-40DE5FE09A7F}.Release|x86.ActiveCfg = Release|Any CPU
		{F1EEF384-9527-49E6-8F5A-3F88671CDBAC}.Debug|Any CPU.ActiveCfg = Debug|Any CPU
		{F1EEF384-9527-49E6-8F5A-3F88671CDBAC}.Debug|Any CPU.Build.0 = Debug|Any CPU
		{F1EEF384-9527-49E6-8F5A-3F88671CDBAC}.Debug|Any CPU.Deploy.0 = Debug|Any CPU
		{F1EEF384-9527-49E6-8F5A-3F88671CDBAC}.Debug|ARM.ActiveCfg = Debug|ARM
		{F1EEF384-9527-49E6-8F5A-3F88671CDBAC}.Debug|Mixed Platforms.ActiveCfg = Debug|x86
		{F1EEF384-9527-49E6-8F5A-3F88671CDBAC}.Debug|Win32.ActiveCfg = Debug|x86
		{F1EEF384-9527-49E6-8F5A-3F88671CDBAC}.Debug|Win32.Build.0 = Debug|x86
		{F1EEF384-9527-49E6-8F5A-3F88671CDBAC}.Debug|Win32.Deploy.0 = Debug|x86
		{F1EEF384-9527-49E6-8F5A-3F88671CDBAC}.Debug|x64.ActiveCfg = Debug|x64
		{F1EEF384-9527-49E6-8F5A-3F88671CDBAC}.Debug|x64.Build.0 = Debug|x64
		{F1EEF384-9527-49E6-8F5A-3F88671CDBAC}.Debug|x64.Deploy.0 = Debug|x64
		{F1EEF384-9527-49E6-8F5A-3F88671CDBAC}.Debug|x86.ActiveCfg = Debug|x86
		{F1EEF384-9527-49E6-8F5A-3F88671CDBAC}.Debug|x86.Build.0 = Debug|x86
		{F1EEF384-9527-49E6-8F5A-3F88671CDBAC}.Debug|x86.Deploy.0 = Debug|x86
		{F1EEF384-9527-49E6-8F5A-3F88671CDBAC}.Release|Any CPU.ActiveCfg = Release|Any CPU
		{F1EEF384-9527-49E6-8F5A-3F88671CDBAC}.Release|Any CPU.Build.0 = Release|Any CPU
		{F1EEF384-9527-49E6-8F5A-3F88671CDBAC}.Release|Any CPU.Deploy.0 = Release|Any CPU
		{F1EEF384-9527-49E6-8F5A-3F88671CDBAC}.Release|ARM.ActiveCfg = Release|ARM
		{F1EEF384-9527-49E6-8F5A-3F88671CDBAC}.Release|ARM.Build.0 = Release|ARM
		{F1EEF384-9527-49E6-8F5A-3F88671CDBAC}.Release|ARM.Deploy.0 = Release|ARM
		{F1EEF384-9527-49E6-8F5A-3F88671CDBAC}.Release|Mixed Platforms.ActiveCfg = Release|x86
		{F1EEF384-9527-49E6-8F5A-3F88671CDBAC}.Release|Mixed Platforms.Build.0 = Release|x86
		{F1EEF384-9527-49E6-8F5A-3F88671CDBAC}.Release|Mixed Platforms.Deploy.0 = Release|x86
		{F1EEF384-9527-49E6-8F5A-3F88671CDBAC}.Release|Win32.ActiveCfg = Release|x86
		{F1EEF384-9527-49E6-8F5A-3F88671CDBAC}.Release|Win32.Build.0 = Release|x86
		{F1EEF384-9527-49E6-8F5A-3F88671CDBAC}.Release|Win32.Deploy.0 = Release|x86
		{F1EEF384-9527-49E6-8F5A-3F88671CDBAC}.Release|x64.ActiveCfg = Release|x64
		{F1EEF384-9527-49E6-8F5A-3F88671CDBAC}.Release|x64.Build.0 = Release|x64
		{F1EEF384-9527-49E6-8F5A-3F88671CDBAC}.Release|x64.Deploy.0 = Release|x64
		{F1EEF384-9527-49E6-8F5A-3F88671CDBAC}.Release|x86.ActiveCfg = Release|x86
		{F1EEF384-9527-49E6-8F5A-3F88671CDBAC}.Release|x86.Build.0 = Release|x86
		{F1EEF384-9527-49E6-8F5A-3F88671CDBAC}.Release|x86.Deploy.0 = Release|x86
		{8FCAE46F-31FA-4C10-AB86-527EA46D201D}.Debug|Any CPU.ActiveCfg = Debug|Any CPU
		{8FCAE46F-31FA-4C10-AB86-527EA46D201D}.Debug|Any CPU.Build.0 = Debug|Any CPU
		{8FCAE46F-31FA-4C10-AB86-527EA46D201D}.Debug|Any CPU.Deploy.0 = Debug|Any CPU
		{8FCAE46F-31FA-4C10-AB86-527EA46D201D}.Debug|ARM.ActiveCfg = Debug|ARM
		{8FCAE46F-31FA-4C10-AB86-527EA46D201D}.Debug|ARM.Build.0 = Debug|ARM
		{8FCAE46F-31FA-4C10-AB86-527EA46D201D}.Debug|ARM.Deploy.0 = Debug|ARM
		{8FCAE46F-31FA-4C10-AB86-527EA46D201D}.Debug|Mixed Platforms.ActiveCfg = Debug|ARM
		{8FCAE46F-31FA-4C10-AB86-527EA46D201D}.Debug|Mixed Platforms.Build.0 = Debug|ARM
		{8FCAE46F-31FA-4C10-AB86-527EA46D201D}.Debug|Mixed Platforms.Deploy.0 = Debug|ARM
		{8FCAE46F-31FA-4C10-AB86-527EA46D201D}.Debug|Win32.ActiveCfg = Debug|x86
		{8FCAE46F-31FA-4C10-AB86-527EA46D201D}.Debug|Win32.Build.0 = Debug|x86
		{8FCAE46F-31FA-4C10-AB86-527EA46D201D}.Debug|Win32.Deploy.0 = Debug|x86
		{8FCAE46F-31FA-4C10-AB86-527EA46D201D}.Debug|x64.ActiveCfg = Debug|Any CPU
		{8FCAE46F-31FA-4C10-AB86-527EA46D201D}.Debug|x86.ActiveCfg = Debug|x86
		{8FCAE46F-31FA-4C10-AB86-527EA46D201D}.Debug|x86.Build.0 = Debug|x86
		{8FCAE46F-31FA-4C10-AB86-527EA46D201D}.Debug|x86.Deploy.0 = Debug|x86
		{8FCAE46F-31FA-4C10-AB86-527EA46D201D}.Release|Any CPU.ActiveCfg = Release|Any CPU
		{8FCAE46F-31FA-4C10-AB86-527EA46D201D}.Release|Any CPU.Build.0 = Release|Any CPU
		{8FCAE46F-31FA-4C10-AB86-527EA46D201D}.Release|Any CPU.Deploy.0 = Release|Any CPU
		{8FCAE46F-31FA-4C10-AB86-527EA46D201D}.Release|ARM.ActiveCfg = Release|ARM
		{8FCAE46F-31FA-4C10-AB86-527EA46D201D}.Release|ARM.Build.0 = Release|ARM
		{8FCAE46F-31FA-4C10-AB86-527EA46D201D}.Release|ARM.Deploy.0 = Release|ARM
		{8FCAE46F-31FA-4C10-AB86-527EA46D201D}.Release|Mixed Platforms.ActiveCfg = Release|x86
		{8FCAE46F-31FA-4C10-AB86-527EA46D201D}.Release|Mixed Platforms.Build.0 = Release|x86
		{8FCAE46F-31FA-4C10-AB86-527EA46D201D}.Release|Mixed Platforms.Deploy.0 = Release|x86
		{8FCAE46F-31FA-4C10-AB86-527EA46D201D}.Release|Win32.ActiveCfg = Release|x86
		{8FCAE46F-31FA-4C10-AB86-527EA46D201D}.Release|Win32.Build.0 = Release|x86
		{8FCAE46F-31FA-4C10-AB86-527EA46D201D}.Release|Win32.Deploy.0 = Release|x86
		{8FCAE46F-31FA-4C10-AB86-527EA46D201D}.Release|x64.ActiveCfg = Release|Any CPU
		{8FCAE46F-31FA-4C10-AB86-527EA46D201D}.Release|x86.ActiveCfg = Release|x86
		{8FCAE46F-31FA-4C10-AB86-527EA46D201D}.Release|x86.Build.0 = Release|x86
		{8FCAE46F-31FA-4C10-AB86-527EA46D201D}.Release|x86.Deploy.0 = Release|x86
		{D7993461-F88B-4EEE-872B-40268D0E33F6}.Debug|Any CPU.ActiveCfg = Debug|Any CPU
		{D7993461-F88B-4EEE-872B-40268D0E33F6}.Debug|Any CPU.Build.0 = Debug|Any CPU
		{D7993461-F88B-4EEE-872B-40268D0E33F6}.Debug|ARM.ActiveCfg = Debug|Any CPU
		{D7993461-F88B-4EEE-872B-40268D0E33F6}.Debug|Mixed Platforms.ActiveCfg = Debug|Any CPU
		{D7993461-F88B-4EEE-872B-40268D0E33F6}.Debug|Win32.ActiveCfg = Debug|Any CPU
		{D7993461-F88B-4EEE-872B-40268D0E33F6}.Debug|x64.ActiveCfg = Debug|Any CPU
		{D7993461-F88B-4EEE-872B-40268D0E33F6}.Debug|x86.ActiveCfg = Debug|Any CPU
		{D7993461-F88B-4EEE-872B-40268D0E33F6}.Release|Any CPU.ActiveCfg = Release|Any CPU
		{D7993461-F88B-4EEE-872B-40268D0E33F6}.Release|Any CPU.Build.0 = Release|Any CPU
		{D7993461-F88B-4EEE-872B-40268D0E33F6}.Release|ARM.ActiveCfg = Release|Any CPU
		{D7993461-F88B-4EEE-872B-40268D0E33F6}.Release|Mixed Platforms.ActiveCfg = Release|Any CPU
		{D7993461-F88B-4EEE-872B-40268D0E33F6}.Release|Mixed Platforms.Build.0 = Release|Any CPU
		{D7993461-F88B-4EEE-872B-40268D0E33F6}.Release|Win32.ActiveCfg = Release|Any CPU
		{D7993461-F88B-4EEE-872B-40268D0E33F6}.Release|x64.ActiveCfg = Release|Any CPU
		{D7993461-F88B-4EEE-872B-40268D0E33F6}.Release|x86.ActiveCfg = Release|Any CPU
		{6CB5C936-7EB1-446E-8E4A-C8E3CE3D4B70}.Debug|Any CPU.ActiveCfg = Debug|Any CPU
		{6CB5C936-7EB1-446E-8E4A-C8E3CE3D4B70}.Debug|Any CPU.Build.0 = Debug|Any CPU
		{6CB5C936-7EB1-446E-8E4A-C8E3CE3D4B70}.Debug|ARM.ActiveCfg = Debug|Any CPU
		{6CB5C936-7EB1-446E-8E4A-C8E3CE3D4B70}.Debug|Mixed Platforms.ActiveCfg = Debug|Any CPU
		{6CB5C936-7EB1-446E-8E4A-C8E3CE3D4B70}.Debug|Win32.ActiveCfg = Debug|Any CPU
		{6CB5C936-7EB1-446E-8E4A-C8E3CE3D4B70}.Debug|x64.ActiveCfg = Debug|Any CPU
		{6CB5C936-7EB1-446E-8E4A-C8E3CE3D4B70}.Debug|x86.ActiveCfg = Debug|Any CPU
		{6CB5C936-7EB1-446E-8E4A-C8E3CE3D4B70}.Release|Any CPU.ActiveCfg = Release|Any CPU
		{6CB5C936-7EB1-446E-8E4A-C8E3CE3D4B70}.Release|Any CPU.Build.0 = Release|Any CPU
		{6CB5C936-7EB1-446E-8E4A-C8E3CE3D4B70}.Release|ARM.ActiveCfg = Release|Any CPU
		{6CB5C936-7EB1-446E-8E4A-C8E3CE3D4B70}.Release|Mixed Platforms.ActiveCfg = Release|Any CPU
		{6CB5C936-7EB1-446E-8E4A-C8E3CE3D4B70}.Release|Mixed Platforms.Build.0 = Release|Any CPU
		{6CB5C936-7EB1-446E-8E4A-C8E3CE3D4B70}.Release|Win32.ActiveCfg = Release|Any CPU
		{6CB5C936-7EB1-446E-8E4A-C8E3CE3D4B70}.Release|x64.ActiveCfg = Release|Any CPU
		{6CB5C936-7EB1-446E-8E4A-C8E3CE3D4B70}.Release|x86.ActiveCfg = Release|Any CPU
		{0CA5501B-6FAC-465D-8ED7-64C95F0534EF}.Debug|Any CPU.ActiveCfg = Debug|Any CPU
		{0CA5501B-6FAC-465D-8ED7-64C95F0534EF}.Debug|Any CPU.Build.0 = Debug|Any CPU
		{0CA5501B-6FAC-465D-8ED7-64C95F0534EF}.Debug|Any CPU.Deploy.0 = Debug|Any CPU
		{0CA5501B-6FAC-465D-8ED7-64C95F0534EF}.Debug|ARM.ActiveCfg = Debug|ARM
		{0CA5501B-6FAC-465D-8ED7-64C95F0534EF}.Debug|Mixed Platforms.ActiveCfg = Debug|x86
		{0CA5501B-6FAC-465D-8ED7-64C95F0534EF}.Debug|Win32.ActiveCfg = Debug|x86
		{0CA5501B-6FAC-465D-8ED7-64C95F0534EF}.Debug|Win32.Build.0 = Debug|x86
		{0CA5501B-6FAC-465D-8ED7-64C95F0534EF}.Debug|Win32.Deploy.0 = Debug|x86
		{0CA5501B-6FAC-465D-8ED7-64C95F0534EF}.Debug|x64.ActiveCfg = Debug|x64
		{0CA5501B-6FAC-465D-8ED7-64C95F0534EF}.Debug|x64.Build.0 = Debug|x64
		{0CA5501B-6FAC-465D-8ED7-64C95F0534EF}.Debug|x64.Deploy.0 = Debug|x64
		{0CA5501B-6FAC-465D-8ED7-64C95F0534EF}.Debug|x86.ActiveCfg = Debug|x86
		{0CA5501B-6FAC-465D-8ED7-64C95F0534EF}.Debug|x86.Build.0 = Debug|x86
		{0CA5501B-6FAC-465D-8ED7-64C95F0534EF}.Debug|x86.Deploy.0 = Debug|x86
		{0CA5501B-6FAC-465D-8ED7-64C95F0534EF}.Release|Any CPU.ActiveCfg = Release|Any CPU
		{0CA5501B-6FAC-465D-8ED7-64C95F0534EF}.Release|Any CPU.Build.0 = Release|Any CPU
		{0CA5501B-6FAC-465D-8ED7-64C95F0534EF}.Release|Any CPU.Deploy.0 = Release|Any CPU
		{0CA5501B-6FAC-465D-8ED7-64C95F0534EF}.Release|ARM.ActiveCfg = Release|ARM
		{0CA5501B-6FAC-465D-8ED7-64C95F0534EF}.Release|ARM.Build.0 = Release|ARM
		{0CA5501B-6FAC-465D-8ED7-64C95F0534EF}.Release|ARM.Deploy.0 = Release|ARM
		{0CA5501B-6FAC-465D-8ED7-64C95F0534EF}.Release|Mixed Platforms.ActiveCfg = Release|x86
		{0CA5501B-6FAC-465D-8ED7-64C95F0534EF}.Release|Mixed Platforms.Build.0 = Release|x86
		{0CA5501B-6FAC-465D-8ED7-64C95F0534EF}.Release|Mixed Platforms.Deploy.0 = Release|x86
		{0CA5501B-6FAC-465D-8ED7-64C95F0534EF}.Release|Win32.ActiveCfg = Release|x86
		{0CA5501B-6FAC-465D-8ED7-64C95F0534EF}.Release|Win32.Build.0 = Release|x86
		{0CA5501B-6FAC-465D-8ED7-64C95F0534EF}.Release|Win32.Deploy.0 = Release|x86
		{0CA5501B-6FAC-465D-8ED7-64C95F0534EF}.Release|x64.ActiveCfg = Release|x64
		{0CA5501B-6FAC-465D-8ED7-64C95F0534EF}.Release|x64.Build.0 = Release|x64
		{0CA5501B-6FAC-465D-8ED7-64C95F0534EF}.Release|x64.Deploy.0 = Release|x64
		{0CA5501B-6FAC-465D-8ED7-64C95F0534EF}.Release|x86.ActiveCfg = Release|x86
		{0CA5501B-6FAC-465D-8ED7-64C95F0534EF}.Release|x86.Build.0 = Release|x86
		{0CA5501B-6FAC-465D-8ED7-64C95F0534EF}.Release|x86.Deploy.0 = Release|x86
		{9F9E8B1D-7FDD-48DD-9B89-8ECF3A474A5D}.Debug|Any CPU.ActiveCfg = Debug|Any CPU
		{9F9E8B1D-7FDD-48DD-9B89-8ECF3A474A5D}.Debug|Any CPU.Build.0 = Debug|Any CPU
		{9F9E8B1D-7FDD-48DD-9B89-8ECF3A474A5D}.Debug|Any CPU.Deploy.0 = Debug|Any CPU
		{9F9E8B1D-7FDD-48DD-9B89-8ECF3A474A5D}.Debug|ARM.ActiveCfg = Debug|ARM
		{9F9E8B1D-7FDD-48DD-9B89-8ECF3A474A5D}.Debug|Mixed Platforms.ActiveCfg = Debug|x86
		{9F9E8B1D-7FDD-48DD-9B89-8ECF3A474A5D}.Debug|Win32.ActiveCfg = Debug|x86
		{9F9E8B1D-7FDD-48DD-9B89-8ECF3A474A5D}.Debug|Win32.Build.0 = Debug|x86
		{9F9E8B1D-7FDD-48DD-9B89-8ECF3A474A5D}.Debug|Win32.Deploy.0 = Debug|x86
		{9F9E8B1D-7FDD-48DD-9B89-8ECF3A474A5D}.Debug|x64.ActiveCfg = Debug|x64
		{9F9E8B1D-7FDD-48DD-9B89-8ECF3A474A5D}.Debug|x64.Build.0 = Debug|x64
		{9F9E8B1D-7FDD-48DD-9B89-8ECF3A474A5D}.Debug|x64.Deploy.0 = Debug|x64
		{9F9E8B1D-7FDD-48DD-9B89-8ECF3A474A5D}.Debug|x86.ActiveCfg = Debug|x86
		{9F9E8B1D-7FDD-48DD-9B89-8ECF3A474A5D}.Debug|x86.Build.0 = Debug|x86
		{9F9E8B1D-7FDD-48DD-9B89-8ECF3A474A5D}.Debug|x86.Deploy.0 = Debug|x86
		{9F9E8B1D-7FDD-48DD-9B89-8ECF3A474A5D}.Release|Any CPU.ActiveCfg = Release|Any CPU
		{9F9E8B1D-7FDD-48DD-9B89-8ECF3A474A5D}.Release|Any CPU.Build.0 = Release|Any CPU
		{9F9E8B1D-7FDD-48DD-9B89-8ECF3A474A5D}.Release|Any CPU.Deploy.0 = Release|Any CPU
		{9F9E8B1D-7FDD-48DD-9B89-8ECF3A474A5D}.Release|ARM.ActiveCfg = Release|ARM
		{9F9E8B1D-7FDD-48DD-9B89-8ECF3A474A5D}.Release|ARM.Build.0 = Release|ARM
		{9F9E8B1D-7FDD-48DD-9B89-8ECF3A474A5D}.Release|ARM.Deploy.0 = Release|ARM
		{9F9E8B1D-7FDD-48DD-9B89-8ECF3A474A5D}.Release|Mixed Platforms.ActiveCfg = Release|x86
		{9F9E8B1D-7FDD-48DD-9B89-8ECF3A474A5D}.Release|Mixed Platforms.Build.0 = Release|x86
		{9F9E8B1D-7FDD-48DD-9B89-8ECF3A474A5D}.Release|Mixed Platforms.Deploy.0 = Release|x86
		{9F9E8B1D-7FDD-48DD-9B89-8ECF3A474A5D}.Release|Win32.ActiveCfg = Release|x86
		{9F9E8B1D-7FDD-48DD-9B89-8ECF3A474A5D}.Release|Win32.Build.0 = Release|x86
		{9F9E8B1D-7FDD-48DD-9B89-8ECF3A474A5D}.Release|Win32.Deploy.0 = Release|x86
		{9F9E8B1D-7FDD-48DD-9B89-8ECF3A474A5D}.Release|x64.ActiveCfg = Release|x64
		{9F9E8B1D-7FDD-48DD-9B89-8ECF3A474A5D}.Release|x64.Build.0 = Release|x64
		{9F9E8B1D-7FDD-48DD-9B89-8ECF3A474A5D}.Release|x64.Deploy.0 = Release|x64
		{9F9E8B1D-7FDD-48DD-9B89-8ECF3A474A5D}.Release|x86.ActiveCfg = Release|x86
		{9F9E8B1D-7FDD-48DD-9B89-8ECF3A474A5D}.Release|x86.Build.0 = Release|x86
		{9F9E8B1D-7FDD-48DD-9B89-8ECF3A474A5D}.Release|x86.Deploy.0 = Release|x86
		{F5761681-9DB2-41F3-8185-A2849ED64898}.Debug|Any CPU.ActiveCfg = Debug|Any CPU
		{F5761681-9DB2-41F3-8185-A2849ED64898}.Debug|Any CPU.Build.0 = Debug|Any CPU
		{F5761681-9DB2-41F3-8185-A2849ED64898}.Debug|Any CPU.Deploy.0 = Debug|Any CPU
		{F5761681-9DB2-41F3-8185-A2849ED64898}.Debug|ARM.ActiveCfg = Debug|Any CPU
		{F5761681-9DB2-41F3-8185-A2849ED64898}.Debug|Mixed Platforms.ActiveCfg = Debug|Any CPU
		{F5761681-9DB2-41F3-8185-A2849ED64898}.Debug|Win32.ActiveCfg = Debug|Any CPU
		{F5761681-9DB2-41F3-8185-A2849ED64898}.Debug|x64.ActiveCfg = Debug|Any CPU
		{F5761681-9DB2-41F3-8185-A2849ED64898}.Debug|x86.ActiveCfg = Debug|Any CPU
		{F5761681-9DB2-41F3-8185-A2849ED64898}.Release|Any CPU.ActiveCfg = Release|Any CPU
		{F5761681-9DB2-41F3-8185-A2849ED64898}.Release|Any CPU.Build.0 = Release|Any CPU
		{F5761681-9DB2-41F3-8185-A2849ED64898}.Release|Any CPU.Deploy.0 = Release|Any CPU
		{F5761681-9DB2-41F3-8185-A2849ED64898}.Release|ARM.ActiveCfg = Release|Any CPU
		{F5761681-9DB2-41F3-8185-A2849ED64898}.Release|Mixed Platforms.ActiveCfg = Release|Any CPU
		{F5761681-9DB2-41F3-8185-A2849ED64898}.Release|Mixed Platforms.Build.0 = Release|Any CPU
		{F5761681-9DB2-41F3-8185-A2849ED64898}.Release|Mixed Platforms.Deploy.0 = Release|Any CPU
		{F5761681-9DB2-41F3-8185-A2849ED64898}.Release|Win32.ActiveCfg = Release|Any CPU
		{F5761681-9DB2-41F3-8185-A2849ED64898}.Release|x64.ActiveCfg = Release|Any CPU
		{F5761681-9DB2-41F3-8185-A2849ED64898}.Release|x86.ActiveCfg = Release|Any CPU
		{60C5D6B8-9B12-458F-B1A8-7150F7B396A4}.Debug|Any CPU.ActiveCfg = Debug|ARM
		{60C5D6B8-9B12-458F-B1A8-7150F7B396A4}.Debug|Any CPU.Build.0 = Debug|ARM
		{60C5D6B8-9B12-458F-B1A8-7150F7B396A4}.Debug|Any CPU.Deploy.0 = Debug|ARM
		{60C5D6B8-9B12-458F-B1A8-7150F7B396A4}.Debug|ARM.ActiveCfg = Debug|ARM
		{60C5D6B8-9B12-458F-B1A8-7150F7B396A4}.Debug|ARM.Build.0 = Debug|ARM
		{60C5D6B8-9B12-458F-B1A8-7150F7B396A4}.Debug|ARM.Deploy.0 = Debug|ARM
		{60C5D6B8-9B12-458F-B1A8-7150F7B396A4}.Debug|Mixed Platforms.ActiveCfg = Debug|ARM
		{60C5D6B8-9B12-458F-B1A8-7150F7B396A4}.Debug|Mixed Platforms.Build.0 = Debug|ARM
		{60C5D6B8-9B12-458F-B1A8-7150F7B396A4}.Debug|Mixed Platforms.Deploy.0 = Debug|ARM
		{60C5D6B8-9B12-458F-B1A8-7150F7B396A4}.Debug|Win32.ActiveCfg = Debug|x86
		{60C5D6B8-9B12-458F-B1A8-7150F7B396A4}.Debug|Win32.Build.0 = Debug|x86
		{60C5D6B8-9B12-458F-B1A8-7150F7B396A4}.Debug|Win32.Deploy.0 = Debug|x86
		{60C5D6B8-9B12-458F-B1A8-7150F7B396A4}.Debug|x64.ActiveCfg = Debug|Any CPU
		{60C5D6B8-9B12-458F-B1A8-7150F7B396A4}.Debug|x86.ActiveCfg = Debug|x86
		{60C5D6B8-9B12-458F-B1A8-7150F7B396A4}.Debug|x86.Build.0 = Debug|x86
		{60C5D6B8-9B12-458F-B1A8-7150F7B396A4}.Debug|x86.Deploy.0 = Debug|x86
		{60C5D6B8-9B12-458F-B1A8-7150F7B396A4}.Release|Any CPU.ActiveCfg = Release|Any CPU
		{60C5D6B8-9B12-458F-B1A8-7150F7B396A4}.Release|Any CPU.Build.0 = Release|Any CPU
		{60C5D6B8-9B12-458F-B1A8-7150F7B396A4}.Release|Any CPU.Deploy.0 = Release|Any CPU
		{60C5D6B8-9B12-458F-B1A8-7150F7B396A4}.Release|ARM.ActiveCfg = Release|ARM
		{60C5D6B8-9B12-458F-B1A8-7150F7B396A4}.Release|ARM.Build.0 = Release|ARM
		{60C5D6B8-9B12-458F-B1A8-7150F7B396A4}.Release|ARM.Deploy.0 = Release|ARM
		{60C5D6B8-9B12-458F-B1A8-7150F7B396A4}.Release|Mixed Platforms.ActiveCfg = Release|x86
		{60C5D6B8-9B12-458F-B1A8-7150F7B396A4}.Release|Mixed Platforms.Build.0 = Release|x86
		{60C5D6B8-9B12-458F-B1A8-7150F7B396A4}.Release|Mixed Platforms.Deploy.0 = Release|x86
		{60C5D6B8-9B12-458F-B1A8-7150F7B396A4}.Release|Win32.ActiveCfg = Release|x86
		{60C5D6B8-9B12-458F-B1A8-7150F7B396A4}.Release|Win32.Build.0 = Release|x86
		{60C5D6B8-9B12-458F-B1A8-7150F7B396A4}.Release|Win32.Deploy.0 = Release|x86
		{60C5D6B8-9B12-458F-B1A8-7150F7B396A4}.Release|x64.ActiveCfg = Release|Any CPU
		{60C5D6B8-9B12-458F-B1A8-7150F7B396A4}.Release|x86.ActiveCfg = Release|x86
		{60C5D6B8-9B12-458F-B1A8-7150F7B396A4}.Release|x86.Build.0 = Release|x86
		{60C5D6B8-9B12-458F-B1A8-7150F7B396A4}.Release|x86.Deploy.0 = Release|x86
		{A1D92942-96B3-455F-BDCC-5D32214804B6}.Debug|Any CPU.ActiveCfg = Debug|ARM
		{A1D92942-96B3-455F-BDCC-5D32214804B6}.Debug|Any CPU.Build.0 = Debug|ARM
		{A1D92942-96B3-455F-BDCC-5D32214804B6}.Debug|ARM.ActiveCfg = Debug|ARM
		{A1D92942-96B3-455F-BDCC-5D32214804B6}.Debug|ARM.Build.0 = Debug|ARM
		{A1D92942-96B3-455F-BDCC-5D32214804B6}.Debug|Mixed Platforms.ActiveCfg = Debug|ARM
		{A1D92942-96B3-455F-BDCC-5D32214804B6}.Debug|Mixed Platforms.Build.0 = Debug|ARM
		{A1D92942-96B3-455F-BDCC-5D32214804B6}.Debug|Win32.ActiveCfg = Debug|Win32
		{A1D92942-96B3-455F-BDCC-5D32214804B6}.Debug|Win32.Build.0 = Debug|Win32
		{A1D92942-96B3-455F-BDCC-5D32214804B6}.Debug|x64.ActiveCfg = Debug|Win32
		{A1D92942-96B3-455F-BDCC-5D32214804B6}.Debug|x86.ActiveCfg = Debug|Win32
		{A1D92942-96B3-455F-BDCC-5D32214804B6}.Debug|x86.Build.0 = Debug|Win32
		{A1D92942-96B3-455F-BDCC-5D32214804B6}.Release|Any CPU.ActiveCfg = Release|Win32
		{A1D92942-96B3-455F-BDCC-5D32214804B6}.Release|ARM.ActiveCfg = Release|ARM
		{A1D92942-96B3-455F-BDCC-5D32214804B6}.Release|ARM.Build.0 = Release|ARM
		{A1D92942-96B3-455F-BDCC-5D32214804B6}.Release|Mixed Platforms.ActiveCfg = Release|Win32
		{A1D92942-96B3-455F-BDCC-5D32214804B6}.Release|Win32.ActiveCfg = Release|Win32
		{A1D92942-96B3-455F-BDCC-5D32214804B6}.Release|Win32.Build.0 = Release|Win32
		{A1D92942-96B3-455F-BDCC-5D32214804B6}.Release|x64.ActiveCfg = Release|Win32
		{A1D92942-96B3-455F-BDCC-5D32214804B6}.Release|x86.ActiveCfg = Release|Win32
		{A1D92942-96B3-455F-BDCC-5D32214804B6}.Release|x86.Build.0 = Release|Win32
		{E0B52AE7-E160-4D32-BF3F-910B785E5A8E}.Debug|Any CPU.ActiveCfg = Debug|Win32
		{E0B52AE7-E160-4D32-BF3F-910B785E5A8E}.Debug|ARM.ActiveCfg = Debug|ARM
		{E0B52AE7-E160-4D32-BF3F-910B785E5A8E}.Debug|ARM.Build.0 = Debug|ARM
		{E0B52AE7-E160-4D32-BF3F-910B785E5A8E}.Debug|Mixed Platforms.ActiveCfg = Debug|ARM
		{E0B52AE7-E160-4D32-BF3F-910B785E5A8E}.Debug|Mixed Platforms.Build.0 = Debug|ARM
		{E0B52AE7-E160-4D32-BF3F-910B785E5A8E}.Debug|Win32.ActiveCfg = Debug|Win32
		{E0B52AE7-E160-4D32-BF3F-910B785E5A8E}.Debug|Win32.Build.0 = Debug|Win32
		{E0B52AE7-E160-4D32-BF3F-910B785E5A8E}.Debug|x64.ActiveCfg = Debug|Win32
		{E0B52AE7-E160-4D32-BF3F-910B785E5A8E}.Debug|x86.ActiveCfg = Debug|Win32
		{E0B52AE7-E160-4D32-BF3F-910B785E5A8E}.Debug|x86.Build.0 = Debug|Win32
		{E0B52AE7-E160-4D32-BF3F-910B785E5A8E}.Release|Any CPU.ActiveCfg = Release|Win32
		{E0B52AE7-E160-4D32-BF3F-910B785E5A8E}.Release|ARM.ActiveCfg = Release|ARM
		{E0B52AE7-E160-4D32-BF3F-910B785E5A8E}.Release|ARM.Build.0 = Release|ARM
		{E0B52AE7-E160-4D32-BF3F-910B785E5A8E}.Release|Mixed Platforms.ActiveCfg = Release|Win32
		{E0B52AE7-E160-4D32-BF3F-910B785E5A8E}.Release|Mixed Platforms.Build.0 = Release|Win32
		{E0B52AE7-E160-4D32-BF3F-910B785E5A8E}.Release|Win32.ActiveCfg = Release|Win32
		{E0B52AE7-E160-4D32-BF3F-910B785E5A8E}.Release|Win32.Build.0 = Release|Win32
		{E0B52AE7-E160-4D32-BF3F-910B785E5A8E}.Release|x64.ActiveCfg = Release|Win32
		{E0B52AE7-E160-4D32-BF3F-910B785E5A8E}.Release|x86.ActiveCfg = Release|Win32
		{E0B52AE7-E160-4D32-BF3F-910B785E5A8E}.Release|x86.Build.0 = Release|Win32
	EndGlobalSection
	GlobalSection(SolutionProperties) = preSolution
		HideSolutionNode = FALSE
	EndGlobalSection
EndGlobal
