
Microsoft Visual Studio Solution File, Format Version 12.00
# Visual Studio 2013
VisualStudioVersion = 12.0.30110.0
MinimumVisualStudioVersion = 10.0.40219.1
Project("{FAE04EC0-301F-11D3-BF4B-00C04F79EFBC}") = "Catrobat.IDE.Tests", "Catrobat.IDE.Tests\Catrobat.IDE.Tests.csproj", "{900D7440-4758-495A-A974-081C3BEBA044}"
EndProject
Project("{FAE04EC0-301F-11D3-BF4B-00C04F79EFBC}") = "Catrobat.IDE.Core", "Catrobat.IDE.Core\Catrobat.IDE.Core.csproj", "{BCA5086E-499A-4507-AA9B-A55D7E534EF7}"
EndProject
Project("{FAE04EC0-301F-11D3-BF4B-00C04F79EFBC}") = "Catrobat.IDE.Phone", "Catrobat.IDE.Phone\Catrobat.IDE.Phone.csproj", "{6AC4FF1D-1995-4F04-B91D-4644CE964368}"
EndProject
Project("{FAE04EC0-301F-11D3-BF4B-00C04F79EFBC}") = "Catrobat.Paint.Phone", "Catrobat.Paint.Phone\Catrobat.Paint.Phone.csproj", "{39B2B796-72DF-4619-B6BA-8C98D809E5E6}"
EndProject
Project("{FAE04EC0-301F-11D3-BF4B-00C04F79EFBC}") = "Catrobat.Paint.Standalone", "Catrobat.Paint.Standalone\Catrobat.Paint.Standalone.csproj", "{D87F8BC3-FCBB-4A74-B175-9BA6554FC94F}"
EndProject
Project("{FAE04EC0-301F-11D3-BF4B-00C04F79EFBC}") = "Catrobat.Paint.Tests", "Catrobat.Paint.Tests\Catrobat.Paint.Tests.csproj", "{C8B2DF4B-A19C-4B91-969A-C8220D346513}"
EndProject
Project("{8BC9CEB8-8B4A-11D0-8D11-00A0C91BC942}") = "Catrobat.Player.Component", "Catrobat.Player.Component\Catrobat.Player.Component.vcxproj", "{A1D92942-96B3-455F-BDCC-5D32214804B6}"
EndProject
Project("{FAE04EC0-301F-11D3-BF4B-00C04F79EFBC}") = "Catrobat.Player.Phone", "Catrobat.Player.Phone\Catrobat.Player.Phone.csproj", "{60C5D6B8-9B12-458F-B1A8-7150F7B396A4}"
EndProject
Project("{8BC9CEB8-8B4A-11D0-8D11-00A0C91BC942}") = "Catrobat.Player.Phone.Tests", "Catrobat.Player.Phone.Tests\Catrobat.Player.Phone.Tests.vcxproj", "{C0CED763-9E71-4CA7-9DEF-CE037453AD52}"
EndProject
Project("{FAE04EC0-301F-11D3-BF4B-00C04F79EFBC}") = "Catrobat.IDE.Phone.Tests", "Catrobat.IDE.Phone.Tests\Catrobat.IDE.Phone.Tests.csproj", "{45D87D93-B00E-403C-8D35-609186BA2376}"
EndProject
Project("{8BC9CEB8-8B4A-11D0-8D11-00A0C91BC942}") = "Catrobat.Player.DirectXToolkit", "Catrobat.Player.DirectXToolkit\Catrobat.Player.DirectXToolkit.vcxproj", "{E0B52AE7-E160-4D32-BF3F-910B785E5A8E}"
EndProject
Global
	GlobalSection(TeamFoundationVersionControl) = preSolution
		SccNumberOfProjects = 12
		SccEnterpriseProvider = {4CA58AB2-18FA-4F8D-95D4-32DDF27D184C}
		SccTeamFoundationServer = http://catrobat.ist.tugraz.at:8080/tfs/defaultcollection
		SccLocalPath0 = .
		SccProjectUniqueName1 = Catrobat.IDE.Tests\\Catrobat.IDE.Tests.csproj
		SccProjectName1 = Catrobat.IDE.Tests
		SccLocalPath1 = Catrobat.IDE.Tests
		SccProjectUniqueName2 = Catrobat.IDE.Core\\Catrobat.IDE.Core.csproj
		SccProjectName2 = Catrobat.IDE.Core
		SccLocalPath2 = Catrobat.IDE.Core
		SccProjectUniqueName3 = Catrobat.IDE.Phone\\Catrobat.IDE.Phone.csproj
		SccProjectName3 = Catrobat.IDE.Phone
		SccLocalPath3 = Catrobat.IDE.Phone
		SccProjectUniqueName4 = Catrobat.Paint.Phone\\Catrobat.Paint.Phone.csproj
		SccProjectName4 = Catrobat.Paint.Phone
		SccLocalPath4 = Catrobat.Paint.Phone
		SccProjectUniqueName5 = Catrobat.Paint.Standalone\\Catrobat.Paint.Standalone.csproj
		SccProjectName5 = Catrobat.Paint.Standalone
		SccLocalPath5 = Catrobat.Paint.Standalone
		SccProjectUniqueName6 = Catrobat.Paint.Tests\\Catrobat.Paint.Tests.csproj
		SccProjectName6 = Catrobat.Paint.Tests
		SccLocalPath6 = Catrobat.Paint.Tests
		SccProjectUniqueName7 = Catrobat.Player.Component\\Catrobat.Player.Component.vcxproj
		SccProjectName7 = Catrobat.Player.Component
		SccLocalPath7 = Catrobat.Player.Component
		SccProjectUniqueName8 = Catrobat.Player.Phone\\Catrobat.Player.Phone.csproj
		SccProjectName8 = Catrobat.Player.Phone
		SccLocalPath8 = Catrobat.Player.Phone
		SccProjectUniqueName9 = Catrobat.Player.Phone.Tests\\Catrobat.Player.Phone.Tests.vcxproj
		SccProjectName9 = Catrobat.Player.Phone.Tests
		SccLocalPath9 = Catrobat.Player.Phone.Tests
		SccProjectUniqueName10 = Catrobat.IDE.Phone.Tests\\Catrobat.IDE.Phone.Tests.csproj
		SccProjectName10 = Catrobat.IDE.Phone.Tests
		SccLocalPath10 = Catrobat.IDE.Phone.Tests
		SccProjectUniqueName11 = Catrobat.Player.DirectXToolkit\\Catrobat.Player.DirectXToolkit.vcxproj
		SccProjectName11 = Catrobat.Player.DirectXToolkit
		SccLocalPath11 = Catrobat.Player.DirectXToolkit
	EndGlobalSection
	GlobalSection(SolutionConfigurationPlatforms) = preSolution
		Debug|Any CPU = Debug|Any CPU
		Debug|ARM = Debug|ARM
		Debug|Mixed Platforms = Debug|Mixed Platforms
		Debug|Win32 = Debug|Win32
		Debug|x86 = Debug|x86
		Release|Any CPU = Release|Any CPU
		Release|ARM = Release|ARM
		Release|Mixed Platforms = Release|Mixed Platforms
		Release|Win32 = Release|Win32
		Release|x86 = Release|x86
		TFSBuild|Any CPU = TFSBuild|Any CPU
		TFSBuild|ARM = TFSBuild|ARM
		TFSBuild|Mixed Platforms = TFSBuild|Mixed Platforms
		TFSBuild|Win32 = TFSBuild|Win32
		TFSBuild|x86 = TFSBuild|x86
	EndGlobalSection
	GlobalSection(ProjectConfigurationPlatforms) = postSolution
		{900D7440-4758-495A-A974-081C3BEBA044}.Debug|Any CPU.ActiveCfg = Debug|Any CPU
		{900D7440-4758-495A-A974-081C3BEBA044}.Debug|Any CPU.Build.0 = Debug|Any CPU
		{900D7440-4758-495A-A974-081C3BEBA044}.Debug|ARM.ActiveCfg = Debug|Any CPU
		{900D7440-4758-495A-A974-081C3BEBA044}.Debug|ARM.Build.0 = Debug|Any CPU
		{900D7440-4758-495A-A974-081C3BEBA044}.Debug|Mixed Platforms.ActiveCfg = Debug|Any CPU
		{900D7440-4758-495A-A974-081C3BEBA044}.Debug|Mixed Platforms.Build.0 = Debug|Any CPU
		{900D7440-4758-495A-A974-081C3BEBA044}.Debug|Win32.ActiveCfg = Debug|Any CPU
		{900D7440-4758-495A-A974-081C3BEBA044}.Debug|x86.ActiveCfg = Debug|Any CPU
		{900D7440-4758-495A-A974-081C3BEBA044}.Release|Any CPU.ActiveCfg = Release|Any CPU
		{900D7440-4758-495A-A974-081C3BEBA044}.Release|Any CPU.Build.0 = Release|Any CPU
		{900D7440-4758-495A-A974-081C3BEBA044}.Release|ARM.ActiveCfg = Release|Any CPU
		{900D7440-4758-495A-A974-081C3BEBA044}.Release|Mixed Platforms.ActiveCfg = Release|Any CPU
		{900D7440-4758-495A-A974-081C3BEBA044}.Release|Mixed Platforms.Build.0 = Release|Any CPU
		{900D7440-4758-495A-A974-081C3BEBA044}.Release|Win32.ActiveCfg = Release|Any CPU
		{900D7440-4758-495A-A974-081C3BEBA044}.Release|x86.ActiveCfg = Release|Any CPU
		{900D7440-4758-495A-A974-081C3BEBA044}.TFSBuild|Any CPU.ActiveCfg = TFSBuild|Any CPU
		{900D7440-4758-495A-A974-081C3BEBA044}.TFSBuild|Any CPU.Build.0 = TFSBuild|Any CPU
		{900D7440-4758-495A-A974-081C3BEBA044}.TFSBuild|ARM.ActiveCfg = TFSBuild|Any CPU
		{900D7440-4758-495A-A974-081C3BEBA044}.TFSBuild|Mixed Platforms.ActiveCfg = TFSBuild|Any CPU
		{900D7440-4758-495A-A974-081C3BEBA044}.TFSBuild|Mixed Platforms.Build.0 = TFSBuild|Any CPU
		{900D7440-4758-495A-A974-081C3BEBA044}.TFSBuild|Win32.ActiveCfg = TFSBuild|Any CPU
		{900D7440-4758-495A-A974-081C3BEBA044}.TFSBuild|x86.ActiveCfg = TFSBuild|Any CPU
		{BCA5086E-499A-4507-AA9B-A55D7E534EF7}.Debug|Any CPU.ActiveCfg = Debug|Any CPU
		{BCA5086E-499A-4507-AA9B-A55D7E534EF7}.Debug|Any CPU.Build.0 = Debug|Any CPU
		{BCA5086E-499A-4507-AA9B-A55D7E534EF7}.Debug|ARM.ActiveCfg = Debug|Any CPU
		{BCA5086E-499A-4507-AA9B-A55D7E534EF7}.Debug|ARM.Build.0 = Debug|Any CPU
		{BCA5086E-499A-4507-AA9B-A55D7E534EF7}.Debug|Mixed Platforms.ActiveCfg = Debug|Any CPU
		{BCA5086E-499A-4507-AA9B-A55D7E534EF7}.Debug|Mixed Platforms.Build.0 = Debug|Any CPU
		{BCA5086E-499A-4507-AA9B-A55D7E534EF7}.Debug|Win32.ActiveCfg = Debug|Any CPU
		{BCA5086E-499A-4507-AA9B-A55D7E534EF7}.Debug|x86.ActiveCfg = Debug|Any CPU
		{BCA5086E-499A-4507-AA9B-A55D7E534EF7}.Release|Any CPU.ActiveCfg = Release|Any CPU
		{BCA5086E-499A-4507-AA9B-A55D7E534EF7}.Release|Any CPU.Build.0 = Release|Any CPU
		{BCA5086E-499A-4507-AA9B-A55D7E534EF7}.Release|ARM.ActiveCfg = Release|Any CPU
		{BCA5086E-499A-4507-AA9B-A55D7E534EF7}.Release|Mixed Platforms.ActiveCfg = Release|Any CPU
		{BCA5086E-499A-4507-AA9B-A55D7E534EF7}.Release|Mixed Platforms.Build.0 = Release|Any CPU
		{BCA5086E-499A-4507-AA9B-A55D7E534EF7}.Release|Win32.ActiveCfg = Release|Any CPU
		{BCA5086E-499A-4507-AA9B-A55D7E534EF7}.Release|x86.ActiveCfg = Release|Any CPU
		{BCA5086E-499A-4507-AA9B-A55D7E534EF7}.TFSBuild|Any CPU.ActiveCfg = TFSBuild|Any CPU
		{BCA5086E-499A-4507-AA9B-A55D7E534EF7}.TFSBuild|Any CPU.Build.0 = TFSBuild|Any CPU
		{BCA5086E-499A-4507-AA9B-A55D7E534EF7}.TFSBuild|ARM.ActiveCfg = TFSBuild|Any CPU
		{BCA5086E-499A-4507-AA9B-A55D7E534EF7}.TFSBuild|Mixed Platforms.ActiveCfg = TFSBuild|Any CPU
		{BCA5086E-499A-4507-AA9B-A55D7E534EF7}.TFSBuild|Mixed Platforms.Build.0 = TFSBuild|Any CPU
		{BCA5086E-499A-4507-AA9B-A55D7E534EF7}.TFSBuild|Win32.ActiveCfg = TFSBuild|Any CPU
		{BCA5086E-499A-4507-AA9B-A55D7E534EF7}.TFSBuild|x86.ActiveCfg = TFSBuild|Any CPU
		{6AC4FF1D-1995-4F04-B91D-4644CE964368}.Debug|Any CPU.ActiveCfg = Debug|Any CPU
		{6AC4FF1D-1995-4F04-B91D-4644CE964368}.Debug|Any CPU.Build.0 = Debug|Any CPU
		{6AC4FF1D-1995-4F04-B91D-4644CE964368}.Debug|Any CPU.Deploy.0 = Debug|Any CPU
		{6AC4FF1D-1995-4F04-B91D-4644CE964368}.Debug|ARM.ActiveCfg = Debug|ARM
		{6AC4FF1D-1995-4F04-B91D-4644CE964368}.Debug|ARM.Build.0 = Debug|ARM
		{6AC4FF1D-1995-4F04-B91D-4644CE964368}.Debug|ARM.Deploy.0 = Debug|ARM
		{6AC4FF1D-1995-4F04-B91D-4644CE964368}.Debug|Mixed Platforms.ActiveCfg = Debug|x86
		{6AC4FF1D-1995-4F04-B91D-4644CE964368}.Debug|Mixed Platforms.Build.0 = Debug|x86
		{6AC4FF1D-1995-4F04-B91D-4644CE964368}.Debug|Mixed Platforms.Deploy.0 = Debug|x86
		{6AC4FF1D-1995-4F04-B91D-4644CE964368}.Debug|Win32.ActiveCfg = Debug|x86
		{6AC4FF1D-1995-4F04-B91D-4644CE964368}.Debug|Win32.Build.0 = Debug|x86
		{6AC4FF1D-1995-4F04-B91D-4644CE964368}.Debug|Win32.Deploy.0 = Debug|x86
		{6AC4FF1D-1995-4F04-B91D-4644CE964368}.Debug|x86.ActiveCfg = Debug|x86
		{6AC4FF1D-1995-4F04-B91D-4644CE964368}.Debug|x86.Build.0 = Debug|x86
		{6AC4FF1D-1995-4F04-B91D-4644CE964368}.Debug|x86.Deploy.0 = Debug|x86
		{6AC4FF1D-1995-4F04-B91D-4644CE964368}.Release|Any CPU.ActiveCfg = Release|Any CPU
		{6AC4FF1D-1995-4F04-B91D-4644CE964368}.Release|Any CPU.Build.0 = Release|Any CPU
		{6AC4FF1D-1995-4F04-B91D-4644CE964368}.Release|Any CPU.Deploy.0 = Release|Any CPU
		{6AC4FF1D-1995-4F04-B91D-4644CE964368}.Release|ARM.ActiveCfg = Release|ARM
		{6AC4FF1D-1995-4F04-B91D-4644CE964368}.Release|ARM.Build.0 = Release|ARM
		{6AC4FF1D-1995-4F04-B91D-4644CE964368}.Release|ARM.Deploy.0 = Release|ARM
		{6AC4FF1D-1995-4F04-B91D-4644CE964368}.Release|Mixed Platforms.ActiveCfg = Release|x86
		{6AC4FF1D-1995-4F04-B91D-4644CE964368}.Release|Mixed Platforms.Build.0 = Release|x86
		{6AC4FF1D-1995-4F04-B91D-4644CE964368}.Release|Mixed Platforms.Deploy.0 = Release|x86
		{6AC4FF1D-1995-4F04-B91D-4644CE964368}.Release|Win32.ActiveCfg = Release|x86
		{6AC4FF1D-1995-4F04-B91D-4644CE964368}.Release|Win32.Build.0 = Release|x86
		{6AC4FF1D-1995-4F04-B91D-4644CE964368}.Release|Win32.Deploy.0 = Release|x86
		{6AC4FF1D-1995-4F04-B91D-4644CE964368}.Release|x86.ActiveCfg = Release|x86
		{6AC4FF1D-1995-4F04-B91D-4644CE964368}.Release|x86.Build.0 = Release|x86
		{6AC4FF1D-1995-4F04-B91D-4644CE964368}.Release|x86.Deploy.0 = Release|x86
		{6AC4FF1D-1995-4F04-B91D-4644CE964368}.TFSBuild|Any CPU.ActiveCfg = TFSBuild|Any CPU
		{6AC4FF1D-1995-4F04-B91D-4644CE964368}.TFSBuild|Any CPU.Build.0 = TFSBuild|Any CPU
		{6AC4FF1D-1995-4F04-B91D-4644CE964368}.TFSBuild|Any CPU.Deploy.0 = TFSBuild|Any CPU
		{6AC4FF1D-1995-4F04-B91D-4644CE964368}.TFSBuild|ARM.ActiveCfg = TFSBuild|ARM
		{6AC4FF1D-1995-4F04-B91D-4644CE964368}.TFSBuild|ARM.Build.0 = TFSBuild|ARM
		{6AC4FF1D-1995-4F04-B91D-4644CE964368}.TFSBuild|ARM.Deploy.0 = TFSBuild|ARM
		{6AC4FF1D-1995-4F04-B91D-4644CE964368}.TFSBuild|Mixed Platforms.ActiveCfg = TFSBuild|x86
		{6AC4FF1D-1995-4F04-B91D-4644CE964368}.TFSBuild|Mixed Platforms.Build.0 = TFSBuild|x86
		{6AC4FF1D-1995-4F04-B91D-4644CE964368}.TFSBuild|Mixed Platforms.Deploy.0 = TFSBuild|x86
		{6AC4FF1D-1995-4F04-B91D-4644CE964368}.TFSBuild|Win32.ActiveCfg = TFSBuild|x86
		{6AC4FF1D-1995-4F04-B91D-4644CE964368}.TFSBuild|Win32.Build.0 = TFSBuild|x86
		{6AC4FF1D-1995-4F04-B91D-4644CE964368}.TFSBuild|Win32.Deploy.0 = TFSBuild|x86
		{6AC4FF1D-1995-4F04-B91D-4644CE964368}.TFSBuild|x86.ActiveCfg = TFSBuild|x86
		{6AC4FF1D-1995-4F04-B91D-4644CE964368}.TFSBuild|x86.Build.0 = TFSBuild|x86
		{6AC4FF1D-1995-4F04-B91D-4644CE964368}.TFSBuild|x86.Deploy.0 = TFSBuild|x86
		{39B2B796-72DF-4619-B6BA-8C98D809E5E6}.Debug|Any CPU.ActiveCfg = Debug|Any CPU
		{39B2B796-72DF-4619-B6BA-8C98D809E5E6}.Debug|Any CPU.Build.0 = Debug|Any CPU
		{39B2B796-72DF-4619-B6BA-8C98D809E5E6}.Debug|ARM.ActiveCfg = Debug|ARM
		{39B2B796-72DF-4619-B6BA-8C98D809E5E6}.Debug|ARM.Build.0 = Debug|ARM
		{39B2B796-72DF-4619-B6BA-8C98D809E5E6}.Debug|Mixed Platforms.ActiveCfg = Debug|x86
		{39B2B796-72DF-4619-B6BA-8C98D809E5E6}.Debug|Mixed Platforms.Build.0 = Debug|x86
		{39B2B796-72DF-4619-B6BA-8C98D809E5E6}.Debug|Win32.ActiveCfg = Debug|x86
		{39B2B796-72DF-4619-B6BA-8C98D809E5E6}.Debug|Win32.Build.0 = Debug|x86
		{39B2B796-72DF-4619-B6BA-8C98D809E5E6}.Debug|x86.ActiveCfg = Debug|x86
		{39B2B796-72DF-4619-B6BA-8C98D809E5E6}.Debug|x86.Build.0 = Debug|x86
		{39B2B796-72DF-4619-B6BA-8C98D809E5E6}.Release|Any CPU.ActiveCfg = Release|Any CPU
		{39B2B796-72DF-4619-B6BA-8C98D809E5E6}.Release|Any CPU.Build.0 = Release|Any CPU
		{39B2B796-72DF-4619-B6BA-8C98D809E5E6}.Release|ARM.ActiveCfg = Release|ARM
		{39B2B796-72DF-4619-B6BA-8C98D809E5E6}.Release|ARM.Build.0 = Release|ARM
		{39B2B796-72DF-4619-B6BA-8C98D809E5E6}.Release|Mixed Platforms.ActiveCfg = Release|x86
		{39B2B796-72DF-4619-B6BA-8C98D809E5E6}.Release|Mixed Platforms.Build.0 = Release|x86
		{39B2B796-72DF-4619-B6BA-8C98D809E5E6}.Release|Win32.ActiveCfg = Release|x86
		{39B2B796-72DF-4619-B6BA-8C98D809E5E6}.Release|Win32.Build.0 = Release|x86
		{39B2B796-72DF-4619-B6BA-8C98D809E5E6}.Release|x86.ActiveCfg = Release|x86
		{39B2B796-72DF-4619-B6BA-8C98D809E5E6}.Release|x86.Build.0 = Release|x86
		{39B2B796-72DF-4619-B6BA-8C98D809E5E6}.TFSBuild|Any CPU.ActiveCfg = TFSBuild|Any CPU
		{39B2B796-72DF-4619-B6BA-8C98D809E5E6}.TFSBuild|Any CPU.Build.0 = TFSBuild|Any CPU
		{39B2B796-72DF-4619-B6BA-8C98D809E5E6}.TFSBuild|ARM.ActiveCfg = TFSBuild|ARM
		{39B2B796-72DF-4619-B6BA-8C98D809E5E6}.TFSBuild|ARM.Build.0 = TFSBuild|ARM
		{39B2B796-72DF-4619-B6BA-8C98D809E5E6}.TFSBuild|Mixed Platforms.ActiveCfg = TFSBuild|x86
		{39B2B796-72DF-4619-B6BA-8C98D809E5E6}.TFSBuild|Mixed Platforms.Build.0 = TFSBuild|x86
		{39B2B796-72DF-4619-B6BA-8C98D809E5E6}.TFSBuild|Win32.ActiveCfg = TFSBuild|x86
		{39B2B796-72DF-4619-B6BA-8C98D809E5E6}.TFSBuild|Win32.Build.0 = TFSBuild|x86
		{39B2B796-72DF-4619-B6BA-8C98D809E5E6}.TFSBuild|x86.ActiveCfg = TFSBuild|x86
		{39B2B796-72DF-4619-B6BA-8C98D809E5E6}.TFSBuild|x86.Build.0 = TFSBuild|x86
		{D87F8BC3-FCBB-4A74-B175-9BA6554FC94F}.Debug|Any CPU.ActiveCfg = Debug|Any CPU
		{D87F8BC3-FCBB-4A74-B175-9BA6554FC94F}.Debug|Any CPU.Build.0 = Debug|Any CPU
		{D87F8BC3-FCBB-4A74-B175-9BA6554FC94F}.Debug|Any CPU.Deploy.0 = Debug|Any CPU
		{D87F8BC3-FCBB-4A74-B175-9BA6554FC94F}.Debug|ARM.ActiveCfg = Debug|ARM
		{D87F8BC3-FCBB-4A74-B175-9BA6554FC94F}.Debug|ARM.Build.0 = Debug|ARM
		{D87F8BC3-FCBB-4A74-B175-9BA6554FC94F}.Debug|ARM.Deploy.0 = Debug|ARM
		{D87F8BC3-FCBB-4A74-B175-9BA6554FC94F}.Debug|Mixed Platforms.ActiveCfg = Debug|x86
		{D87F8BC3-FCBB-4A74-B175-9BA6554FC94F}.Debug|Mixed Platforms.Build.0 = Debug|x86
		{D87F8BC3-FCBB-4A74-B175-9BA6554FC94F}.Debug|Mixed Platforms.Deploy.0 = Debug|x86
		{D87F8BC3-FCBB-4A74-B175-9BA6554FC94F}.Debug|Win32.ActiveCfg = Debug|x86
		{D87F8BC3-FCBB-4A74-B175-9BA6554FC94F}.Debug|Win32.Build.0 = Debug|x86
		{D87F8BC3-FCBB-4A74-B175-9BA6554FC94F}.Debug|Win32.Deploy.0 = Debug|x86
		{D87F8BC3-FCBB-4A74-B175-9BA6554FC94F}.Debug|x86.ActiveCfg = Debug|x86
		{D87F8BC3-FCBB-4A74-B175-9BA6554FC94F}.Debug|x86.Build.0 = Debug|x86
		{D87F8BC3-FCBB-4A74-B175-9BA6554FC94F}.Debug|x86.Deploy.0 = Debug|x86
		{D87F8BC3-FCBB-4A74-B175-9BA6554FC94F}.Release|Any CPU.ActiveCfg = Release|Any CPU
		{D87F8BC3-FCBB-4A74-B175-9BA6554FC94F}.Release|Any CPU.Build.0 = Release|Any CPU
		{D87F8BC3-FCBB-4A74-B175-9BA6554FC94F}.Release|Any CPU.Deploy.0 = Release|Any CPU
		{D87F8BC3-FCBB-4A74-B175-9BA6554FC94F}.Release|ARM.ActiveCfg = Release|ARM
		{D87F8BC3-FCBB-4A74-B175-9BA6554FC94F}.Release|ARM.Build.0 = Release|ARM
		{D87F8BC3-FCBB-4A74-B175-9BA6554FC94F}.Release|ARM.Deploy.0 = Release|ARM
		{D87F8BC3-FCBB-4A74-B175-9BA6554FC94F}.Release|Mixed Platforms.ActiveCfg = Release|x86
		{D87F8BC3-FCBB-4A74-B175-9BA6554FC94F}.Release|Mixed Platforms.Build.0 = Release|x86
		{D87F8BC3-FCBB-4A74-B175-9BA6554FC94F}.Release|Mixed Platforms.Deploy.0 = Release|x86
		{D87F8BC3-FCBB-4A74-B175-9BA6554FC94F}.Release|Win32.ActiveCfg = Release|x86
		{D87F8BC3-FCBB-4A74-B175-9BA6554FC94F}.Release|Win32.Build.0 = Release|x86
		{D87F8BC3-FCBB-4A74-B175-9BA6554FC94F}.Release|Win32.Deploy.0 = Release|x86
		{D87F8BC3-FCBB-4A74-B175-9BA6554FC94F}.Release|x86.ActiveCfg = Release|x86
		{D87F8BC3-FCBB-4A74-B175-9BA6554FC94F}.Release|x86.Build.0 = Release|x86
		{D87F8BC3-FCBB-4A74-B175-9BA6554FC94F}.Release|x86.Deploy.0 = Release|x86
		{D87F8BC3-FCBB-4A74-B175-9BA6554FC94F}.TFSBuild|Any CPU.ActiveCfg = TFSBuild|Any CPU
		{D87F8BC3-FCBB-4A74-B175-9BA6554FC94F}.TFSBuild|Any CPU.Build.0 = TFSBuild|Any CPU
		{D87F8BC3-FCBB-4A74-B175-9BA6554FC94F}.TFSBuild|Any CPU.Deploy.0 = TFSBuild|Any CPU
		{D87F8BC3-FCBB-4A74-B175-9BA6554FC94F}.TFSBuild|ARM.ActiveCfg = TFSBuild|ARM
		{D87F8BC3-FCBB-4A74-B175-9BA6554FC94F}.TFSBuild|ARM.Build.0 = TFSBuild|ARM
		{D87F8BC3-FCBB-4A74-B175-9BA6554FC94F}.TFSBuild|ARM.Deploy.0 = TFSBuild|ARM
		{D87F8BC3-FCBB-4A74-B175-9BA6554FC94F}.TFSBuild|Mixed Platforms.ActiveCfg = TFSBuild|x86
		{D87F8BC3-FCBB-4A74-B175-9BA6554FC94F}.TFSBuild|Mixed Platforms.Build.0 = TFSBuild|x86
		{D87F8BC3-FCBB-4A74-B175-9BA6554FC94F}.TFSBuild|Mixed Platforms.Deploy.0 = TFSBuild|x86
		{D87F8BC3-FCBB-4A74-B175-9BA6554FC94F}.TFSBuild|Win32.ActiveCfg = TFSBuild|x86
		{D87F8BC3-FCBB-4A74-B175-9BA6554FC94F}.TFSBuild|Win32.Build.0 = TFSBuild|x86
		{D87F8BC3-FCBB-4A74-B175-9BA6554FC94F}.TFSBuild|Win32.Deploy.0 = TFSBuild|x86
		{D87F8BC3-FCBB-4A74-B175-9BA6554FC94F}.TFSBuild|x86.ActiveCfg = TFSBuild|x86
		{D87F8BC3-FCBB-4A74-B175-9BA6554FC94F}.TFSBuild|x86.Build.0 = TFSBuild|x86
		{D87F8BC3-FCBB-4A74-B175-9BA6554FC94F}.TFSBuild|x86.Deploy.0 = TFSBuild|x86
		{C8B2DF4B-A19C-4B91-969A-C8220D346513}.Debug|Any CPU.ActiveCfg = Debug|x86
		{C8B2DF4B-A19C-4B91-969A-C8220D346513}.Debug|ARM.ActiveCfg = Debug|ARM
		{C8B2DF4B-A19C-4B91-969A-C8220D346513}.Debug|ARM.Build.0 = Debug|ARM
		{C8B2DF4B-A19C-4B91-969A-C8220D346513}.Debug|ARM.Deploy.0 = Debug|ARM
		{C8B2DF4B-A19C-4B91-969A-C8220D346513}.Debug|Mixed Platforms.ActiveCfg = Debug|x86
		{C8B2DF4B-A19C-4B91-969A-C8220D346513}.Debug|Mixed Platforms.Build.0 = Debug|x86
		{C8B2DF4B-A19C-4B91-969A-C8220D346513}.Debug|Mixed Platforms.Deploy.0 = Debug|x86
		{C8B2DF4B-A19C-4B91-969A-C8220D346513}.Debug|Win32.ActiveCfg = Debug|x86
		{C8B2DF4B-A19C-4B91-969A-C8220D346513}.Debug|Win32.Build.0 = Debug|x86
		{C8B2DF4B-A19C-4B91-969A-C8220D346513}.Debug|Win32.Deploy.0 = Debug|x86
		{C8B2DF4B-A19C-4B91-969A-C8220D346513}.Debug|x86.ActiveCfg = Debug|x86
		{C8B2DF4B-A19C-4B91-969A-C8220D346513}.Debug|x86.Build.0 = Debug|x86
		{C8B2DF4B-A19C-4B91-969A-C8220D346513}.Debug|x86.Deploy.0 = Debug|x86
		{C8B2DF4B-A19C-4B91-969A-C8220D346513}.Release|Any CPU.ActiveCfg = Release|x86
		{C8B2DF4B-A19C-4B91-969A-C8220D346513}.Release|ARM.ActiveCfg = Release|ARM
		{C8B2DF4B-A19C-4B91-969A-C8220D346513}.Release|ARM.Build.0 = Release|ARM
		{C8B2DF4B-A19C-4B91-969A-C8220D346513}.Release|ARM.Deploy.0 = Release|ARM
		{C8B2DF4B-A19C-4B91-969A-C8220D346513}.Release|Mixed Platforms.ActiveCfg = Release|x86
		{C8B2DF4B-A19C-4B91-969A-C8220D346513}.Release|Mixed Platforms.Build.0 = Release|x86
		{C8B2DF4B-A19C-4B91-969A-C8220D346513}.Release|Mixed Platforms.Deploy.0 = Release|x86
		{C8B2DF4B-A19C-4B91-969A-C8220D346513}.Release|Win32.ActiveCfg = Release|x86
		{C8B2DF4B-A19C-4B91-969A-C8220D346513}.Release|Win32.Build.0 = Release|x86
		{C8B2DF4B-A19C-4B91-969A-C8220D346513}.Release|Win32.Deploy.0 = Release|x86
		{C8B2DF4B-A19C-4B91-969A-C8220D346513}.Release|x86.ActiveCfg = Release|x86
		{C8B2DF4B-A19C-4B91-969A-C8220D346513}.Release|x86.Build.0 = Release|x86
		{C8B2DF4B-A19C-4B91-969A-C8220D346513}.Release|x86.Deploy.0 = Release|x86
		{C8B2DF4B-A19C-4B91-969A-C8220D346513}.TFSBuild|Any CPU.ActiveCfg = TFSBuild|x86
		{C8B2DF4B-A19C-4B91-969A-C8220D346513}.TFSBuild|ARM.ActiveCfg = TFSBuild|ARM
		{C8B2DF4B-A19C-4B91-969A-C8220D346513}.TFSBuild|ARM.Build.0 = TFSBuild|ARM
		{C8B2DF4B-A19C-4B91-969A-C8220D346513}.TFSBuild|ARM.Deploy.0 = TFSBuild|ARM
		{C8B2DF4B-A19C-4B91-969A-C8220D346513}.TFSBuild|Mixed Platforms.ActiveCfg = TFSBuild|x86
		{C8B2DF4B-A19C-4B91-969A-C8220D346513}.TFSBuild|Mixed Platforms.Build.0 = TFSBuild|x86
		{C8B2DF4B-A19C-4B91-969A-C8220D346513}.TFSBuild|Mixed Platforms.Deploy.0 = TFSBuild|x86
		{C8B2DF4B-A19C-4B91-969A-C8220D346513}.TFSBuild|Win32.ActiveCfg = TFSBuild|x86
		{C8B2DF4B-A19C-4B91-969A-C8220D346513}.TFSBuild|Win32.Build.0 = TFSBuild|x86
		{C8B2DF4B-A19C-4B91-969A-C8220D346513}.TFSBuild|Win32.Deploy.0 = TFSBuild|x86
		{C8B2DF4B-A19C-4B91-969A-C8220D346513}.TFSBuild|x86.ActiveCfg = TFSBuild|x86
		{C8B2DF4B-A19C-4B91-969A-C8220D346513}.TFSBuild|x86.Build.0 = TFSBuild|x86
		{C8B2DF4B-A19C-4B91-969A-C8220D346513}.TFSBuild|x86.Deploy.0 = TFSBuild|x86
		{A1D92942-96B3-455F-BDCC-5D32214804B6}.Debug|Any CPU.ActiveCfg = Debug|Win32
		{A1D92942-96B3-455F-BDCC-5D32214804B6}.Debug|ARM.ActiveCfg = Debug|ARM
		{A1D92942-96B3-455F-BDCC-5D32214804B6}.Debug|ARM.Build.0 = Debug|ARM
		{A1D92942-96B3-455F-BDCC-5D32214804B6}.Debug|Mixed Platforms.ActiveCfg = Debug|Win32
		{A1D92942-96B3-455F-BDCC-5D32214804B6}.Debug|Mixed Platforms.Build.0 = Debug|Win32
		{A1D92942-96B3-455F-BDCC-5D32214804B6}.Debug|Win32.ActiveCfg = Debug|Win32
		{A1D92942-96B3-455F-BDCC-5D32214804B6}.Debug|Win32.Build.0 = Debug|Win32
		{A1D92942-96B3-455F-BDCC-5D32214804B6}.Debug|x86.ActiveCfg = Debug|Win32
		{A1D92942-96B3-455F-BDCC-5D32214804B6}.Debug|x86.Build.0 = Debug|Win32
		{A1D92942-96B3-455F-BDCC-5D32214804B6}.Release|Any CPU.ActiveCfg = Release|Win32
		{A1D92942-96B3-455F-BDCC-5D32214804B6}.Release|ARM.ActiveCfg = Release|ARM
		{A1D92942-96B3-455F-BDCC-5D32214804B6}.Release|ARM.Build.0 = Release|ARM
		{A1D92942-96B3-455F-BDCC-5D32214804B6}.Release|Mixed Platforms.ActiveCfg = Release|Win32
		{A1D92942-96B3-455F-BDCC-5D32214804B6}.Release|Mixed Platforms.Build.0 = Release|Win32
		{A1D92942-96B3-455F-BDCC-5D32214804B6}.Release|Win32.ActiveCfg = Release|Win32
		{A1D92942-96B3-455F-BDCC-5D32214804B6}.Release|Win32.Build.0 = Release|Win32
		{A1D92942-96B3-455F-BDCC-5D32214804B6}.Release|x86.ActiveCfg = Release|Win32
		{A1D92942-96B3-455F-BDCC-5D32214804B6}.Release|x86.Build.0 = Release|Win32
		{A1D92942-96B3-455F-BDCC-5D32214804B6}.TFSBuild|Any CPU.ActiveCfg = TFSBuild|Win32
		{A1D92942-96B3-455F-BDCC-5D32214804B6}.TFSBuild|ARM.ActiveCfg = TFSBuild|ARM
		{A1D92942-96B3-455F-BDCC-5D32214804B6}.TFSBuild|ARM.Build.0 = TFSBuild|ARM
		{A1D92942-96B3-455F-BDCC-5D32214804B6}.TFSBuild|Mixed Platforms.ActiveCfg = TFSBuild|Win32
		{A1D92942-96B3-455F-BDCC-5D32214804B6}.TFSBuild|Mixed Platforms.Build.0 = TFSBuild|Win32
		{A1D92942-96B3-455F-BDCC-5D32214804B6}.TFSBuild|Win32.ActiveCfg = TFSBuild|Win32
		{A1D92942-96B3-455F-BDCC-5D32214804B6}.TFSBuild|Win32.Build.0 = TFSBuild|Win32
		{A1D92942-96B3-455F-BDCC-5D32214804B6}.TFSBuild|x86.ActiveCfg = TFSBuild|Win32
		{A1D92942-96B3-455F-BDCC-5D32214804B6}.TFSBuild|x86.Build.0 = TFSBuild|Win32
		{60C5D6B8-9B12-458F-B1A8-7150F7B396A4}.Debug|Any CPU.ActiveCfg = Debug|Any CPU
		{60C5D6B8-9B12-458F-B1A8-7150F7B396A4}.Debug|Any CPU.Build.0 = Debug|Any CPU
		{60C5D6B8-9B12-458F-B1A8-7150F7B396A4}.Debug|Any CPU.Deploy.0 = Debug|Any CPU
		{60C5D6B8-9B12-458F-B1A8-7150F7B396A4}.Debug|ARM.ActiveCfg = Debug|ARM
		{60C5D6B8-9B12-458F-B1A8-7150F7B396A4}.Debug|ARM.Build.0 = Debug|ARM
		{60C5D6B8-9B12-458F-B1A8-7150F7B396A4}.Debug|ARM.Deploy.0 = Debug|ARM
		{60C5D6B8-9B12-458F-B1A8-7150F7B396A4}.Debug|Mixed Platforms.ActiveCfg = Debug|x86
		{60C5D6B8-9B12-458F-B1A8-7150F7B396A4}.Debug|Mixed Platforms.Build.0 = Debug|x86
		{60C5D6B8-9B12-458F-B1A8-7150F7B396A4}.Debug|Mixed Platforms.Deploy.0 = Debug|x86
		{60C5D6B8-9B12-458F-B1A8-7150F7B396A4}.Debug|Win32.ActiveCfg = Debug|x86
		{60C5D6B8-9B12-458F-B1A8-7150F7B396A4}.Debug|Win32.Build.0 = Debug|x86
		{60C5D6B8-9B12-458F-B1A8-7150F7B396A4}.Debug|Win32.Deploy.0 = Debug|x86
		{60C5D6B8-9B12-458F-B1A8-7150F7B396A4}.Debug|x86.ActiveCfg = Debug|x86
		{60C5D6B8-9B12-458F-B1A8-7150F7B396A4}.Debug|x86.Build.0 = Debug|x86
		{60C5D6B8-9B12-458F-B1A8-7150F7B396A4}.Debug|x86.Deploy.0 = Debug|x86
		{60C5D6B8-9B12-458F-B1A8-7150F7B396A4}.Release|Any CPU.ActiveCfg = Release|Any CPU
		{60C5D6B8-9B12-458F-B1A8-7150F7B396A4}.Release|Any CPU.Build.0 = Release|Any CPU
		{60C5D6B8-9B12-458F-B1A8-7150F7B396A4}.Release|Any CPU.Deploy.0 = Release|Any CPU
		{60C5D6B8-9B12-458F-B1A8-7150F7B396A4}.Release|ARM.ActiveCfg = Release|ARM
		{60C5D6B8-9B12-458F-B1A8-7150F7B396A4}.Release|ARM.Build.0 = Release|ARM
		{60C5D6B8-9B12-458F-B1A8-7150F7B396A4}.Release|ARM.Deploy.0 = Release|ARM
		{60C5D6B8-9B12-458F-B1A8-7150F7B396A4}.Release|Mixed Platforms.ActiveCfg = Release|x86
		{60C5D6B8-9B12-458F-B1A8-7150F7B396A4}.Release|Mixed Platforms.Build.0 = Release|x86
		{60C5D6B8-9B12-458F-B1A8-7150F7B396A4}.Release|Mixed Platforms.Deploy.0 = Release|x86
		{60C5D6B8-9B12-458F-B1A8-7150F7B396A4}.Release|Win32.ActiveCfg = Release|x86
		{60C5D6B8-9B12-458F-B1A8-7150F7B396A4}.Release|Win32.Build.0 = Release|x86
		{60C5D6B8-9B12-458F-B1A8-7150F7B396A4}.Release|Win32.Deploy.0 = Release|x86
		{60C5D6B8-9B12-458F-B1A8-7150F7B396A4}.Release|x86.ActiveCfg = Release|x86
		{60C5D6B8-9B12-458F-B1A8-7150F7B396A4}.Release|x86.Build.0 = Release|x86
		{60C5D6B8-9B12-458F-B1A8-7150F7B396A4}.Release|x86.Deploy.0 = Release|x86
		{60C5D6B8-9B12-458F-B1A8-7150F7B396A4}.TFSBuild|Any CPU.ActiveCfg = TFSBuild|Any CPU
		{60C5D6B8-9B12-458F-B1A8-7150F7B396A4}.TFSBuild|Any CPU.Build.0 = TFSBuild|Any CPU
		{60C5D6B8-9B12-458F-B1A8-7150F7B396A4}.TFSBuild|Any CPU.Deploy.0 = TFSBuild|Any CPU
		{60C5D6B8-9B12-458F-B1A8-7150F7B396A4}.TFSBuild|ARM.ActiveCfg = TFSBuild|ARM
		{60C5D6B8-9B12-458F-B1A8-7150F7B396A4}.TFSBuild|ARM.Build.0 = TFSBuild|ARM
		{60C5D6B8-9B12-458F-B1A8-7150F7B396A4}.TFSBuild|ARM.Deploy.0 = TFSBuild|ARM
		{60C5D6B8-9B12-458F-B1A8-7150F7B396A4}.TFSBuild|Mixed Platforms.ActiveCfg = TFSBuild|x86
		{60C5D6B8-9B12-458F-B1A8-7150F7B396A4}.TFSBuild|Mixed Platforms.Build.0 = TFSBuild|x86
		{60C5D6B8-9B12-458F-B1A8-7150F7B396A4}.TFSBuild|Mixed Platforms.Deploy.0 = TFSBuild|x86
		{60C5D6B8-9B12-458F-B1A8-7150F7B396A4}.TFSBuild|Win32.ActiveCfg = TFSBuild|x86
		{60C5D6B8-9B12-458F-B1A8-7150F7B396A4}.TFSBuild|Win32.Build.0 = TFSBuild|x86
		{60C5D6B8-9B12-458F-B1A8-7150F7B396A4}.TFSBuild|Win32.Deploy.0 = TFSBuild|x86
		{60C5D6B8-9B12-458F-B1A8-7150F7B396A4}.TFSBuild|x86.ActiveCfg = TFSBuild|x86
		{60C5D6B8-9B12-458F-B1A8-7150F7B396A4}.TFSBuild|x86.Build.0 = TFSBuild|x86
		{60C5D6B8-9B12-458F-B1A8-7150F7B396A4}.TFSBuild|x86.Deploy.0 = TFSBuild|x86
		{C0CED763-9E71-4CA7-9DEF-CE037453AD52}.Debug|Any CPU.ActiveCfg = Debug|Win32
		{C0CED763-9E71-4CA7-9DEF-CE037453AD52}.Debug|ARM.ActiveCfg = Debug|ARM
		{C0CED763-9E71-4CA7-9DEF-CE037453AD52}.Debug|ARM.Build.0 = Debug|ARM
		{C0CED763-9E71-4CA7-9DEF-CE037453AD52}.Debug|Mixed Platforms.ActiveCfg = Debug|Win32
		{C0CED763-9E71-4CA7-9DEF-CE037453AD52}.Debug|Mixed Platforms.Build.0 = Debug|Win32
		{C0CED763-9E71-4CA7-9DEF-CE037453AD52}.Debug|Win32.ActiveCfg = Debug|Win32
		{C0CED763-9E71-4CA7-9DEF-CE037453AD52}.Debug|Win32.Build.0 = Debug|Win32
		{C0CED763-9E71-4CA7-9DEF-CE037453AD52}.Debug|x86.ActiveCfg = Debug|Win32
		{C0CED763-9E71-4CA7-9DEF-CE037453AD52}.Debug|x86.Build.0 = Debug|Win32
		{C0CED763-9E71-4CA7-9DEF-CE037453AD52}.Release|Any CPU.ActiveCfg = Release|Win32
		{C0CED763-9E71-4CA7-9DEF-CE037453AD52}.Release|ARM.ActiveCfg = Release|ARM
		{C0CED763-9E71-4CA7-9DEF-CE037453AD52}.Release|ARM.Build.0 = Release|ARM
		{C0CED763-9E71-4CA7-9DEF-CE037453AD52}.Release|Mixed Platforms.ActiveCfg = Release|Win32
		{C0CED763-9E71-4CA7-9DEF-CE037453AD52}.Release|Mixed Platforms.Build.0 = Release|Win32
		{C0CED763-9E71-4CA7-9DEF-CE037453AD52}.Release|Win32.ActiveCfg = Release|Win32
		{C0CED763-9E71-4CA7-9DEF-CE037453AD52}.Release|Win32.Build.0 = Release|Win32
		{C0CED763-9E71-4CA7-9DEF-CE037453AD52}.Release|x86.ActiveCfg = Release|Win32
		{C0CED763-9E71-4CA7-9DEF-CE037453AD52}.Release|x86.Build.0 = Release|Win32
		{C0CED763-9E71-4CA7-9DEF-CE037453AD52}.TFSBuild|Any CPU.ActiveCfg = TFSBuild|Win32
		{C0CED763-9E71-4CA7-9DEF-CE037453AD52}.TFSBuild|ARM.ActiveCfg = TFSBuild|ARM
		{C0CED763-9E71-4CA7-9DEF-CE037453AD52}.TFSBuild|ARM.Build.0 = TFSBuild|ARM
		{C0CED763-9E71-4CA7-9DEF-CE037453AD52}.TFSBuild|Mixed Platforms.ActiveCfg = TFSBuild|Win32
		{C0CED763-9E71-4CA7-9DEF-CE037453AD52}.TFSBuild|Mixed Platforms.Build.0 = TFSBuild|Win32
		{C0CED763-9E71-4CA7-9DEF-CE037453AD52}.TFSBuild|Win32.ActiveCfg = TFSBuild|Win32
		{C0CED763-9E71-4CA7-9DEF-CE037453AD52}.TFSBuild|Win32.Build.0 = TFSBuild|Win32
		{C0CED763-9E71-4CA7-9DEF-CE037453AD52}.TFSBuild|x86.ActiveCfg = TFSBuild|Win32
		{C0CED763-9E71-4CA7-9DEF-CE037453AD52}.TFSBuild|x86.Build.0 = TFSBuild|Win32
		{45D87D93-B00E-403C-8D35-609186BA2376}.Debug|Any CPU.ActiveCfg = Debug|x86
		{45D87D93-B00E-403C-8D35-609186BA2376}.Debug|ARM.ActiveCfg = Debug|ARM
		{45D87D93-B00E-403C-8D35-609186BA2376}.Debug|ARM.Build.0 = Debug|ARM
		{45D87D93-B00E-403C-8D35-609186BA2376}.Debug|ARM.Deploy.0 = Debug|ARM
		{45D87D93-B00E-403C-8D35-609186BA2376}.Debug|Mixed Platforms.ActiveCfg = Debug|x86
		{45D87D93-B00E-403C-8D35-609186BA2376}.Debug|Mixed Platforms.Build.0 = Debug|x86
		{45D87D93-B00E-403C-8D35-609186BA2376}.Debug|Mixed Platforms.Deploy.0 = Debug|x86
		{45D87D93-B00E-403C-8D35-609186BA2376}.Debug|Win32.ActiveCfg = Debug|x86
		{45D87D93-B00E-403C-8D35-609186BA2376}.Debug|Win32.Build.0 = Debug|x86
		{45D87D93-B00E-403C-8D35-609186BA2376}.Debug|Win32.Deploy.0 = Debug|x86
		{45D87D93-B00E-403C-8D35-609186BA2376}.Debug|x86.ActiveCfg = Debug|x86
		{45D87D93-B00E-403C-8D35-609186BA2376}.Debug|x86.Build.0 = Debug|x86
		{45D87D93-B00E-403C-8D35-609186BA2376}.Debug|x86.Deploy.0 = Debug|x86
		{45D87D93-B00E-403C-8D35-609186BA2376}.Release|Any CPU.ActiveCfg = Release|x86
		{45D87D93-B00E-403C-8D35-609186BA2376}.Release|ARM.ActiveCfg = Release|ARM
		{45D87D93-B00E-403C-8D35-609186BA2376}.Release|ARM.Build.0 = Release|ARM
		{45D87D93-B00E-403C-8D35-609186BA2376}.Release|ARM.Deploy.0 = Release|ARM
		{45D87D93-B00E-403C-8D35-609186BA2376}.Release|Mixed Platforms.ActiveCfg = Release|x86
		{45D87D93-B00E-403C-8D35-609186BA2376}.Release|Mixed Platforms.Build.0 = Release|x86
		{45D87D93-B00E-403C-8D35-609186BA2376}.Release|Mixed Platforms.Deploy.0 = Release|x86
		{45D87D93-B00E-403C-8D35-609186BA2376}.Release|Win32.ActiveCfg = Release|x86
		{45D87D93-B00E-403C-8D35-609186BA2376}.Release|Win32.Build.0 = Release|x86
		{45D87D93-B00E-403C-8D35-609186BA2376}.Release|Win32.Deploy.0 = Release|x86
		{45D87D93-B00E-403C-8D35-609186BA2376}.Release|x86.ActiveCfg = Release|x86
		{45D87D93-B00E-403C-8D35-609186BA2376}.Release|x86.Build.0 = Release|x86
		{45D87D93-B00E-403C-8D35-609186BA2376}.Release|x86.Deploy.0 = Release|x86
		{45D87D93-B00E-403C-8D35-609186BA2376}.TFSBuild|Any CPU.ActiveCfg = TFSBuild|x86
		{45D87D93-B00E-403C-8D35-609186BA2376}.TFSBuild|ARM.ActiveCfg = TFSBuild|ARM
		{45D87D93-B00E-403C-8D35-609186BA2376}.TFSBuild|ARM.Build.0 = TFSBuild|ARM
		{45D87D93-B00E-403C-8D35-609186BA2376}.TFSBuild|ARM.Deploy.0 = TFSBuild|ARM
		{45D87D93-B00E-403C-8D35-609186BA2376}.TFSBuild|Mixed Platforms.ActiveCfg = TFSBuild|x86
		{45D87D93-B00E-403C-8D35-609186BA2376}.TFSBuild|Mixed Platforms.Build.0 = TFSBuild|x86
		{45D87D93-B00E-403C-8D35-609186BA2376}.TFSBuild|Mixed Platforms.Deploy.0 = TFSBuild|x86
		{45D87D93-B00E-403C-8D35-609186BA2376}.TFSBuild|Win32.ActiveCfg = TFSBuild|x86
		{45D87D93-B00E-403C-8D35-609186BA2376}.TFSBuild|Win32.Build.0 = TFSBuild|x86
		{45D87D93-B00E-403C-8D35-609186BA2376}.TFSBuild|Win32.Deploy.0 = TFSBuild|x86
		{45D87D93-B00E-403C-8D35-609186BA2376}.TFSBuild|x86.ActiveCfg = TFSBuild|x86
		{45D87D93-B00E-403C-8D35-609186BA2376}.TFSBuild|x86.Build.0 = TFSBuild|x86
		{45D87D93-B00E-403C-8D35-609186BA2376}.TFSBuild|x86.Deploy.0 = TFSBuild|x86
		{E0B52AE7-E160-4D32-BF3F-910B785E5A8E}.Debug|Any CPU.ActiveCfg = Debug|Win32
		{E0B52AE7-E160-4D32-BF3F-910B785E5A8E}.Debug|ARM.ActiveCfg = Debug|ARM
		{E0B52AE7-E160-4D32-BF3F-910B785E5A8E}.Debug|ARM.Build.0 = Debug|ARM
		{E0B52AE7-E160-4D32-BF3F-910B785E5A8E}.Debug|Mixed Platforms.ActiveCfg = Debug|Win32
		{E0B52AE7-E160-4D32-BF3F-910B785E5A8E}.Debug|Mixed Platforms.Build.0 = Debug|Win32
		{E0B52AE7-E160-4D32-BF3F-910B785E5A8E}.Debug|Win32.ActiveCfg = Debug|Win32
		{E0B52AE7-E160-4D32-BF3F-910B785E5A8E}.Debug|Win32.Build.0 = Debug|Win32
		{E0B52AE7-E160-4D32-BF3F-910B785E5A8E}.Debug|x86.ActiveCfg = Debug|Win32
		{E0B52AE7-E160-4D32-BF3F-910B785E5A8E}.Debug|x86.Build.0 = Debug|Win32
		{E0B52AE7-E160-4D32-BF3F-910B785E5A8E}.Release|Any CPU.ActiveCfg = Release|Win32
		{E0B52AE7-E160-4D32-BF3F-910B785E5A8E}.Release|ARM.ActiveCfg = Release|ARM
		{E0B52AE7-E160-4D32-BF3F-910B785E5A8E}.Release|ARM.Build.0 = Release|ARM
		{E0B52AE7-E160-4D32-BF3F-910B785E5A8E}.Release|Mixed Platforms.ActiveCfg = Release|Win32
		{E0B52AE7-E160-4D32-BF3F-910B785E5A8E}.Release|Mixed Platforms.Build.0 = Release|Win32
		{E0B52AE7-E160-4D32-BF3F-910B785E5A8E}.Release|Win32.ActiveCfg = Release|Win32
		{E0B52AE7-E160-4D32-BF3F-910B785E5A8E}.Release|Win32.Build.0 = Release|Win32
		{E0B52AE7-E160-4D32-BF3F-910B785E5A8E}.Release|x86.ActiveCfg = Release|Win32
		{E0B52AE7-E160-4D32-BF3F-910B785E5A8E}.Release|x86.Build.0 = Release|Win32
		{E0B52AE7-E160-4D32-BF3F-910B785E5A8E}.TFSBuild|Any CPU.ActiveCfg = TFSBuild|Win32
		{E0B52AE7-E160-4D32-BF3F-910B785E5A8E}.TFSBuild|ARM.ActiveCfg = TFSBuild|ARM
		{E0B52AE7-E160-4D32-BF3F-910B785E5A8E}.TFSBuild|ARM.Build.0 = TFSBuild|ARM
		{E0B52AE7-E160-4D32-BF3F-910B785E5A8E}.TFSBuild|Mixed Platforms.ActiveCfg = TFSBuild|Win32
		{E0B52AE7-E160-4D32-BF3F-910B785E5A8E}.TFSBuild|Mixed Platforms.Build.0 = TFSBuild|Win32
		{E0B52AE7-E160-4D32-BF3F-910B785E5A8E}.TFSBuild|Win32.ActiveCfg = TFSBuild|Win32
		{E0B52AE7-E160-4D32-BF3F-910B785E5A8E}.TFSBuild|Win32.Build.0 = TFSBuild|Win32
		{E0B52AE7-E160-4D32-BF3F-910B785E5A8E}.TFSBuild|x86.ActiveCfg = TFSBuild|Win32
		{E0B52AE7-E160-4D32-BF3F-910B785E5A8E}.TFSBuild|x86.Build.0 = TFSBuild|Win32
	EndGlobalSection
	GlobalSection(SolutionProperties) = preSolution
		HideSolutionNode = FALSE
	EndGlobalSection
EndGlobal
