
Microsoft Visual Studio Solution File, Format Version 12.00
# Visual Studio 2013
VisualStudioVersion = 12.0.30501.0
MinimumVisualStudioVersion = 10.0.40219.1
Project("{2150E333-8FDC-42A3-9474-1A3956D46DE8}") = "Catrobat.IDE.Windows", "Catrobat.IDE.Windows", "{1AB403FC-FD53-4145-8CD2-F436E55EDD4B}"
EndProject
Project("{D954291E-2A0B-460D-934E-DC6B0785DB48}") = "Catrobat.IDE.Shared", "Catrobat.IDE.Windows\Catrobat.IDE.Shared\Catrobat.IDE.Shared.shproj", "{468B150B-E23C-49F8-BC4C-4D535169FBBC}"
EndProject
Project("{FAE04EC0-301F-11D3-BF4B-00C04F79EFBC}") = "Catrobat.IDE.WindowsPhone", "Catrobat.IDE.Windows\Catrobat.IDE.WindowsPhone\Catrobat.IDE.WindowsPhone.csproj", "{3B531AB1-3F3F-4488-94A2-BA82130AF471}"
EndProject
Project("{2150E333-8FDC-42A3-9474-1A3956D46DE8}") = "Catrobat.IDE.Core", "Catrobat.IDE.Core", "{F2BEDED6-635B-4953-BE4C-83035FFF76A1}"
EndProject
Project("{2150E333-8FDC-42A3-9474-1A3956D46DE8}") = "Tests", "Tests", "{31B8308F-3B93-4AE9-99CE-8350D49299F1}"
EndProject
Project("{2150E333-8FDC-42A3-9474-1A3956D46DE8}") = "Tests", "Tests", "{F54071BB-5865-4810-8B74-884A0990223C}"
EndProject
Project("{FAE04EC0-301F-11D3-BF4B-00C04F79EFBC}") = "Catrobat.IDE.Core", "Catrobat.IDE.Core\Catrobat.IDE.Core\Catrobat.IDE.Core.csproj", "{BCA5086E-499A-4507-AA9B-A55D7E534EF7}"
EndProject
Project("{FAE04EC0-301F-11D3-BF4B-00C04F79EFBC}") = "Catrobat.IDE.Windows.Tests", "Catrobat.IDE.Windows\Catrobat.IDE.Windows.Tests\Catrobat.IDE.Windows.Tests.csproj", "{BEEE112C-5DD4-4827-B336-9362CE991785}"
EndProject
Project("{FAE04EC0-301F-11D3-BF4B-00C04F79EFBC}") = "Catrobat.IDE.WindowsPhone.Tests", "Catrobat.IDE.Windows\Catrobat.IDE.WindowsPhone.Tests\Catrobat.IDE.WindowsPhone.Tests.csproj", "{EA423CE0-B597-4888-AF2D-62C388054612}"
EndProject
Project("{FAE04EC0-301F-11D3-BF4B-00C04F79EFBC}") = "Catrobat.IDE.WindowsPhone.TestsUI", "Catrobat.IDE.Windows\Catrobat.IDE.WindowsPhone.TestsUI\Catrobat.IDE.WindowsPhone.TestsUI.csproj", "{19EE3B04-3515-477A-9CE0-13ABE8085E5D}"
EndProject
Project("{FAE04EC0-301F-11D3-BF4B-00C04F79EFBC}") = "Catrobat.IDE.Windows.TestsUI", "Catrobat.IDE.Windows\Catrobat.IDE.Windows.TestsUI\Catrobat.IDE.Windows.TestsUI.csproj", "{3A72F13F-4375-462F-92FA-8BFBA06C3933}"
EndProject
Project("{FAE04EC0-301F-11D3-BF4B-00C04F79EFBC}") = "Catrobat.IDE.Core.Tests", "Catrobat.IDE.Core\Catrobat.IDE.Core.Tests\Catrobat.IDE.Core.Tests.csproj", "{37893166-9D6C-46FB-A2C9-85E31834AEEB}"
EndProject
Project("{2150E333-8FDC-42A3-9474-1A3956D46DE8}") = ".nuget", ".nuget", "{84F32905-FF38-45B8-9D25-A8F6E13CED6F}"
	ProjectSection(SolutionItems) = preProject
		.nuget\NuGet.Config = .nuget\NuGet.Config
		.nuget\NuGet.exe = .nuget\NuGet.exe
		.nuget\NuGet.targets = .nuget\NuGet.targets
	EndProjectSection
EndProject
Global
	GlobalSection(SharedMSBuildProjectFiles) = preSolution
		Catrobat.IDE.Windows\Catrobat.IDE.Shared\Catrobat.IDE.Shared.projitems*{3b531ab1-3f3f-4488-94a2-ba82130af471}*SharedItemsImports = 4
		Catrobat.IDE.Windows\Catrobat.IDE.Shared\Catrobat.IDE.Shared.projitems*{468b150b-e23c-49f8-bc4c-4d535169fbbc}*SharedItemsImports = 13
	EndGlobalSection
	GlobalSection(TeamFoundationVersionControl) = preSolution
		SccNumberOfProjects = 10
		SccEnterpriseProvider = {4CA58AB2-18FA-4F8D-95D4-32DDF27D184C}
		SccTeamFoundationServer = http://catrobat.ist.tugraz.at:8080/tfs/defaultcollection
		SccLocalPath0 = .
		SccProjectUniqueName1 = Catrobat.IDE.Windows\\Catrobat.IDE.Shared\\Catrobat.IDE.Shared.shproj
		SccProjectTopLevelParentUniqueName1 = Catrobat.IDE.sln
		SccProjectName1 = Catrobat.IDE.Windows/Catrobat.IDE.Shared
		SccLocalPath1 = Catrobat.IDE.Windows\\Catrobat.IDE.Shared
		SccProjectUniqueName2 = Catrobat.IDE.Windows\\Catrobat.IDE.Shared\\Catrobat.IDE.Shared.projitems
		SccProjectTopLevelParentUniqueName2 = Catrobat.IDE.sln
		SccProjectName2 = Catrobat.IDE.Windows/Catrobat.IDE.Shared
		SccLocalPath2 = Catrobat.IDE.Windows\\Catrobat.IDE.Shared
		SccProjectUniqueName3 = Catrobat.IDE.Windows\\Catrobat.IDE.WindowsPhone\\Catrobat.IDE.WindowsPhone.csproj
		SccProjectTopLevelParentUniqueName3 = Catrobat.IDE.sln
		SccProjectName3 = Catrobat.IDE.Windows/Catrobat.IDE.WindowsPhone
		SccLocalPath3 = Catrobat.IDE.Windows\\Catrobat.IDE.WindowsPhone
		SccProjectUniqueName4 = Catrobat.IDE.Core\\Catrobat.IDE.Core\\Catrobat.IDE.Core.csproj
		SccProjectTopLevelParentUniqueName4 = Catrobat.IDE.sln
		SccProjectName4 = Catrobat.IDE.Core/Catrobat.IDE.Core
		SccLocalPath4 = Catrobat.IDE.Core\\Catrobat.IDE.Core
		SccProjectUniqueName5 = Catrobat.IDE.Windows\\Catrobat.IDE.Windows.Tests\\Catrobat.IDE.Windows.Tests.csproj
		SccProjectTopLevelParentUniqueName5 = Catrobat.IDE.sln
		SccProjectName5 = Catrobat.IDE.Windows/Catrobat.IDE.Windows.Tests
		SccLocalPath5 = Catrobat.IDE.Windows\\Catrobat.IDE.Windows.Tests
		SccProjectUniqueName6 = Catrobat.IDE.Windows\\Catrobat.IDE.WindowsPhone.Tests\\Catrobat.IDE.WindowsPhone.Tests.csproj
		SccProjectTopLevelParentUniqueName6 = Catrobat.IDE.sln
		SccProjectName6 = Catrobat.IDE.Windows/Catrobat.IDE.WindowsPhone.Tests
		SccLocalPath6 = Catrobat.IDE.Windows\\Catrobat.IDE.WindowsPhone.Tests
		SccProjectUniqueName7 = Catrobat.IDE.Windows\\Catrobat.IDE.WindowsPhone.TestsUI\\Catrobat.IDE.WindowsPhone.TestsUI.csproj
		SccProjectTopLevelParentUniqueName7 = Catrobat.IDE.sln
		SccProjectName7 = Catrobat.IDE.Windows/Catrobat.IDE.WindowsPhone.TestsUI
		SccLocalPath7 = Catrobat.IDE.Windows\\Catrobat.IDE.WindowsPhone.TestsUI
		SccProjectUniqueName8 = Catrobat.IDE.Windows\\Catrobat.IDE.Windows.TestsUI\\Catrobat.IDE.Windows.TestsUI.csproj
		SccProjectTopLevelParentUniqueName8 = Catrobat.IDE.sln
		SccProjectName8 = Catrobat.IDE.Windows/Catrobat.IDE.Windows.TestsUI
		SccLocalPath8 = Catrobat.IDE.Windows\\Catrobat.IDE.Windows.TestsUI
		SccProjectUniqueName9 = Catrobat.IDE.Core\\Catrobat.IDE.Core.Tests\\Catrobat.IDE.Core.Tests.csproj
		SccProjectTopLevelParentUniqueName9 = Catrobat.IDE.sln
		SccProjectName9 = Catrobat.IDE.Core/Catrobat.IDE.Core.Tests
		SccLocalPath9 = Catrobat.IDE.Core\\Catrobat.IDE.Core.Tests
	EndGlobalSection
	GlobalSection(SolutionConfigurationPlatforms) = preSolution
		Debug|Any CPU = Debug|Any CPU
		Debug|ARM = Debug|ARM
		Debug|Mixed Platforms = Debug|Mixed Platforms
		Debug|x64 = Debug|x64
		Debug|x86 = Debug|x86
		Release|Any CPU = Release|Any CPU
		Release|ARM = Release|ARM
		Release|Mixed Platforms = Release|Mixed Platforms
		Release|x64 = Release|x64
		Release|x86 = Release|x86
		TFSBuild|Any CPU = TFSBuild|Any CPU
		TFSBuild|ARM = TFSBuild|ARM
		TFSBuild|Mixed Platforms = TFSBuild|Mixed Platforms
		TFSBuild|x64 = TFSBuild|x64
		TFSBuild|x86 = TFSBuild|x86
	EndGlobalSection
	GlobalSection(ProjectConfigurationPlatforms) = postSolution
		{3B531AB1-3F3F-4488-94A2-BA82130AF471}.Debug|Any CPU.ActiveCfg = Debug|Any CPU
		{3B531AB1-3F3F-4488-94A2-BA82130AF471}.Debug|Any CPU.Build.0 = Debug|Any CPU
		{3B531AB1-3F3F-4488-94A2-BA82130AF471}.Debug|Any CPU.Deploy.0 = Debug|Any CPU
		{3B531AB1-3F3F-4488-94A2-BA82130AF471}.Debug|ARM.ActiveCfg = Debug|ARM
		{3B531AB1-3F3F-4488-94A2-BA82130AF471}.Debug|ARM.Build.0 = Debug|ARM
		{3B531AB1-3F3F-4488-94A2-BA82130AF471}.Debug|ARM.Deploy.0 = Debug|ARM
		{3B531AB1-3F3F-4488-94A2-BA82130AF471}.Debug|Mixed Platforms.ActiveCfg = Debug|Any CPU
		{3B531AB1-3F3F-4488-94A2-BA82130AF471}.Debug|Mixed Platforms.Build.0 = Debug|Any CPU
		{3B531AB1-3F3F-4488-94A2-BA82130AF471}.Debug|Mixed Platforms.Deploy.0 = Debug|Any CPU
		{3B531AB1-3F3F-4488-94A2-BA82130AF471}.Debug|x64.ActiveCfg = Debug|Any CPU
		{3B531AB1-3F3F-4488-94A2-BA82130AF471}.Debug|x86.ActiveCfg = Debug|x86
		{3B531AB1-3F3F-4488-94A2-BA82130AF471}.Debug|x86.Build.0 = Debug|x86
		{3B531AB1-3F3F-4488-94A2-BA82130AF471}.Debug|x86.Deploy.0 = Debug|x86
		{3B531AB1-3F3F-4488-94A2-BA82130AF471}.Release|Any CPU.ActiveCfg = Release|Any CPU
		{3B531AB1-3F3F-4488-94A2-BA82130AF471}.Release|Any CPU.Build.0 = Release|Any CPU
		{3B531AB1-3F3F-4488-94A2-BA82130AF471}.Release|Any CPU.Deploy.0 = Release|Any CPU
		{3B531AB1-3F3F-4488-94A2-BA82130AF471}.Release|ARM.ActiveCfg = Release|ARM
		{3B531AB1-3F3F-4488-94A2-BA82130AF471}.Release|ARM.Build.0 = Release|ARM
		{3B531AB1-3F3F-4488-94A2-BA82130AF471}.Release|ARM.Deploy.0 = Release|ARM
		{3B531AB1-3F3F-4488-94A2-BA82130AF471}.Release|Mixed Platforms.ActiveCfg = Release|x86
		{3B531AB1-3F3F-4488-94A2-BA82130AF471}.Release|Mixed Platforms.Build.0 = Release|x86
		{3B531AB1-3F3F-4488-94A2-BA82130AF471}.Release|Mixed Platforms.Deploy.0 = Release|x86
		{3B531AB1-3F3F-4488-94A2-BA82130AF471}.Release|x64.ActiveCfg = Release|Any CPU
		{3B531AB1-3F3F-4488-94A2-BA82130AF471}.Release|x86.ActiveCfg = Release|x86
		{3B531AB1-3F3F-4488-94A2-BA82130AF471}.Release|x86.Build.0 = Release|x86
		{3B531AB1-3F3F-4488-94A2-BA82130AF471}.Release|x86.Deploy.0 = Release|x86
		{3B531AB1-3F3F-4488-94A2-BA82130AF471}.TFSBuild|Any CPU.ActiveCfg = Release|Any CPU
		{3B531AB1-3F3F-4488-94A2-BA82130AF471}.TFSBuild|Any CPU.Build.0 = Release|Any CPU
		{3B531AB1-3F3F-4488-94A2-BA82130AF471}.TFSBuild|Any CPU.Deploy.0 = Release|Any CPU
		{3B531AB1-3F3F-4488-94A2-BA82130AF471}.TFSBuild|ARM.ActiveCfg = Release|ARM
		{3B531AB1-3F3F-4488-94A2-BA82130AF471}.TFSBuild|ARM.Build.0 = Release|ARM
		{3B531AB1-3F3F-4488-94A2-BA82130AF471}.TFSBuild|ARM.Deploy.0 = Release|ARM
		{3B531AB1-3F3F-4488-94A2-BA82130AF471}.TFSBuild|Mixed Platforms.ActiveCfg = Release|x86
		{3B531AB1-3F3F-4488-94A2-BA82130AF471}.TFSBuild|Mixed Platforms.Build.0 = Release|x86
		{3B531AB1-3F3F-4488-94A2-BA82130AF471}.TFSBuild|Mixed Platforms.Deploy.0 = Release|x86
		{3B531AB1-3F3F-4488-94A2-BA82130AF471}.TFSBuild|x64.ActiveCfg = Release|Any CPU
		{3B531AB1-3F3F-4488-94A2-BA82130AF471}.TFSBuild|x86.ActiveCfg = Release|x86
		{3B531AB1-3F3F-4488-94A2-BA82130AF471}.TFSBuild|x86.Build.0 = Release|x86
		{3B531AB1-3F3F-4488-94A2-BA82130AF471}.TFSBuild|x86.Deploy.0 = Release|x86
		{BCA5086E-499A-4507-AA9B-A55D7E534EF7}.Debug|Any CPU.ActiveCfg = Debug|Any CPU
		{BCA5086E-499A-4507-AA9B-A55D7E534EF7}.Debug|Any CPU.Build.0 = Debug|Any CPU
		{BCA5086E-499A-4507-AA9B-A55D7E534EF7}.Debug|ARM.ActiveCfg = Debug|Any CPU
		{BCA5086E-499A-4507-AA9B-A55D7E534EF7}.Debug|Mixed Platforms.ActiveCfg = Debug|Any CPU
		{BCA5086E-499A-4507-AA9B-A55D7E534EF7}.Debug|Mixed Platforms.Build.0 = Debug|Any CPU
		{BCA5086E-499A-4507-AA9B-A55D7E534EF7}.Debug|x64.ActiveCfg = Debug|x64
		{BCA5086E-499A-4507-AA9B-A55D7E534EF7}.Debug|x64.Build.0 = Debug|x64
		{BCA5086E-499A-4507-AA9B-A55D7E534EF7}.Debug|x86.ActiveCfg = Debug|Any CPU
		{BCA5086E-499A-4507-AA9B-A55D7E534EF7}.Release|Any CPU.ActiveCfg = Release|Any CPU
		{BCA5086E-499A-4507-AA9B-A55D7E534EF7}.Release|Any CPU.Build.0 = Release|Any CPU
		{BCA5086E-499A-4507-AA9B-A55D7E534EF7}.Release|ARM.ActiveCfg = Release|Any CPU
		{BCA5086E-499A-4507-AA9B-A55D7E534EF7}.Release|Mixed Platforms.ActiveCfg = Release|Any CPU
		{BCA5086E-499A-4507-AA9B-A55D7E534EF7}.Release|Mixed Platforms.Build.0 = Release|Any CPU
		{BCA5086E-499A-4507-AA9B-A55D7E534EF7}.Release|x64.ActiveCfg = Release|x64
		{BCA5086E-499A-4507-AA9B-A55D7E534EF7}.Release|x64.Build.0 = Release|x64
		{BCA5086E-499A-4507-AA9B-A55D7E534EF7}.Release|x86.ActiveCfg = Release|Any CPU
		{BCA5086E-499A-4507-AA9B-A55D7E534EF7}.TFSBuild|Any CPU.ActiveCfg = TFSBuild|Any CPU
		{BCA5086E-499A-4507-AA9B-A55D7E534EF7}.TFSBuild|Any CPU.Build.0 = TFSBuild|Any CPU
		{BCA5086E-499A-4507-AA9B-A55D7E534EF7}.TFSBuild|ARM.ActiveCfg = TFSBuild|Any CPU
		{BCA5086E-499A-4507-AA9B-A55D7E534EF7}.TFSBuild|Mixed Platforms.ActiveCfg = TFSBuild|Any CPU
		{BCA5086E-499A-4507-AA9B-A55D7E534EF7}.TFSBuild|Mixed Platforms.Build.0 = TFSBuild|Any CPU
		{BCA5086E-499A-4507-AA9B-A55D7E534EF7}.TFSBuild|x64.ActiveCfg = TFSBuild|x64
		{BCA5086E-499A-4507-AA9B-A55D7E534EF7}.TFSBuild|x64.Build.0 = TFSBuild|x64
		{BCA5086E-499A-4507-AA9B-A55D7E534EF7}.TFSBuild|x86.ActiveCfg = TFSBuild|Any CPU
		{BEEE112C-5DD4-4827-B336-9362CE991785}.Debug|Any CPU.ActiveCfg = Debug|Any CPU
		{BEEE112C-5DD4-4827-B336-9362CE991785}.Debug|Any CPU.Build.0 = Debug|Any CPU
		{BEEE112C-5DD4-4827-B336-9362CE991785}.Debug|Any CPU.Deploy.0 = Debug|Any CPU
		{BEEE112C-5DD4-4827-B336-9362CE991785}.Debug|ARM.ActiveCfg = Debug|ARM
		{BEEE112C-5DD4-4827-B336-9362CE991785}.Debug|ARM.Build.0 = Debug|ARM
		{BEEE112C-5DD4-4827-B336-9362CE991785}.Debug|ARM.Deploy.0 = Debug|ARM
		{BEEE112C-5DD4-4827-B336-9362CE991785}.Debug|Mixed Platforms.ActiveCfg = Debug|Any CPU
		{BEEE112C-5DD4-4827-B336-9362CE991785}.Debug|Mixed Platforms.Build.0 = Debug|Any CPU
		{BEEE112C-5DD4-4827-B336-9362CE991785}.Debug|Mixed Platforms.Deploy.0 = Debug|Any CPU
		{BEEE112C-5DD4-4827-B336-9362CE991785}.Debug|x64.ActiveCfg = Debug|x64
		{BEEE112C-5DD4-4827-B336-9362CE991785}.Debug|x64.Build.0 = Debug|x64
		{BEEE112C-5DD4-4827-B336-9362CE991785}.Debug|x64.Deploy.0 = Debug|x64
		{BEEE112C-5DD4-4827-B336-9362CE991785}.Debug|x86.ActiveCfg = Debug|x86
		{BEEE112C-5DD4-4827-B336-9362CE991785}.Debug|x86.Build.0 = Debug|x86
		{BEEE112C-5DD4-4827-B336-9362CE991785}.Debug|x86.Deploy.0 = Debug|x86
		{BEEE112C-5DD4-4827-B336-9362CE991785}.Release|Any CPU.ActiveCfg = Release|Any CPU
		{BEEE112C-5DD4-4827-B336-9362CE991785}.Release|Any CPU.Build.0 = Release|Any CPU
		{BEEE112C-5DD4-4827-B336-9362CE991785}.Release|Any CPU.Deploy.0 = Release|Any CPU
		{BEEE112C-5DD4-4827-B336-9362CE991785}.Release|ARM.ActiveCfg = Release|ARM
		{BEEE112C-5DD4-4827-B336-9362CE991785}.Release|ARM.Build.0 = Release|ARM
		{BEEE112C-5DD4-4827-B336-9362CE991785}.Release|ARM.Deploy.0 = Release|ARM
		{BEEE112C-5DD4-4827-B336-9362CE991785}.Release|Mixed Platforms.ActiveCfg = Release|x86
		{BEEE112C-5DD4-4827-B336-9362CE991785}.Release|Mixed Platforms.Build.0 = Release|x86
		{BEEE112C-5DD4-4827-B336-9362CE991785}.Release|Mixed Platforms.Deploy.0 = Release|x86
		{BEEE112C-5DD4-4827-B336-9362CE991785}.Release|x64.ActiveCfg = Release|x64
		{BEEE112C-5DD4-4827-B336-9362CE991785}.Release|x64.Build.0 = Release|x64
		{BEEE112C-5DD4-4827-B336-9362CE991785}.Release|x64.Deploy.0 = Release|x64
		{BEEE112C-5DD4-4827-B336-9362CE991785}.Release|x86.ActiveCfg = Release|x86
		{BEEE112C-5DD4-4827-B336-9362CE991785}.Release|x86.Build.0 = Release|x86
		{BEEE112C-5DD4-4827-B336-9362CE991785}.Release|x86.Deploy.0 = Release|x86
		{BEEE112C-5DD4-4827-B336-9362CE991785}.TFSBuild|Any CPU.ActiveCfg = Release|Any CPU
		{BEEE112C-5DD4-4827-B336-9362CE991785}.TFSBuild|Any CPU.Build.0 = Release|Any CPU
		{BEEE112C-5DD4-4827-B336-9362CE991785}.TFSBuild|Any CPU.Deploy.0 = Release|Any CPU
		{BEEE112C-5DD4-4827-B336-9362CE991785}.TFSBuild|ARM.ActiveCfg = Release|ARM
		{BEEE112C-5DD4-4827-B336-9362CE991785}.TFSBuild|ARM.Build.0 = Release|ARM
		{BEEE112C-5DD4-4827-B336-9362CE991785}.TFSBuild|ARM.Deploy.0 = Release|ARM
		{BEEE112C-5DD4-4827-B336-9362CE991785}.TFSBuild|Mixed Platforms.ActiveCfg = Release|x86
		{BEEE112C-5DD4-4827-B336-9362CE991785}.TFSBuild|Mixed Platforms.Build.0 = Release|x86
		{BEEE112C-5DD4-4827-B336-9362CE991785}.TFSBuild|Mixed Platforms.Deploy.0 = Release|x86
		{BEEE112C-5DD4-4827-B336-9362CE991785}.TFSBuild|x64.ActiveCfg = Release|x64
		{BEEE112C-5DD4-4827-B336-9362CE991785}.TFSBuild|x64.Build.0 = Release|x64
		{BEEE112C-5DD4-4827-B336-9362CE991785}.TFSBuild|x64.Deploy.0 = Release|x64
		{BEEE112C-5DD4-4827-B336-9362CE991785}.TFSBuild|x86.ActiveCfg = Release|x86
		{BEEE112C-5DD4-4827-B336-9362CE991785}.TFSBuild|x86.Build.0 = Release|x86
		{BEEE112C-5DD4-4827-B336-9362CE991785}.TFSBuild|x86.Deploy.0 = Release|x86
		{EA423CE0-B597-4888-AF2D-62C388054612}.Debug|Any CPU.ActiveCfg = Debug|x86
		{EA423CE0-B597-4888-AF2D-62C388054612}.Debug|ARM.ActiveCfg = Debug|ARM
		{EA423CE0-B597-4888-AF2D-62C388054612}.Debug|ARM.Build.0 = Debug|ARM
		{EA423CE0-B597-4888-AF2D-62C388054612}.Debug|ARM.Deploy.0 = Debug|ARM
		{EA423CE0-B597-4888-AF2D-62C388054612}.Debug|Mixed Platforms.ActiveCfg = Debug|x86
		{EA423CE0-B597-4888-AF2D-62C388054612}.Debug|Mixed Platforms.Build.0 = Debug|x86
		{EA423CE0-B597-4888-AF2D-62C388054612}.Debug|Mixed Platforms.Deploy.0 = Debug|x86
		{EA423CE0-B597-4888-AF2D-62C388054612}.Debug|x64.ActiveCfg = Debug|x86
		{EA423CE0-B597-4888-AF2D-62C388054612}.Debug|x86.ActiveCfg = Debug|x86
		{EA423CE0-B597-4888-AF2D-62C388054612}.Debug|x86.Build.0 = Debug|x86
		{EA423CE0-B597-4888-AF2D-62C388054612}.Debug|x86.Deploy.0 = Debug|x86
		{EA423CE0-B597-4888-AF2D-62C388054612}.Release|Any CPU.ActiveCfg = Release|x86
		{EA423CE0-B597-4888-AF2D-62C388054612}.Release|ARM.ActiveCfg = Release|ARM
		{EA423CE0-B597-4888-AF2D-62C388054612}.Release|ARM.Build.0 = Release|ARM
		{EA423CE0-B597-4888-AF2D-62C388054612}.Release|ARM.Deploy.0 = Release|ARM
		{EA423CE0-B597-4888-AF2D-62C388054612}.Release|Mixed Platforms.ActiveCfg = Release|x86
		{EA423CE0-B597-4888-AF2D-62C388054612}.Release|Mixed Platforms.Build.0 = Release|x86
		{EA423CE0-B597-4888-AF2D-62C388054612}.Release|Mixed Platforms.Deploy.0 = Release|x86
		{EA423CE0-B597-4888-AF2D-62C388054612}.Release|x64.ActiveCfg = Release|x86
		{EA423CE0-B597-4888-AF2D-62C388054612}.Release|x86.ActiveCfg = Release|x86
		{EA423CE0-B597-4888-AF2D-62C388054612}.Release|x86.Build.0 = Release|x86
		{EA423CE0-B597-4888-AF2D-62C388054612}.Release|x86.Deploy.0 = Release|x86
		{EA423CE0-B597-4888-AF2D-62C388054612}.TFSBuild|Any CPU.ActiveCfg = Release|x86
		{EA423CE0-B597-4888-AF2D-62C388054612}.TFSBuild|ARM.ActiveCfg = Release|ARM
		{EA423CE0-B597-4888-AF2D-62C388054612}.TFSBuild|ARM.Build.0 = Release|ARM
		{EA423CE0-B597-4888-AF2D-62C388054612}.TFSBuild|ARM.Deploy.0 = Release|ARM
		{EA423CE0-B597-4888-AF2D-62C388054612}.TFSBuild|Mixed Platforms.ActiveCfg = Release|x86
		{EA423CE0-B597-4888-AF2D-62C388054612}.TFSBuild|Mixed Platforms.Build.0 = Release|x86
		{EA423CE0-B597-4888-AF2D-62C388054612}.TFSBuild|Mixed Platforms.Deploy.0 = Release|x86
		{EA423CE0-B597-4888-AF2D-62C388054612}.TFSBuild|x64.ActiveCfg = Release|x86
		{EA423CE0-B597-4888-AF2D-62C388054612}.TFSBuild|x86.ActiveCfg = Release|x86
		{EA423CE0-B597-4888-AF2D-62C388054612}.TFSBuild|x86.Build.0 = Release|x86
		{EA423CE0-B597-4888-AF2D-62C388054612}.TFSBuild|x86.Deploy.0 = Release|x86
		{19EE3B04-3515-477A-9CE0-13ABE8085E5D}.Debug|Any CPU.ActiveCfg = Debug|Any CPU
		{19EE3B04-3515-477A-9CE0-13ABE8085E5D}.Debug|Any CPU.Build.0 = Debug|Any CPU
		{19EE3B04-3515-477A-9CE0-13ABE8085E5D}.Debug|ARM.ActiveCfg = Debug|Any CPU
		{19EE3B04-3515-477A-9CE0-13ABE8085E5D}.Debug|Mixed Platforms.ActiveCfg = Debug|Any CPU
		{19EE3B04-3515-477A-9CE0-13ABE8085E5D}.Debug|Mixed Platforms.Build.0 = Debug|Any CPU
		{19EE3B04-3515-477A-9CE0-13ABE8085E5D}.Debug|x64.ActiveCfg = Debug|Any CPU
		{19EE3B04-3515-477A-9CE0-13ABE8085E5D}.Debug|x86.ActiveCfg = Debug|Any CPU
		{19EE3B04-3515-477A-9CE0-13ABE8085E5D}.Release|Any CPU.ActiveCfg = Release|Any CPU
		{19EE3B04-3515-477A-9CE0-13ABE8085E5D}.Release|Any CPU.Build.0 = Release|Any CPU
		{19EE3B04-3515-477A-9CE0-13ABE8085E5D}.Release|ARM.ActiveCfg = Release|Any CPU
		{19EE3B04-3515-477A-9CE0-13ABE8085E5D}.Release|Mixed Platforms.ActiveCfg = Release|Any CPU
		{19EE3B04-3515-477A-9CE0-13ABE8085E5D}.Release|Mixed Platforms.Build.0 = Release|Any CPU
		{19EE3B04-3515-477A-9CE0-13ABE8085E5D}.Release|x64.ActiveCfg = Release|Any CPU
		{19EE3B04-3515-477A-9CE0-13ABE8085E5D}.Release|x86.ActiveCfg = Release|Any CPU
		{19EE3B04-3515-477A-9CE0-13ABE8085E5D}.TFSBuild|Any CPU.ActiveCfg = Release|Any CPU
		{19EE3B04-3515-477A-9CE0-13ABE8085E5D}.TFSBuild|Any CPU.Build.0 = Release|Any CPU
		{19EE3B04-3515-477A-9CE0-13ABE8085E5D}.TFSBuild|ARM.ActiveCfg = Release|Any CPU
		{19EE3B04-3515-477A-9CE0-13ABE8085E5D}.TFSBuild|Mixed Platforms.ActiveCfg = Release|Any CPU
		{19EE3B04-3515-477A-9CE0-13ABE8085E5D}.TFSBuild|Mixed Platforms.Build.0 = Release|Any CPU
		{19EE3B04-3515-477A-9CE0-13ABE8085E5D}.TFSBuild|x64.ActiveCfg = Release|Any CPU
		{19EE3B04-3515-477A-9CE0-13ABE8085E5D}.TFSBuild|x86.ActiveCfg = Release|Any CPU
		{3A72F13F-4375-462F-92FA-8BFBA06C3933}.Debug|Any CPU.ActiveCfg = Debug|Any CPU
		{3A72F13F-4375-462F-92FA-8BFBA06C3933}.Debug|Any CPU.Build.0 = Debug|Any CPU
		{3A72F13F-4375-462F-92FA-8BFBA06C3933}.Debug|ARM.ActiveCfg = Debug|Any CPU
		{3A72F13F-4375-462F-92FA-8BFBA06C3933}.Debug|Mixed Platforms.ActiveCfg = Debug|Any CPU
		{3A72F13F-4375-462F-92FA-8BFBA06C3933}.Debug|Mixed Platforms.Build.0 = Debug|Any CPU
		{3A72F13F-4375-462F-92FA-8BFBA06C3933}.Debug|x64.ActiveCfg = Debug|Any CPU
		{3A72F13F-4375-462F-92FA-8BFBA06C3933}.Debug|x86.ActiveCfg = Debug|Any CPU
		{3A72F13F-4375-462F-92FA-8BFBA06C3933}.Release|Any CPU.ActiveCfg = Release|Any CPU
		{3A72F13F-4375-462F-92FA-8BFBA06C3933}.Release|Any CPU.Build.0 = Release|Any CPU
		{3A72F13F-4375-462F-92FA-8BFBA06C3933}.Release|ARM.ActiveCfg = Release|Any CPU
		{3A72F13F-4375-462F-92FA-8BFBA06C3933}.Release|Mixed Platforms.ActiveCfg = Release|Any CPU
		{3A72F13F-4375-462F-92FA-8BFBA06C3933}.Release|Mixed Platforms.Build.0 = Release|Any CPU
		{3A72F13F-4375-462F-92FA-8BFBA06C3933}.Release|x64.ActiveCfg = Release|Any CPU
		{3A72F13F-4375-462F-92FA-8BFBA06C3933}.Release|x86.ActiveCfg = Release|Any CPU
		{3A72F13F-4375-462F-92FA-8BFBA06C3933}.TFSBuild|Any CPU.ActiveCfg = Release|Any CPU
		{3A72F13F-4375-462F-92FA-8BFBA06C3933}.TFSBuild|Any CPU.Build.0 = Release|Any CPU
		{3A72F13F-4375-462F-92FA-8BFBA06C3933}.TFSBuild|ARM.ActiveCfg = Release|Any CPU
		{3A72F13F-4375-462F-92FA-8BFBA06C3933}.TFSBuild|Mixed Platforms.ActiveCfg = Release|Any CPU
		{3A72F13F-4375-462F-92FA-8BFBA06C3933}.TFSBuild|Mixed Platforms.Build.0 = Release|Any CPU
		{3A72F13F-4375-462F-92FA-8BFBA06C3933}.TFSBuild|x64.ActiveCfg = Release|Any CPU
		{3A72F13F-4375-462F-92FA-8BFBA06C3933}.TFSBuild|x86.ActiveCfg = Release|Any CPU
		{37893166-9D6C-46FB-A2C9-85E31834AEEB}.Debug|Any CPU.ActiveCfg = Debug|Any CPU
		{37893166-9D6C-46FB-A2C9-85E31834AEEB}.Debug|Any CPU.Build.0 = Debug|Any CPU
		{37893166-9D6C-46FB-A2C9-85E31834AEEB}.Debug|ARM.ActiveCfg = Debug|Any CPU
		{37893166-9D6C-46FB-A2C9-85E31834AEEB}.Debug|Mixed Platforms.ActiveCfg = Debug|Any CPU
		{37893166-9D6C-46FB-A2C9-85E31834AEEB}.Debug|Mixed Platforms.Build.0 = Debug|Any CPU
		{37893166-9D6C-46FB-A2C9-85E31834AEEB}.Debug|x64.ActiveCfg = Debug|Any CPU
		{37893166-9D6C-46FB-A2C9-85E31834AEEB}.Debug|x86.ActiveCfg = Debug|Any CPU
		{37893166-9D6C-46FB-A2C9-85E31834AEEB}.Release|Any CPU.ActiveCfg = Release|Any CPU
		{37893166-9D6C-46FB-A2C9-85E31834AEEB}.Release|Any CPU.Build.0 = Release|Any CPU
		{37893166-9D6C-46FB-A2C9-85E31834AEEB}.Release|ARM.ActiveCfg = Release|Any CPU
		{37893166-9D6C-46FB-A2C9-85E31834AEEB}.Release|Mixed Platforms.ActiveCfg = Release|Any CPU
		{37893166-9D6C-46FB-A2C9-85E31834AEEB}.Release|Mixed Platforms.Build.0 = Release|Any CPU
		{37893166-9D6C-46FB-A2C9-85E31834AEEB}.Release|x64.ActiveCfg = Release|Any CPU
		{37893166-9D6C-46FB-A2C9-85E31834AEEB}.Release|x86.ActiveCfg = Release|Any CPU
		{37893166-9D6C-46FB-A2C9-85E31834AEEB}.TFSBuild|Any CPU.ActiveCfg = Release|Any CPU
		{37893166-9D6C-46FB-A2C9-85E31834AEEB}.TFSBuild|Any CPU.Build.0 = Release|Any CPU
		{37893166-9D6C-46FB-A2C9-85E31834AEEB}.TFSBuild|ARM.ActiveCfg = Release|Any CPU
		{37893166-9D6C-46FB-A2C9-85E31834AEEB}.TFSBuild|Mixed Platforms.ActiveCfg = Release|Any CPU
		{37893166-9D6C-46FB-A2C9-85E31834AEEB}.TFSBuild|Mixed Platforms.Build.0 = Release|Any CPU
		{37893166-9D6C-46FB-A2C9-85E31834AEEB}.TFSBuild|x64.ActiveCfg = Release|Any CPU
		{37893166-9D6C-46FB-A2C9-85E31834AEEB}.TFSBuild|x86.ActiveCfg = Release|Any CPU
	EndGlobalSection
	GlobalSection(SolutionProperties) = preSolution
		HideSolutionNode = FALSE
	EndGlobalSection
	GlobalSection(NestedProjects) = preSolution
		{468B150B-E23C-49F8-BC4C-4D535169FBBC} = {1AB403FC-FD53-4145-8CD2-F436E55EDD4B}
		{3B531AB1-3F3F-4488-94A2-BA82130AF471} = {1AB403FC-FD53-4145-8CD2-F436E55EDD4B}
		{31B8308F-3B93-4AE9-99CE-8350D49299F1} = {F2BEDED6-635B-4953-BE4C-83035FFF76A1}
		{F54071BB-5865-4810-8B74-884A0990223C} = {1AB403FC-FD53-4145-8CD2-F436E55EDD4B}
		{BCA5086E-499A-4507-AA9B-A55D7E534EF7} = {F2BEDED6-635B-4953-BE4C-83035FFF76A1}
		{BEEE112C-5DD4-4827-B336-9362CE991785} = {F54071BB-5865-4810-8B74-884A0990223C}
		{EA423CE0-B597-4888-AF2D-62C388054612} = {F54071BB-5865-4810-8B74-884A0990223C}
		{19EE3B04-3515-477A-9CE0-13ABE8085E5D} = {F54071BB-5865-4810-8B74-884A0990223C}
		{3A72F13F-4375-462F-92FA-8BFBA06C3933} = {F54071BB-5865-4810-8B74-884A0990223C}
		{37893166-9D6C-46FB-A2C9-85E31834AEEB} = {31B8308F-3B93-4AE9-99CE-8350D49299F1}
	EndGlobalSection
EndGlobal
