
Microsoft Visual Studio Solution File, Format Version 12.00
# Visual Studio 2013
VisualStudioVersion = 12.0.30723.0
MinimumVisualStudioVersion = 10.0.40219.1
Project("{2150E333-8FDC-42A3-9474-1A3956D46DE8}") = "Catrobat.Player", "Catrobat.Player", "{9776E7D6-5AF8-417E-AD56-C17D3034C90E}"
EndProject
Project("{8BC9CEB8-8B4A-11D0-8D11-00A0C91BC942}") = "Catrobat.Player.Shared", "Catrobat.Player\Catrobat.Player.Shared\Catrobat.Player.Shared.vcxitems", "{4B55F37F-21D4-40EE-8C6B-7FE0F32F61BE}"
EndProject
Project("{8BC9CEB8-8B4A-11D0-8D11-00A0C91BC942}") = "Catrobat.Player.WindowsPhone", "Catrobat.Player\Catrobat.Player.WindowsPhone\Catrobat.Player.WindowsPhone.vcxproj", "{54144CA7-B859-4F79-B682-DAD92B4E3353}"
EndProject
Project("{FAE04EC0-301F-11D3-BF4B-00C04F79EFBC}") = "Catrobat.Player.StandAlone_not_universal", "Catrobat.Player.StandAlone_not_universal\Catrobat.Player.StandAlone_not_universal.csproj", "{701E1EF1-2FDC-4B0A-94A8-D6D1B82364A6}"
EndProject
Project("{2150E333-8FDC-42A3-9474-1A3956D46DE8}") = "Catrobat.Player.StandAlone", "Catrobat.Player.StandAlone", "{2F831919-46CC-4BA4-AA1A-E765D3E18097}"
EndProject
Project("{D954291E-2A0B-460D-934E-DC6B0785DB48}") = "Catrobat.Player.StandAlone.Shared", "Catrobat.Player.StandAlone\Catrobat.Player.StandAlone.Shared\Catrobat.Player.StandAlone.Shared.shproj", "{D7C8C804-13D0-4046-95AE-AAABF5FD530C}"
EndProject
Project("{FAE04EC0-301F-11D3-BF4B-00C04F79EFBC}") = "Catrobat.Player.StandAlone.WindowsPhone", "Catrobat.Player.StandAlone\Catrobat.Player.StandAlone.WindowsPhone\Catrobat.Player.StandAlone.WindowsPhone.csproj", "{C4E11077-73C9-4CB7-8A81-0B64BF5013E9}"
EndProject
Global
	GlobalSection(SharedMSBuildProjectFiles) = preSolution
		Catrobat.Player.StandAlone\Catrobat.Player.StandAlone.Shared\Catrobat.Player.StandAlone.Shared.projitems*{c4e11077-73c9-4cb7-8a81-0b64bf5013e9}*SharedItemsImports = 4
		Catrobat.Player\Catrobat.Player.Shared\Catrobat.Player.Shared.vcxitems*{4b55f37f-21d4-40ee-8c6b-7fe0f32f61be}*SharedItemsImports = 9
		Catrobat.Player\Catrobat.Player.Shared\Catrobat.Player.Shared.vcxitems*{54144ca7-b859-4f79-b682-dad92b4e3353}*SharedItemsImports = 4
		Catrobat.Player.StandAlone\Catrobat.Player.StandAlone.Shared\Catrobat.Player.StandAlone.Shared.projitems*{d7c8c804-13d0-4046-95ae-aaabf5fd530c}*SharedItemsImports = 13
	EndGlobalSection
	GlobalSection(TeamFoundationVersionControl) = preSolution
		SccNumberOfProjects = 7
		SccEnterpriseProvider = {4CA58AB2-18FA-4F8D-95D4-32DDF27D184C}
		SccTeamFoundationServer = http://catrobat.ist.tugraz.at:8080/tfs/defaultcollection
		SccLocalPath0 = .
		SccProjectUniqueName1 = Catrobat.Player\\Catrobat.Player.Shared\\Catrobat.Player.Shared.vcxitems
		SccProjectTopLevelParentUniqueName1 = Catrobat.Player.sln
		SccProjectName1 = Catrobat.Player/Catrobat.Player.Shared
		SccLocalPath1 = Catrobat.Player\\Catrobat.Player.Shared
		SccProjectUniqueName2 = Catrobat.Player\\Catrobat.Player.WindowsPhone\\Catrobat.Player.WindowsPhone.vcxproj
		SccProjectTopLevelParentUniqueName2 = Catrobat.Player.sln
		SccProjectName2 = Catrobat.Player/Catrobat.Player.WindowsPhone
		SccLocalPath2 = Catrobat.Player\\Catrobat.Player.WindowsPhone
		SccProjectUniqueName3 = Catrobat.Player.StandAlone_not_universal\\Catrobat.Player.StandAlone_not_universal.csproj
		SccProjectName3 = Catrobat.Player.StandAlone_not_universal
		SccLocalPath3 = Catrobat.Player.StandAlone_not_universal
		SccProjectUniqueName4 = Catrobat.Player.StandAlone\\Catrobat.Player.StandAlone.Shared\\Catrobat.Player.StandAlone.Shared.shproj
		SccProjectTopLevelParentUniqueName4 = Catrobat.Player.sln
		SccProjectName4 = Catrobat.Player.StandAlone/Catrobat.Player.StandAlone.Shared
		SccLocalPath4 = Catrobat.Player.StandAlone\\Catrobat.Player.StandAlone.Shared
		SccProjectUniqueName5 = Catrobat.Player.StandAlone\\Catrobat.Player.StandAlone.Shared\\Catrobat.Player.StandAlone.Shared.projitems
		SccProjectTopLevelParentUniqueName5 = Catrobat.Player.sln
		SccProjectName5 = Catrobat.Player.StandAlone/Catrobat.Player.StandAlone.Shared
		SccLocalPath5 = Catrobat.Player.StandAlone\\Catrobat.Player.StandAlone.Shared
		SccProjectUniqueName6 = Catrobat.Player.StandAlone\\Catrobat.Player.StandAlone.WindowsPhone\\Catrobat.Player.StandAlone.WindowsPhone.csproj
		SccProjectTopLevelParentUniqueName6 = Catrobat.Player.sln
		SccProjectName6 = Catrobat.Player.StandAlone/Catrobat.Player.StandAlone.WindowsPhone
		SccLocalPath6 = Catrobat.Player.StandAlone\\Catrobat.Player.StandAlone.WindowsPhone
	EndGlobalSection
	GlobalSection(SolutionConfigurationPlatforms) = preSolution
		Debug|Any CPU = Debug|Any CPU
		Debug|ARM = Debug|ARM
		Debug|Mixed Platforms = Debug|Mixed Platforms
		Debug|Win32 = Debug|Win32
		Debug|x64 = Debug|x64
		Debug|x86 = Debug|x86
		Release|Any CPU = Release|Any CPU
		Release|ARM = Release|ARM
		Release|Mixed Platforms = Release|Mixed Platforms
		Release|Win32 = Release|Win32
		Release|x64 = Release|x64
		Release|x86 = Release|x86
	EndGlobalSection
	GlobalSection(ProjectConfigurationPlatforms) = postSolution
		{54144CA7-B859-4F79-B682-DAD92B4E3353}.Debug|Any CPU.ActiveCfg = Debug|Win32
		{54144CA7-B859-4F79-B682-DAD92B4E3353}.Debug|ARM.ActiveCfg = Debug|ARM
		{54144CA7-B859-4F79-B682-DAD92B4E3353}.Debug|ARM.Build.0 = Debug|ARM
		{54144CA7-B859-4F79-B682-DAD92B4E3353}.Debug|Mixed Platforms.ActiveCfg = Debug|Win32
		{54144CA7-B859-4F79-B682-DAD92B4E3353}.Debug|Mixed Platforms.Build.0 = Debug|Win32
		{54144CA7-B859-4F79-B682-DAD92B4E3353}.Debug|Win32.ActiveCfg = Debug|Win32
		{54144CA7-B859-4F79-B682-DAD92B4E3353}.Debug|Win32.Build.0 = Debug|Win32
		{54144CA7-B859-4F79-B682-DAD92B4E3353}.Debug|x64.ActiveCfg = Debug|Win32
		{54144CA7-B859-4F79-B682-DAD92B4E3353}.Debug|x86.ActiveCfg = Debug|Win32
		{54144CA7-B859-4F79-B682-DAD92B4E3353}.Debug|x86.Build.0 = Debug|Win32
		{54144CA7-B859-4F79-B682-DAD92B4E3353}.Release|Any CPU.ActiveCfg = Release|Win32
		{54144CA7-B859-4F79-B682-DAD92B4E3353}.Release|ARM.ActiveCfg = Release|ARM
		{54144CA7-B859-4F79-B682-DAD92B4E3353}.Release|ARM.Build.0 = Release|ARM
		{54144CA7-B859-4F79-B682-DAD92B4E3353}.Release|Mixed Platforms.ActiveCfg = Release|Win32
		{54144CA7-B859-4F79-B682-DAD92B4E3353}.Release|Mixed Platforms.Build.0 = Release|Win32
		{54144CA7-B859-4F79-B682-DAD92B4E3353}.Release|Win32.ActiveCfg = Release|Win32
		{54144CA7-B859-4F79-B682-DAD92B4E3353}.Release|Win32.Build.0 = Release|Win32
		{54144CA7-B859-4F79-B682-DAD92B4E3353}.Release|x64.ActiveCfg = Release|Win32
		{54144CA7-B859-4F79-B682-DAD92B4E3353}.Release|x86.ActiveCfg = Release|Win32
		{54144CA7-B859-4F79-B682-DAD92B4E3353}.Release|x86.Build.0 = Release|Win32
		{701E1EF1-2FDC-4B0A-94A8-D6D1B82364A6}.Debug|Any CPU.ActiveCfg = Debug|Any CPU
		{701E1EF1-2FDC-4B0A-94A8-D6D1B82364A6}.Debug|Any CPU.Build.0 = Debug|Any CPU
		{701E1EF1-2FDC-4B0A-94A8-D6D1B82364A6}.Debug|Any CPU.Deploy.0 = Debug|Any CPU
		{701E1EF1-2FDC-4B0A-94A8-D6D1B82364A6}.Debug|ARM.ActiveCfg = Debug|ARM
		{701E1EF1-2FDC-4B0A-94A8-D6D1B82364A6}.Debug|ARM.Build.0 = Debug|ARM
		{701E1EF1-2FDC-4B0A-94A8-D6D1B82364A6}.Debug|ARM.Deploy.0 = Debug|ARM
		{701E1EF1-2FDC-4B0A-94A8-D6D1B82364A6}.Debug|Mixed Platforms.ActiveCfg = Debug|x86
		{701E1EF1-2FDC-4B0A-94A8-D6D1B82364A6}.Debug|Mixed Platforms.Build.0 = Debug|x86
		{701E1EF1-2FDC-4B0A-94A8-D6D1B82364A6}.Debug|Mixed Platforms.Deploy.0 = Debug|x86
		{701E1EF1-2FDC-4B0A-94A8-D6D1B82364A6}.Debug|Win32.ActiveCfg = Debug|x86
		{701E1EF1-2FDC-4B0A-94A8-D6D1B82364A6}.Debug|Win32.Build.0 = Debug|x86
		{701E1EF1-2FDC-4B0A-94A8-D6D1B82364A6}.Debug|Win32.Deploy.0 = Debug|x86
		{701E1EF1-2FDC-4B0A-94A8-D6D1B82364A6}.Debug|x64.ActiveCfg = Debug|Any CPU
		{701E1EF1-2FDC-4B0A-94A8-D6D1B82364A6}.Debug|x86.ActiveCfg = Debug|x86
		{701E1EF1-2FDC-4B0A-94A8-D6D1B82364A6}.Debug|x86.Build.0 = Debug|x86
		{701E1EF1-2FDC-4B0A-94A8-D6D1B82364A6}.Debug|x86.Deploy.0 = Debug|x86
		{701E1EF1-2FDC-4B0A-94A8-D6D1B82364A6}.Release|Any CPU.ActiveCfg = Release|Any CPU
		{701E1EF1-2FDC-4B0A-94A8-D6D1B82364A6}.Release|Any CPU.Build.0 = Release|Any CPU
		{701E1EF1-2FDC-4B0A-94A8-D6D1B82364A6}.Release|Any CPU.Deploy.0 = Release|Any CPU
		{701E1EF1-2FDC-4B0A-94A8-D6D1B82364A6}.Release|ARM.ActiveCfg = Release|ARM
		{701E1EF1-2FDC-4B0A-94A8-D6D1B82364A6}.Release|ARM.Build.0 = Release|ARM
		{701E1EF1-2FDC-4B0A-94A8-D6D1B82364A6}.Release|ARM.Deploy.0 = Release|ARM
		{701E1EF1-2FDC-4B0A-94A8-D6D1B82364A6}.Release|Mixed Platforms.ActiveCfg = Release|x86
		{701E1EF1-2FDC-4B0A-94A8-D6D1B82364A6}.Release|Mixed Platforms.Build.0 = Release|x86
		{701E1EF1-2FDC-4B0A-94A8-D6D1B82364A6}.Release|Mixed Platforms.Deploy.0 = Release|x86
		{701E1EF1-2FDC-4B0A-94A8-D6D1B82364A6}.Release|Win32.ActiveCfg = Release|x86
		{701E1EF1-2FDC-4B0A-94A8-D6D1B82364A6}.Release|Win32.Build.0 = Release|x86
		{701E1EF1-2FDC-4B0A-94A8-D6D1B82364A6}.Release|Win32.Deploy.0 = Release|x86
		{701E1EF1-2FDC-4B0A-94A8-D6D1B82364A6}.Release|x64.ActiveCfg = Release|Any CPU
		{701E1EF1-2FDC-4B0A-94A8-D6D1B82364A6}.Release|x86.ActiveCfg = Release|x86
		{701E1EF1-2FDC-4B0A-94A8-D6D1B82364A6}.Release|x86.Build.0 = Release|x86
		{701E1EF1-2FDC-4B0A-94A8-D6D1B82364A6}.Release|x86.Deploy.0 = Release|x86
		{C4E11077-73C9-4CB7-8A81-0B64BF5013E9}.Debug|Any CPU.ActiveCfg = Debug|Any CPU
		{C4E11077-73C9-4CB7-8A81-0B64BF5013E9}.Debug|Any CPU.Build.0 = Debug|Any CPU
		{C4E11077-73C9-4CB7-8A81-0B64BF5013E9}.Debug|Any CPU.Deploy.0 = Debug|Any CPU
		{C4E11077-73C9-4CB7-8A81-0B64BF5013E9}.Debug|ARM.ActiveCfg = Debug|ARM
		{C4E11077-73C9-4CB7-8A81-0B64BF5013E9}.Debug|ARM.Build.0 = Debug|ARM
		{C4E11077-73C9-4CB7-8A81-0B64BF5013E9}.Debug|ARM.Deploy.0 = Debug|ARM
		{C4E11077-73C9-4CB7-8A81-0B64BF5013E9}.Debug|Mixed Platforms.ActiveCfg = Debug|x86
		{C4E11077-73C9-4CB7-8A81-0B64BF5013E9}.Debug|Mixed Platforms.Build.0 = Debug|x86
		{C4E11077-73C9-4CB7-8A81-0B64BF5013E9}.Debug|Mixed Platforms.Deploy.0 = Debug|x86
		{C4E11077-73C9-4CB7-8A81-0B64BF5013E9}.Debug|Win32.ActiveCfg = Debug|x86
		{C4E11077-73C9-4CB7-8A81-0B64BF5013E9}.Debug|Win32.Build.0 = Debug|x86
		{C4E11077-73C9-4CB7-8A81-0B64BF5013E9}.Debug|Win32.Deploy.0 = Debug|x86
		{C4E11077-73C9-4CB7-8A81-0B64BF5013E9}.Debug|x64.ActiveCfg = Debug|Any CPU
		{C4E11077-73C9-4CB7-8A81-0B64BF5013E9}.Debug|x86.ActiveCfg = Debug|x86
		{C4E11077-73C9-4CB7-8A81-0B64BF5013E9}.Debug|x86.Build.0 = Debug|x86
		{C4E11077-73C9-4CB7-8A81-0B64BF5013E9}.Debug|x86.Deploy.0 = Debug|x86
		{C4E11077-73C9-4CB7-8A81-0B64BF5013E9}.Release|Any CPU.ActiveCfg = Release|Any CPU
		{C4E11077-73C9-4CB7-8A81-0B64BF5013E9}.Release|Any CPU.Build.0 = Release|Any CPU
		{C4E11077-73C9-4CB7-8A81-0B64BF5013E9}.Release|Any CPU.Deploy.0 = Release|Any CPU
		{C4E11077-73C9-4CB7-8A81-0B64BF5013E9}.Release|ARM.ActiveCfg = Release|ARM
		{C4E11077-73C9-4CB7-8A81-0B64BF5013E9}.Release|ARM.Build.0 = Release|ARM
		{C4E11077-73C9-4CB7-8A81-0B64BF5013E9}.Release|ARM.Deploy.0 = Release|ARM
		{C4E11077-73C9-4CB7-8A81-0B64BF5013E9}.Release|Mixed Platforms.ActiveCfg = Release|x86
		{C4E11077-73C9-4CB7-8A81-0B64BF5013E9}.Release|Mixed Platforms.Build.0 = Release|x86
		{C4E11077-73C9-4CB7-8A81-0B64BF5013E9}.Release|Mixed Platforms.Deploy.0 = Release|x86
		{C4E11077-73C9-4CB7-8A81-0B64BF5013E9}.Release|Win32.ActiveCfg = Release|x86
		{C4E11077-73C9-4CB7-8A81-0B64BF5013E9}.Release|Win32.Build.0 = Release|x86
		{C4E11077-73C9-4CB7-8A81-0B64BF5013E9}.Release|Win32.Deploy.0 = Release|x86
		{C4E11077-73C9-4CB7-8A81-0B64BF5013E9}.Release|x64.ActiveCfg = Release|Any CPU
		{C4E11077-73C9-4CB7-8A81-0B64BF5013E9}.Release|x86.ActiveCfg = Release|x86
		{C4E11077-73C9-4CB7-8A81-0B64BF5013E9}.Release|x86.Build.0 = Release|x86
		{C4E11077-73C9-4CB7-8A81-0B64BF5013E9}.Release|x86.Deploy.0 = Release|x86
	EndGlobalSection
	GlobalSection(SolutionProperties) = preSolution
		HideSolutionNode = FALSE
	EndGlobalSection
	GlobalSection(NestedProjects) = preSolution
		{4B55F37F-21D4-40EE-8C6B-7FE0F32F61BE} = {9776E7D6-5AF8-417E-AD56-C17D3034C90E}
		{54144CA7-B859-4F79-B682-DAD92B4E3353} = {9776E7D6-5AF8-417E-AD56-C17D3034C90E}
		{D7C8C804-13D0-4046-95AE-AAABF5FD530C} = {2F831919-46CC-4BA4-AA1A-E765D3E18097}
		{C4E11077-73C9-4CB7-8A81-0B64BF5013E9} = {2F831919-46CC-4BA4-AA1A-E765D3E18097}
	EndGlobalSection
EndGlobal
