
Microsoft Visual Studio Solution File, Format Version 12.00
# Visual Studio 2013
VisualStudioVersion = 12.0.20617.1 PREVIEW
MinimumVisualStudioVersion = 10.0.40219.1
Project("{FAE04EC0-301F-11D3-BF4B-00C04F79EFBC}") = "Catrobat.IDE.WindowsPhone", "Catrobat.IDE.WindowsPhone\Catrobat.IDE.WindowsPhone.csproj", "{DFDB7A1F-50DA-4969-9E94-A7815AA493F1}"
EndProject
Project("{FAE04EC0-301F-11D3-BF4B-00C04F79EFBC}") = "Catrobat.Interpreter", "Catrobat.Interpreter\Catrobat.Interpreter.csproj", "{3B01DEDF-10A4-4596-8AD4-42E055E1F464}"
EndProject
Project("{FAE04EC0-301F-11D3-BF4B-00C04F79EFBC}") = "Catrobat.IDE.Core", "Catrobat.IDE.Core\Catrobat.IDE.Core.csproj", "{B9A8F82B-B859-45A0-8EB7-488D069323EB}"
EndProject
Project("{FAE04EC0-301F-11D3-BF4B-00C04F79EFBC}") = "Catrobat.IDE.WindowsStore", "Catrobat.IDE.WindowsStore\Catrobat.IDE.WindowsStore.csproj", "{FEAA8D9C-B3EF-4F2E-9723-86ABCD74AC2F}"
EndProject
Project("{FAE04EC0-301F-11D3-BF4B-00C04F79EFBC}") = "Catrobat.IDE.WindowsStore.Tests", "Catrobat.IDE.WindowsStore.Tests\Catrobat.IDE.WindowsStore.Tests.csproj", "{F4BCB24C-E2D0-4D46-9717-FC1DE9A145AB}"
EndProject
Project("{FAE04EC0-301F-11D3-BF4B-00C04F79EFBC}") = "Catrobat.IDE.WindowsPhone.Tests", "Catrobat.IDE.WindowsPhone.Tests\Catrobat.IDE.WindowsPhone.Tests.csproj", "{F450E3C5-1BF3-4B0B-8A44-4E2C50332627}"
EndProject
Project("{FAE04EC0-301F-11D3-BF4B-00C04F79EFBC}") = "Catrobat.IDE.Core.Tests", "Catrobat.IDE.Core.Tests\Catrobat.IDE.Core.Tests.csproj", "{8FC737D7-8A9B-4A08-9783-48CE77EFFAB8}"
EndProject
Project("{FAE04EC0-301F-11D3-BF4B-00C04F79EFBC}") = "Catrobat.Interpreter.Tests", "Catrobat.Interpreter.Tests\Catrobat.Interpreter.Tests.csproj", "{9718862F-E825-4BC4-9123-E355FCC0E57B}"
EndProject
Global
	GlobalSection(TeamFoundationVersionControl) = preSolution
		SccNumberOfProjects = 9
		SccEnterpriseProvider = {4CA58AB2-18FA-4F8D-95D4-32DDF27D184C}
		SccTeamFoundationServer = http://catrobat.ist.tugraz.at:8080/tfs/defaultcollection
		SccLocalPath0 = .
		SccProjectUniqueName1 = Catrobat.IDE.WindowsPhone\\Catrobat.IDE.WindowsPhone.csproj
		SccProjectName1 = Catrobat.IDE.WindowsPhone
		SccLocalPath1 = Catrobat.IDE.WindowsPhone
		SccProjectUniqueName2 = Catrobat.Interpreter\\Catrobat.Interpreter.csproj
		SccProjectName2 = Catrobat.Interpreter
		SccLocalPath2 = Catrobat.Interpreter
		SccProjectUniqueName3 = Catrobat.IDE.Core\\Catrobat.IDE.Core.csproj
		SccProjectName3 = Catrobat.IDE.Core
		SccLocalPath3 = Catrobat.IDE.Core
		SccProjectUniqueName4 = Catrobat.IDE.WindowsStore\\Catrobat.IDE.WindowsStore.csproj
		SccProjectName4 = Catrobat.IDE.WindowsStore
		SccLocalPath4 = Catrobat.IDE.WindowsStore
		SccProjectUniqueName5 = Catrobat.IDE.WindowsStore.Tests\\Catrobat.IDE.WindowsStore.Tests.csproj
		SccProjectName5 = Catrobat.IDE.WindowsStore.Tests
		SccLocalPath5 = Catrobat.IDE.WindowsStore.Tests
		SccProjectUniqueName6 = Catrobat.IDE.WindowsPhone.Tests\\Catrobat.IDE.WindowsPhone.Tests.csproj
		SccProjectName6 = Catrobat.IDE.WindowsPhone.Tests
		SccLocalPath6 = Catrobat.IDE.WindowsPhone.Tests
		SccProjectUniqueName7 = Catrobat.IDE.Core.Tests\\Catrobat.IDE.Core.Tests.csproj
		SccProjectName7 = Catrobat.IDE.Core.Tests
		SccLocalPath7 = Catrobat.IDE.Core.Tests
		SccProjectUniqueName8 = Catrobat.Interpreter.Tests\\Catrobat.Interpreter.Tests.csproj
		SccProjectName8 = Catrobat.Interpreter.Tests
		SccLocalPath8 = Catrobat.Interpreter.Tests
	EndGlobalSection
	GlobalSection(SolutionConfigurationPlatforms) = preSolution
		Debug|Any CPU = Debug|Any CPU
		Debug|ARM = Debug|ARM
		Debug|Mixed Platforms = Debug|Mixed Platforms
		Debug|x64 = Debug|x64
		Debug|x86 = Debug|x86
		Release|Any CPU = Release|Any CPU
		Release|ARM = Release|ARM
		Release|Mixed Platforms = Release|Mixed Platforms
		Release|x64 = Release|x64
		Release|x86 = Release|x86
	EndGlobalSection
	GlobalSection(ProjectConfigurationPlatforms) = postSolution
		{DFDB7A1F-50DA-4969-9E94-A7815AA493F1}.Debug|Any CPU.ActiveCfg = Debug|Any CPU
		{DFDB7A1F-50DA-4969-9E94-A7815AA493F1}.Debug|Any CPU.Build.0 = Debug|Any CPU
		{DFDB7A1F-50DA-4969-9E94-A7815AA493F1}.Debug|Any CPU.Deploy.0 = Debug|Any CPU
		{DFDB7A1F-50DA-4969-9E94-A7815AA493F1}.Debug|ARM.ActiveCfg = Debug|ARM
		{DFDB7A1F-50DA-4969-9E94-A7815AA493F1}.Debug|ARM.Build.0 = Debug|ARM
		{DFDB7A1F-50DA-4969-9E94-A7815AA493F1}.Debug|ARM.Deploy.0 = Debug|ARM
		{DFDB7A1F-50DA-4969-9E94-A7815AA493F1}.Debug|Mixed Platforms.ActiveCfg = Debug|x86
		{DFDB7A1F-50DA-4969-9E94-A7815AA493F1}.Debug|Mixed Platforms.Build.0 = Debug|x86
		{DFDB7A1F-50DA-4969-9E94-A7815AA493F1}.Debug|Mixed Platforms.Deploy.0 = Debug|x86
		{DFDB7A1F-50DA-4969-9E94-A7815AA493F1}.Debug|x64.ActiveCfg = Debug|Any CPU
		{DFDB7A1F-50DA-4969-9E94-A7815AA493F1}.Debug|x86.ActiveCfg = Debug|x86
		{DFDB7A1F-50DA-4969-9E94-A7815AA493F1}.Debug|x86.Build.0 = Debug|x86
		{DFDB7A1F-50DA-4969-9E94-A7815AA493F1}.Debug|x86.Deploy.0 = Debug|x86
		{DFDB7A1F-50DA-4969-9E94-A7815AA493F1}.Release|Any CPU.ActiveCfg = Release|Any CPU
		{DFDB7A1F-50DA-4969-9E94-A7815AA493F1}.Release|Any CPU.Build.0 = Release|Any CPU
		{DFDB7A1F-50DA-4969-9E94-A7815AA493F1}.Release|Any CPU.Deploy.0 = Release|Any CPU
		{DFDB7A1F-50DA-4969-9E94-A7815AA493F1}.Release|ARM.ActiveCfg = Release|ARM
		{DFDB7A1F-50DA-4969-9E94-A7815AA493F1}.Release|ARM.Build.0 = Release|ARM
		{DFDB7A1F-50DA-4969-9E94-A7815AA493F1}.Release|ARM.Deploy.0 = Release|ARM
		{DFDB7A1F-50DA-4969-9E94-A7815AA493F1}.Release|Mixed Platforms.ActiveCfg = Release|x86
		{DFDB7A1F-50DA-4969-9E94-A7815AA493F1}.Release|Mixed Platforms.Build.0 = Release|x86
		{DFDB7A1F-50DA-4969-9E94-A7815AA493F1}.Release|Mixed Platforms.Deploy.0 = Release|x86
		{DFDB7A1F-50DA-4969-9E94-A7815AA493F1}.Release|x64.ActiveCfg = Release|Any CPU
		{DFDB7A1F-50DA-4969-9E94-A7815AA493F1}.Release|x86.ActiveCfg = Release|x86
		{DFDB7A1F-50DA-4969-9E94-A7815AA493F1}.Release|x86.Build.0 = Release|x86
		{DFDB7A1F-50DA-4969-9E94-A7815AA493F1}.Release|x86.Deploy.0 = Release|x86
		{3B01DEDF-10A4-4596-8AD4-42E055E1F464}.Debug|Any CPU.ActiveCfg = Debug|Any CPU
		{3B01DEDF-10A4-4596-8AD4-42E055E1F464}.Debug|Any CPU.Build.0 = Debug|Any CPU
		{3B01DEDF-10A4-4596-8AD4-42E055E1F464}.Debug|ARM.ActiveCfg = Debug|Any CPU
		{3B01DEDF-10A4-4596-8AD4-42E055E1F464}.Debug|Mixed Platforms.ActiveCfg = Debug|Any CPU
		{3B01DEDF-10A4-4596-8AD4-42E055E1F464}.Debug|Mixed Platforms.Build.0 = Debug|Any CPU
		{3B01DEDF-10A4-4596-8AD4-42E055E1F464}.Debug|x64.ActiveCfg = Debug|Any CPU
		{3B01DEDF-10A4-4596-8AD4-42E055E1F464}.Debug|x86.ActiveCfg = Debug|Any CPU
		{3B01DEDF-10A4-4596-8AD4-42E055E1F464}.Release|Any CPU.ActiveCfg = Release|Any CPU
		{3B01DEDF-10A4-4596-8AD4-42E055E1F464}.Release|Any CPU.Build.0 = Release|Any CPU
		{3B01DEDF-10A4-4596-8AD4-42E055E1F464}.Release|ARM.ActiveCfg = Release|Any CPU
		{3B01DEDF-10A4-4596-8AD4-42E055E1F464}.Release|Mixed Platforms.ActiveCfg = Release|Any CPU
		{3B01DEDF-10A4-4596-8AD4-42E055E1F464}.Release|Mixed Platforms.Build.0 = Release|Any CPU
		{3B01DEDF-10A4-4596-8AD4-42E055E1F464}.Release|x64.ActiveCfg = Release|Any CPU
		{3B01DEDF-10A4-4596-8AD4-42E055E1F464}.Release|x86.ActiveCfg = Release|Any CPU
		{B9A8F82B-B859-45A0-8EB7-488D069323EB}.Debug|Any CPU.ActiveCfg = Debug|Any CPU
		{B9A8F82B-B859-45A0-8EB7-488D069323EB}.Debug|Any CPU.Build.0 = Debug|Any CPU
		{B9A8F82B-B859-45A0-8EB7-488D069323EB}.Debug|ARM.ActiveCfg = Debug|Any CPU
		{B9A8F82B-B859-45A0-8EB7-488D069323EB}.Debug|Mixed Platforms.ActiveCfg = Debug|Any CPU
		{B9A8F82B-B859-45A0-8EB7-488D069323EB}.Debug|Mixed Platforms.Build.0 = Debug|Any CPU
		{B9A8F82B-B859-45A0-8EB7-488D069323EB}.Debug|x64.ActiveCfg = Debug|Any CPU
		{B9A8F82B-B859-45A0-8EB7-488D069323EB}.Debug|x86.ActiveCfg = Debug|Any CPU
		{B9A8F82B-B859-45A0-8EB7-488D069323EB}.Release|Any CPU.ActiveCfg = Release|Any CPU
		{B9A8F82B-B859-45A0-8EB7-488D069323EB}.Release|Any CPU.Build.0 = Release|Any CPU
		{B9A8F82B-B859-45A0-8EB7-488D069323EB}.Release|ARM.ActiveCfg = Release|Any CPU
		{B9A8F82B-B859-45A0-8EB7-488D069323EB}.Release|Mixed Platforms.ActiveCfg = Release|Any CPU
		{B9A8F82B-B859-45A0-8EB7-488D069323EB}.Release|Mixed Platforms.Build.0 = Release|Any CPU
		{B9A8F82B-B859-45A0-8EB7-488D069323EB}.Release|x64.ActiveCfg = Release|Any CPU
		{B9A8F82B-B859-45A0-8EB7-488D069323EB}.Release|x86.ActiveCfg = Release|Any CPU
		{FEAA8D9C-B3EF-4F2E-9723-86ABCD74AC2F}.Debug|Any CPU.ActiveCfg = Debug|Any CPU
		{FEAA8D9C-B3EF-4F2E-9723-86ABCD74AC2F}.Debug|Any CPU.Build.0 = Debug|Any CPU
		{FEAA8D9C-B3EF-4F2E-9723-86ABCD74AC2F}.Debug|Any CPU.Deploy.0 = Debug|Any CPU
		{FEAA8D9C-B3EF-4F2E-9723-86ABCD74AC2F}.Debug|ARM.ActiveCfg = Debug|ARM
		{FEAA8D9C-B3EF-4F2E-9723-86ABCD74AC2F}.Debug|ARM.Build.0 = Debug|ARM
		{FEAA8D9C-B3EF-4F2E-9723-86ABCD74AC2F}.Debug|ARM.Deploy.0 = Debug|ARM
		{FEAA8D9C-B3EF-4F2E-9723-86ABCD74AC2F}.Debug|Mixed Platforms.ActiveCfg = Debug|x86
		{FEAA8D9C-B3EF-4F2E-9723-86ABCD74AC2F}.Debug|Mixed Platforms.Build.0 = Debug|x86
		{FEAA8D9C-B3EF-4F2E-9723-86ABCD74AC2F}.Debug|Mixed Platforms.Deploy.0 = Debug|x86
		{FEAA8D9C-B3EF-4F2E-9723-86ABCD74AC2F}.Debug|x64.ActiveCfg = Debug|x64
		{FEAA8D9C-B3EF-4F2E-9723-86ABCD74AC2F}.Debug|x64.Build.0 = Debug|x64
		{FEAA8D9C-B3EF-4F2E-9723-86ABCD74AC2F}.Debug|x64.Deploy.0 = Debug|x64
		{FEAA8D9C-B3EF-4F2E-9723-86ABCD74AC2F}.Debug|x86.ActiveCfg = Debug|x86
		{FEAA8D9C-B3EF-4F2E-9723-86ABCD74AC2F}.Debug|x86.Build.0 = Debug|x86
		{FEAA8D9C-B3EF-4F2E-9723-86ABCD74AC2F}.Debug|x86.Deploy.0 = Debug|x86
		{FEAA8D9C-B3EF-4F2E-9723-86ABCD74AC2F}.Release|Any CPU.ActiveCfg = Release|Any CPU
		{FEAA8D9C-B3EF-4F2E-9723-86ABCD74AC2F}.Release|Any CPU.Build.0 = Release|Any CPU
		{FEAA8D9C-B3EF-4F2E-9723-86ABCD74AC2F}.Release|Any CPU.Deploy.0 = Release|Any CPU
		{FEAA8D9C-B3EF-4F2E-9723-86ABCD74AC2F}.Release|ARM.ActiveCfg = Release|ARM
		{FEAA8D9C-B3EF-4F2E-9723-86ABCD74AC2F}.Release|ARM.Build.0 = Release|ARM
		{FEAA8D9C-B3EF-4F2E-9723-86ABCD74AC2F}.Release|ARM.Deploy.0 = Release|ARM
		{FEAA8D9C-B3EF-4F2E-9723-86ABCD74AC2F}.Release|Mixed Platforms.ActiveCfg = Release|x86
		{FEAA8D9C-B3EF-4F2E-9723-86ABCD74AC2F}.Release|Mixed Platforms.Build.0 = Release|x86
		{FEAA8D9C-B3EF-4F2E-9723-86ABCD74AC2F}.Release|Mixed Platforms.Deploy.0 = Release|x86
		{FEAA8D9C-B3EF-4F2E-9723-86ABCD74AC2F}.Release|x64.ActiveCfg = Release|x64
		{FEAA8D9C-B3EF-4F2E-9723-86ABCD74AC2F}.Release|x64.Build.0 = Release|x64
		{FEAA8D9C-B3EF-4F2E-9723-86ABCD74AC2F}.Release|x64.Deploy.0 = Release|x64
		{FEAA8D9C-B3EF-4F2E-9723-86ABCD74AC2F}.Release|x86.ActiveCfg = Release|x86
		{FEAA8D9C-B3EF-4F2E-9723-86ABCD74AC2F}.Release|x86.Build.0 = Release|x86
		{FEAA8D9C-B3EF-4F2E-9723-86ABCD74AC2F}.Release|x86.Deploy.0 = Release|x86
		{F4BCB24C-E2D0-4D46-9717-FC1DE9A145AB}.Debug|Any CPU.ActiveCfg = Debug|Any CPU
		{F4BCB24C-E2D0-4D46-9717-FC1DE9A145AB}.Debug|Any CPU.Build.0 = Debug|Any CPU
		{F4BCB24C-E2D0-4D46-9717-FC1DE9A145AB}.Debug|Any CPU.Deploy.0 = Debug|Any CPU
		{F4BCB24C-E2D0-4D46-9717-FC1DE9A145AB}.Debug|ARM.ActiveCfg = Debug|ARM
		{F4BCB24C-E2D0-4D46-9717-FC1DE9A145AB}.Debug|ARM.Build.0 = Debug|ARM
		{F4BCB24C-E2D0-4D46-9717-FC1DE9A145AB}.Debug|ARM.Deploy.0 = Debug|ARM
		{F4BCB24C-E2D0-4D46-9717-FC1DE9A145AB}.Debug|Mixed Platforms.ActiveCfg = Debug|x86
		{F4BCB24C-E2D0-4D46-9717-FC1DE9A145AB}.Debug|Mixed Platforms.Build.0 = Debug|x86
		{F4BCB24C-E2D0-4D46-9717-FC1DE9A145AB}.Debug|Mixed Platforms.Deploy.0 = Debug|x86
		{F4BCB24C-E2D0-4D46-9717-FC1DE9A145AB}.Debug|x64.ActiveCfg = Debug|x64
		{F4BCB24C-E2D0-4D46-9717-FC1DE9A145AB}.Debug|x64.Build.0 = Debug|x64
		{F4BCB24C-E2D0-4D46-9717-FC1DE9A145AB}.Debug|x64.Deploy.0 = Debug|x64
		{F4BCB24C-E2D0-4D46-9717-FC1DE9A145AB}.Debug|x86.ActiveCfg = Debug|x86
		{F4BCB24C-E2D0-4D46-9717-FC1DE9A145AB}.Debug|x86.Build.0 = Debug|x86
		{F4BCB24C-E2D0-4D46-9717-FC1DE9A145AB}.Debug|x86.Deploy.0 = Debug|x86
		{F4BCB24C-E2D0-4D46-9717-FC1DE9A145AB}.Release|Any CPU.ActiveCfg = Release|Any CPU
		{F4BCB24C-E2D0-4D46-9717-FC1DE9A145AB}.Release|Any CPU.Build.0 = Release|Any CPU
		{F4BCB24C-E2D0-4D46-9717-FC1DE9A145AB}.Release|Any CPU.Deploy.0 = Release|Any CPU
		{F4BCB24C-E2D0-4D46-9717-FC1DE9A145AB}.Release|ARM.ActiveCfg = Release|ARM
		{F4BCB24C-E2D0-4D46-9717-FC1DE9A145AB}.Release|ARM.Build.0 = Release|ARM
		{F4BCB24C-E2D0-4D46-9717-FC1DE9A145AB}.Release|ARM.Deploy.0 = Release|ARM
		{F4BCB24C-E2D0-4D46-9717-FC1DE9A145AB}.Release|Mixed Platforms.ActiveCfg = Release|x86
		{F4BCB24C-E2D0-4D46-9717-FC1DE9A145AB}.Release|Mixed Platforms.Build.0 = Release|x86
		{F4BCB24C-E2D0-4D46-9717-FC1DE9A145AB}.Release|Mixed Platforms.Deploy.0 = Release|x86
		{F4BCB24C-E2D0-4D46-9717-FC1DE9A145AB}.Release|x64.ActiveCfg = Release|x64
		{F4BCB24C-E2D0-4D46-9717-FC1DE9A145AB}.Release|x64.Build.0 = Release|x64
		{F4BCB24C-E2D0-4D46-9717-FC1DE9A145AB}.Release|x64.Deploy.0 = Release|x64
		{F4BCB24C-E2D0-4D46-9717-FC1DE9A145AB}.Release|x86.ActiveCfg = Release|x86
		{F4BCB24C-E2D0-4D46-9717-FC1DE9A145AB}.Release|x86.Build.0 = Release|x86
		{F4BCB24C-E2D0-4D46-9717-FC1DE9A145AB}.Release|x86.Deploy.0 = Release|x86
		{F450E3C5-1BF3-4B0B-8A44-4E2C50332627}.Debug|Any CPU.ActiveCfg = Debug|x86
		{F450E3C5-1BF3-4B0B-8A44-4E2C50332627}.Debug|ARM.ActiveCfg = Debug|ARM
		{F450E3C5-1BF3-4B0B-8A44-4E2C50332627}.Debug|ARM.Build.0 = Debug|ARM
		{F450E3C5-1BF3-4B0B-8A44-4E2C50332627}.Debug|ARM.Deploy.0 = Debug|ARM
		{F450E3C5-1BF3-4B0B-8A44-4E2C50332627}.Debug|Mixed Platforms.ActiveCfg = Debug|x86
		{F450E3C5-1BF3-4B0B-8A44-4E2C50332627}.Debug|Mixed Platforms.Build.0 = Debug|x86
		{F450E3C5-1BF3-4B0B-8A44-4E2C50332627}.Debug|Mixed Platforms.Deploy.0 = Debug|x86
		{F450E3C5-1BF3-4B0B-8A44-4E2C50332627}.Debug|x64.ActiveCfg = Debug|x86
		{F450E3C5-1BF3-4B0B-8A44-4E2C50332627}.Debug|x86.ActiveCfg = Debug|x86
		{F450E3C5-1BF3-4B0B-8A44-4E2C50332627}.Debug|x86.Build.0 = Debug|x86
		{F450E3C5-1BF3-4B0B-8A44-4E2C50332627}.Debug|x86.Deploy.0 = Debug|x86
		{F450E3C5-1BF3-4B0B-8A44-4E2C50332627}.Release|Any CPU.ActiveCfg = Release|x86
		{F450E3C5-1BF3-4B0B-8A44-4E2C50332627}.Release|ARM.ActiveCfg = Release|ARM
		{F450E3C5-1BF3-4B0B-8A44-4E2C50332627}.Release|ARM.Build.0 = Release|ARM
		{F450E3C5-1BF3-4B0B-8A44-4E2C50332627}.Release|ARM.Deploy.0 = Release|ARM
		{F450E3C5-1BF3-4B0B-8A44-4E2C50332627}.Release|Mixed Platforms.ActiveCfg = Release|x86
		{F450E3C5-1BF3-4B0B-8A44-4E2C50332627}.Release|Mixed Platforms.Build.0 = Release|x86
		{F450E3C5-1BF3-4B0B-8A44-4E2C50332627}.Release|Mixed Platforms.Deploy.0 = Release|x86
		{F450E3C5-1BF3-4B0B-8A44-4E2C50332627}.Release|x64.ActiveCfg = Release|x86
		{F450E3C5-1BF3-4B0B-8A44-4E2C50332627}.Release|x86.ActiveCfg = Release|x86
		{F450E3C5-1BF3-4B0B-8A44-4E2C50332627}.Release|x86.Build.0 = Release|x86
		{F450E3C5-1BF3-4B0B-8A44-4E2C50332627}.Release|x86.Deploy.0 = Release|x86
		{8FC737D7-8A9B-4A08-9783-48CE77EFFAB8}.Debug|Any CPU.ActiveCfg = Debug|Any CPU
		{8FC737D7-8A9B-4A08-9783-48CE77EFFAB8}.Debug|Any CPU.Build.0 = Debug|Any CPU
		{8FC737D7-8A9B-4A08-9783-48CE77EFFAB8}.Debug|ARM.ActiveCfg = Debug|Any CPU
		{8FC737D7-8A9B-4A08-9783-48CE77EFFAB8}.Debug|Mixed Platforms.ActiveCfg = Debug|Any CPU
		{8FC737D7-8A9B-4A08-9783-48CE77EFFAB8}.Debug|Mixed Platforms.Build.0 = Debug|Any CPU
		{8FC737D7-8A9B-4A08-9783-48CE77EFFAB8}.Debug|x64.ActiveCfg = Debug|Any CPU
		{8FC737D7-8A9B-4A08-9783-48CE77EFFAB8}.Debug|x86.ActiveCfg = Debug|Any CPU
		{8FC737D7-8A9B-4A08-9783-48CE77EFFAB8}.Release|Any CPU.ActiveCfg = Release|Any CPU
		{8FC737D7-8A9B-4A08-9783-48CE77EFFAB8}.Release|Any CPU.Build.0 = Release|Any CPU
		{8FC737D7-8A9B-4A08-9783-48CE77EFFAB8}.Release|ARM.ActiveCfg = Release|Any CPU
		{8FC737D7-8A9B-4A08-9783-48CE77EFFAB8}.Release|Mixed Platforms.ActiveCfg = Release|Any CPU
		{8FC737D7-8A9B-4A08-9783-48CE77EFFAB8}.Release|Mixed Platforms.Build.0 = Release|Any CPU
		{8FC737D7-8A9B-4A08-9783-48CE77EFFAB8}.Release|x64.ActiveCfg = Release|Any CPU
		{8FC737D7-8A9B-4A08-9783-48CE77EFFAB8}.Release|x86.ActiveCfg = Release|Any CPU
		{9718862F-E825-4BC4-9123-E355FCC0E57B}.Debug|Any CPU.ActiveCfg = Debug|Any CPU
		{9718862F-E825-4BC4-9123-E355FCC0E57B}.Debug|Any CPU.Build.0 = Debug|Any CPU
		{9718862F-E825-4BC4-9123-E355FCC0E57B}.Debug|ARM.ActiveCfg = Debug|Any CPU
		{9718862F-E825-4BC4-9123-E355FCC0E57B}.Debug|Mixed Platforms.ActiveCfg = Debug|Any CPU
		{9718862F-E825-4BC4-9123-E355FCC0E57B}.Debug|Mixed Platforms.Build.0 = Debug|Any CPU
		{9718862F-E825-4BC4-9123-E355FCC0E57B}.Debug|x64.ActiveCfg = Debug|Any CPU
		{9718862F-E825-4BC4-9123-E355FCC0E57B}.Debug|x86.ActiveCfg = Debug|Any CPU
		{9718862F-E825-4BC4-9123-E355FCC0E57B}.Release|Any CPU.ActiveCfg = Release|Any CPU
		{9718862F-E825-4BC4-9123-E355FCC0E57B}.Release|Any CPU.Build.0 = Release|Any CPU
		{9718862F-E825-4BC4-9123-E355FCC0E57B}.Release|ARM.ActiveCfg = Release|Any CPU
		{9718862F-E825-4BC4-9123-E355FCC0E57B}.Release|Mixed Platforms.ActiveCfg = Release|Any CPU
		{9718862F-E825-4BC4-9123-E355FCC0E57B}.Release|Mixed Platforms.Build.0 = Release|Any CPU
		{9718862F-E825-4BC4-9123-E355FCC0E57B}.Release|x64.ActiveCfg = Release|Any CPU
		{9718862F-E825-4BC4-9123-E355FCC0E57B}.Release|x86.ActiveCfg = Release|Any CPU
	EndGlobalSection
	GlobalSection(SolutionProperties) = preSolution
		HideSolutionNode = FALSE
	EndGlobalSection
EndGlobal
