
Microsoft Visual Studio Solution File, Format Version 12.00
# Visual Studio 14
VisualStudioVersion = 14.0.25420.1
MinimumVisualStudioVersion = 10.0.40219.1
Project("{2150E333-8FDC-42A3-9474-1A3956D46DE8}") = "Catrobat", "Catrobat", "{F4DC1FC7-F8C6-4531-A637-B99E4D3B6D9D}"
EndProject
Project("{D954291E-2A0B-460D-934E-DC6B0785DB48}") = "Catrobat.Shared", "Catrobat\Catrobat.Shared\Catrobat.Shared.shproj", "{EC31C574-6A2A-4056-BD46-4B58891ACD8B}"
EndProject
Project("{FAE04EC0-301F-11D3-BF4B-00C04F79EFBC}") = "Catrobat.WindowsPhone", "Catrobat\Catrobat.WindowsPhone\Catrobat.WindowsPhone.csproj", "{FBB3118E-1A31-47FA-BF90-BC92C3E1BA4A}"
	ProjectSection(ProjectDependencies) = postProject
		{54144CA7-B859-4F79-B682-DAD92B4E3353} = {54144CA7-B859-4F79-B682-DAD92B4E3353}
	EndProjectSection
EndProject
Project("{2150E333-8FDC-42A3-9474-1A3956D46DE8}") = "Catrobat.Player", "Catrobat.Player", "{F09D2740-B2B4-4EE7-9649-CE02D67ED61C}"
EndProject
Project("{8BC9CEB8-8B4A-11D0-8D11-00A0C91BC942}") = "Catrobat.Player.WindowsPhone", "..\..\Submodules\CatrobatForWindowsSubPlayer\Catrobat.Player\Catrobat.Player.WindowsPhone\Catrobat.Player.WindowsPhone.vcxproj", "{54144CA7-B859-4F79-B682-DAD92B4E3353}"
EndProject
Project("{8BC9CEB8-8B4A-11D0-8D11-00A0C91BC942}") = "Catrobat.Player.Shared", "..\..\Submodules\CatrobatForWindowsSubPlayer\Catrobat.Player\Catrobat.Player.Shared\Catrobat.Player.Shared.vcxitems", "{4B55F37F-21D4-40EE-8C6B-7FE0F32F61BE}"
EndProject
Project("{FAE04EC0-301F-11D3-BF4B-00C04F79EFBC}") = "Catrobat.Xml", "Catrobat.Xml\Catrobat.Xml.csproj", "{5A97F09E-BEB2-48EE-BEC2-BEDEA5A4145D}"
	ProjectSection(ProjectDependencies) = postProject
		{54144CA7-B859-4F79-B682-DAD92B4E3353} = {54144CA7-B859-4F79-B682-DAD92B4E3353}
	EndProjectSection
EndProject
Project("{FAE04EC0-301F-11D3-BF4B-00C04F79EFBC}") = "Catrobat.Core", "Catrobat.Core\Catrobat.Core.csproj", "{E2E83DD3-7C09-4AAE-B8F6-357C0DA2317E}"
EndProject
Project("{2150E333-8FDC-42A3-9474-1A3956D46DE8}") = "Catrobat.Test", "Catrobat.Test", "{084E9821-E283-40F0-BECE-8A6722B4F0A0}"
EndProject
Project("{FAE04EC0-301F-11D3-BF4B-00C04F79EFBC}") = "Catrobat.XML_Test", "Catrobat.XML_Test\Catrobat.XML_Test.csproj", "{E139CD96-941B-41C0-82B9-D7A2D3B12A05}"
EndProject
Project("{FAE04EC0-301F-11D3-BF4B-00C04F79EFBC}") = "Saving_Test", "Saving_Test\Saving_Test.csproj", "{2F87AC17-B7D6-4B03-B180-E7A376330A3B}"
EndProject
Global
	GlobalSection(SharedMSBuildProjectFiles) = preSolution
		..\..\Submodules\CatrobatForWindowsSubPlayer\Catrobat.Player\Catrobat.Player.Shared\Catrobat.Player.Shared.vcxitems*{4b55f37f-21d4-40ee-8c6b-7fe0f32f61be}*SharedItemsImports = 9
		..\..\Submodules\CatrobatForWindowsSubPlayer\Catrobat.Player\Catrobat.Player.Shared\Catrobat.Player.Shared.vcxitems*{54144ca7-b859-4f79-b682-dad92b4e3353}*SharedItemsImports = 4
		Catrobat\Catrobat.Shared\Catrobat.Shared.projitems*{ec31c574-6a2a-4056-bd46-4b58891acd8b}*SharedItemsImports = 13
		Catrobat\Catrobat.Shared\Catrobat.Shared.projitems*{fbb3118e-1a31-47fa-bf90-bc92c3e1ba4a}*SharedItemsImports = 4
	EndGlobalSection
	GlobalSection(SolutionConfigurationPlatforms) = preSolution
		Debug|Any CPU = Debug|Any CPU
		Debug|ARM = Debug|ARM
		Debug|Mixed Platforms = Debug|Mixed Platforms
		Debug|x64 = Debug|x64
		Debug|x86 = Debug|x86
		Release|Any CPU = Release|Any CPU
		Release|ARM = Release|ARM
		Release|Mixed Platforms = Release|Mixed Platforms
		Release|x64 = Release|x64
		Release|x86 = Release|x86
	EndGlobalSection
	GlobalSection(ProjectConfigurationPlatforms) = postSolution
		{FBB3118E-1A31-47FA-BF90-BC92C3E1BA4A}.Debug|Any CPU.ActiveCfg = Debug|Any CPU
		{FBB3118E-1A31-47FA-BF90-BC92C3E1BA4A}.Debug|Any CPU.Build.0 = Debug|Any CPU
		{FBB3118E-1A31-47FA-BF90-BC92C3E1BA4A}.Debug|Any CPU.Deploy.0 = Debug|Any CPU
		{FBB3118E-1A31-47FA-BF90-BC92C3E1BA4A}.Debug|ARM.ActiveCfg = Debug|ARM
		{FBB3118E-1A31-47FA-BF90-BC92C3E1BA4A}.Debug|ARM.Build.0 = Debug|ARM
		{FBB3118E-1A31-47FA-BF90-BC92C3E1BA4A}.Debug|ARM.Deploy.0 = Debug|ARM
		{FBB3118E-1A31-47FA-BF90-BC92C3E1BA4A}.Debug|Mixed Platforms.ActiveCfg = Debug|x86
		{FBB3118E-1A31-47FA-BF90-BC92C3E1BA4A}.Debug|Mixed Platforms.Build.0 = Debug|x86
		{FBB3118E-1A31-47FA-BF90-BC92C3E1BA4A}.Debug|Mixed Platforms.Deploy.0 = Debug|x86
		{FBB3118E-1A31-47FA-BF90-BC92C3E1BA4A}.Debug|x64.ActiveCfg = Debug|Any CPU
		{FBB3118E-1A31-47FA-BF90-BC92C3E1BA4A}.Debug|x64.Build.0 = Debug|Any CPU
		{FBB3118E-1A31-47FA-BF90-BC92C3E1BA4A}.Debug|x64.Deploy.0 = Debug|Any CPU
		{FBB3118E-1A31-47FA-BF90-BC92C3E1BA4A}.Debug|x86.ActiveCfg = Debug|x86
		{FBB3118E-1A31-47FA-BF90-BC92C3E1BA4A}.Debug|x86.Build.0 = Debug|x86
		{FBB3118E-1A31-47FA-BF90-BC92C3E1BA4A}.Debug|x86.Deploy.0 = Debug|x86
		{FBB3118E-1A31-47FA-BF90-BC92C3E1BA4A}.Release|Any CPU.ActiveCfg = Release|Any CPU
		{FBB3118E-1A31-47FA-BF90-BC92C3E1BA4A}.Release|Any CPU.Build.0 = Release|Any CPU
		{FBB3118E-1A31-47FA-BF90-BC92C3E1BA4A}.Release|Any CPU.Deploy.0 = Release|Any CPU
		{FBB3118E-1A31-47FA-BF90-BC92C3E1BA4A}.Release|ARM.ActiveCfg = Release|ARM
		{FBB3118E-1A31-47FA-BF90-BC92C3E1BA4A}.Release|ARM.Build.0 = Release|ARM
		{FBB3118E-1A31-47FA-BF90-BC92C3E1BA4A}.Release|ARM.Deploy.0 = Release|ARM
		{FBB3118E-1A31-47FA-BF90-BC92C3E1BA4A}.Release|Mixed Platforms.ActiveCfg = Release|x86
		{FBB3118E-1A31-47FA-BF90-BC92C3E1BA4A}.Release|Mixed Platforms.Build.0 = Release|x86
		{FBB3118E-1A31-47FA-BF90-BC92C3E1BA4A}.Release|Mixed Platforms.Deploy.0 = Release|x86
		{FBB3118E-1A31-47FA-BF90-BC92C3E1BA4A}.Release|x64.ActiveCfg = Release|Any CPU
		{FBB3118E-1A31-47FA-BF90-BC92C3E1BA4A}.Release|x64.Build.0 = Release|Any CPU
		{FBB3118E-1A31-47FA-BF90-BC92C3E1BA4A}.Release|x64.Deploy.0 = Release|Any CPU
		{FBB3118E-1A31-47FA-BF90-BC92C3E1BA4A}.Release|x86.ActiveCfg = Release|x86
		{FBB3118E-1A31-47FA-BF90-BC92C3E1BA4A}.Release|x86.Build.0 = Release|x86
		{FBB3118E-1A31-47FA-BF90-BC92C3E1BA4A}.Release|x86.Deploy.0 = Release|x86
		{54144CA7-B859-4F79-B682-DAD92B4E3353}.Debug|Any CPU.ActiveCfg = Debug|Win32
		{54144CA7-B859-4F79-B682-DAD92B4E3353}.Debug|ARM.ActiveCfg = Debug|ARM
		{54144CA7-B859-4F79-B682-DAD92B4E3353}.Debug|ARM.Build.0 = Debug|ARM
		{54144CA7-B859-4F79-B682-DAD92B4E3353}.Debug|Mixed Platforms.ActiveCfg = Debug|Win32
		{54144CA7-B859-4F79-B682-DAD92B4E3353}.Debug|Mixed Platforms.Build.0 = Debug|Win32
		{54144CA7-B859-4F79-B682-DAD92B4E3353}.Debug|x64.ActiveCfg = Debug|Win32
		{54144CA7-B859-4F79-B682-DAD92B4E3353}.Debug|x86.ActiveCfg = Debug|Win32
		{54144CA7-B859-4F79-B682-DAD92B4E3353}.Debug|x86.Build.0 = Debug|Win32
		{54144CA7-B859-4F79-B682-DAD92B4E3353}.Release|Any CPU.ActiveCfg = Release|Win32
		{54144CA7-B859-4F79-B682-DAD92B4E3353}.Release|ARM.ActiveCfg = Release|ARM
		{54144CA7-B859-4F79-B682-DAD92B4E3353}.Release|ARM.Build.0 = Release|ARM
		{54144CA7-B859-4F79-B682-DAD92B4E3353}.Release|Mixed Platforms.ActiveCfg = Release|Win32
		{54144CA7-B859-4F79-B682-DAD92B4E3353}.Release|Mixed Platforms.Build.0 = Release|Win32
		{54144CA7-B859-4F79-B682-DAD92B4E3353}.Release|x64.ActiveCfg = Release|Win32
		{54144CA7-B859-4F79-B682-DAD92B4E3353}.Release|x86.ActiveCfg = Release|Win32
		{54144CA7-B859-4F79-B682-DAD92B4E3353}.Release|x86.Build.0 = Release|Win32
		{5A97F09E-BEB2-48EE-BEC2-BEDEA5A4145D}.Debug|Any CPU.ActiveCfg = Debug|Any CPU
		{5A97F09E-BEB2-48EE-BEC2-BEDEA5A4145D}.Debug|Any CPU.Build.0 = Debug|Any CPU
		{5A97F09E-BEB2-48EE-BEC2-BEDEA5A4145D}.Debug|ARM.ActiveCfg = Debug|ARM
		{5A97F09E-BEB2-48EE-BEC2-BEDEA5A4145D}.Debug|ARM.Build.0 = Debug|ARM
		{5A97F09E-BEB2-48EE-BEC2-BEDEA5A4145D}.Debug|Mixed Platforms.ActiveCfg = Debug|x86
		{5A97F09E-BEB2-48EE-BEC2-BEDEA5A4145D}.Debug|Mixed Platforms.Build.0 = Debug|x86
		{5A97F09E-BEB2-48EE-BEC2-BEDEA5A4145D}.Debug|x64.ActiveCfg = Debug|Any CPU
		{5A97F09E-BEB2-48EE-BEC2-BEDEA5A4145D}.Debug|x64.Build.0 = Debug|Any CPU
		{5A97F09E-BEB2-48EE-BEC2-BEDEA5A4145D}.Debug|x86.ActiveCfg = Debug|x86
		{5A97F09E-BEB2-48EE-BEC2-BEDEA5A4145D}.Debug|x86.Build.0 = Debug|x86
		{5A97F09E-BEB2-48EE-BEC2-BEDEA5A4145D}.Release|Any CPU.ActiveCfg = Release|Any CPU
		{5A97F09E-BEB2-48EE-BEC2-BEDEA5A4145D}.Release|Any CPU.Build.0 = Release|Any CPU
		{5A97F09E-BEB2-48EE-BEC2-BEDEA5A4145D}.Release|ARM.ActiveCfg = Release|ARM
		{5A97F09E-BEB2-48EE-BEC2-BEDEA5A4145D}.Release|ARM.Build.0 = Release|ARM
		{5A97F09E-BEB2-48EE-BEC2-BEDEA5A4145D}.Release|Mixed Platforms.ActiveCfg = Release|x86
		{5A97F09E-BEB2-48EE-BEC2-BEDEA5A4145D}.Release|Mixed Platforms.Build.0 = Release|x86
		{5A97F09E-BEB2-48EE-BEC2-BEDEA5A4145D}.Release|x64.ActiveCfg = Release|Any CPU
		{5A97F09E-BEB2-48EE-BEC2-BEDEA5A4145D}.Release|x64.Build.0 = Release|Any CPU
		{5A97F09E-BEB2-48EE-BEC2-BEDEA5A4145D}.Release|x86.ActiveCfg = Release|x86
		{5A97F09E-BEB2-48EE-BEC2-BEDEA5A4145D}.Release|x86.Build.0 = Release|x86
		{E2E83DD3-7C09-4AAE-B8F6-357C0DA2317E}.Debug|Any CPU.ActiveCfg = Debug|Any CPU
		{E2E83DD3-7C09-4AAE-B8F6-357C0DA2317E}.Debug|Any CPU.Build.0 = Debug|Any CPU
		{E2E83DD3-7C09-4AAE-B8F6-357C0DA2317E}.Debug|ARM.ActiveCfg = Debug|ARM
		{E2E83DD3-7C09-4AAE-B8F6-357C0DA2317E}.Debug|ARM.Build.0 = Debug|ARM
		{E2E83DD3-7C09-4AAE-B8F6-357C0DA2317E}.Debug|Mixed Platforms.ActiveCfg = Debug|x86
		{E2E83DD3-7C09-4AAE-B8F6-357C0DA2317E}.Debug|Mixed Platforms.Build.0 = Debug|x86
		{E2E83DD3-7C09-4AAE-B8F6-357C0DA2317E}.Debug|x64.ActiveCfg = Debug|Any CPU
		{E2E83DD3-7C09-4AAE-B8F6-357C0DA2317E}.Debug|x64.Build.0 = Debug|Any CPU
		{E2E83DD3-7C09-4AAE-B8F6-357C0DA2317E}.Debug|x86.ActiveCfg = Debug|x86
		{E2E83DD3-7C09-4AAE-B8F6-357C0DA2317E}.Debug|x86.Build.0 = Debug|x86
		{E2E83DD3-7C09-4AAE-B8F6-357C0DA2317E}.Release|Any CPU.ActiveCfg = Release|Any CPU
		{E2E83DD3-7C09-4AAE-B8F6-357C0DA2317E}.Release|Any CPU.Build.0 = Release|Any CPU
		{E2E83DD3-7C09-4AAE-B8F6-357C0DA2317E}.Release|ARM.ActiveCfg = Release|ARM
		{E2E83DD3-7C09-4AAE-B8F6-357C0DA2317E}.Release|ARM.Build.0 = Release|ARM
		{E2E83DD3-7C09-4AAE-B8F6-357C0DA2317E}.Release|Mixed Platforms.ActiveCfg = Release|x86
		{E2E83DD3-7C09-4AAE-B8F6-357C0DA2317E}.Release|Mixed Platforms.Build.0 = Release|x86
		{E2E83DD3-7C09-4AAE-B8F6-357C0DA2317E}.Release|x64.ActiveCfg = Release|Any CPU
		{E2E83DD3-7C09-4AAE-B8F6-357C0DA2317E}.Release|x64.Build.0 = Release|Any CPU
		{E2E83DD3-7C09-4AAE-B8F6-357C0DA2317E}.Release|x86.ActiveCfg = Release|x86
		{E2E83DD3-7C09-4AAE-B8F6-357C0DA2317E}.Release|x86.Build.0 = Release|x86
		{E139CD96-941B-41C0-82B9-D7A2D3B12A05}.Debug|Any CPU.ActiveCfg = Debug|x86
		{E139CD96-941B-41C0-82B9-D7A2D3B12A05}.Debug|ARM.ActiveCfg = Debug|ARM
		{E139CD96-941B-41C0-82B9-D7A2D3B12A05}.Debug|ARM.Build.0 = Debug|ARM
		{E139CD96-941B-41C0-82B9-D7A2D3B12A05}.Debug|ARM.Deploy.0 = Debug|ARM
		{E139CD96-941B-41C0-82B9-D7A2D3B12A05}.Debug|Mixed Platforms.ActiveCfg = Debug|x86
		{E139CD96-941B-41C0-82B9-D7A2D3B12A05}.Debug|Mixed Platforms.Build.0 = Debug|x86
		{E139CD96-941B-41C0-82B9-D7A2D3B12A05}.Debug|Mixed Platforms.Deploy.0 = Debug|x86
		{E139CD96-941B-41C0-82B9-D7A2D3B12A05}.Debug|x64.ActiveCfg = Debug|x86
		{E139CD96-941B-41C0-82B9-D7A2D3B12A05}.Debug|x86.ActiveCfg = Debug|x86
		{E139CD96-941B-41C0-82B9-D7A2D3B12A05}.Debug|x86.Build.0 = Debug|x86
		{E139CD96-941B-41C0-82B9-D7A2D3B12A05}.Debug|x86.Deploy.0 = Debug|x86
		{E139CD96-941B-41C0-82B9-D7A2D3B12A05}.Release|Any CPU.ActiveCfg = Release|x86
		{E139CD96-941B-41C0-82B9-D7A2D3B12A05}.Release|ARM.ActiveCfg = Release|ARM
		{E139CD96-941B-41C0-82B9-D7A2D3B12A05}.Release|ARM.Build.0 = Release|ARM
		{E139CD96-941B-41C0-82B9-D7A2D3B12A05}.Release|ARM.Deploy.0 = Release|ARM
		{E139CD96-941B-41C0-82B9-D7A2D3B12A05}.Release|Mixed Platforms.ActiveCfg = Release|x86
		{E139CD96-941B-41C0-82B9-D7A2D3B12A05}.Release|Mixed Platforms.Build.0 = Release|x86
		{E139CD96-941B-41C0-82B9-D7A2D3B12A05}.Release|Mixed Platforms.Deploy.0 = Release|x86
		{E139CD96-941B-41C0-82B9-D7A2D3B12A05}.Release|x64.ActiveCfg = Release|x86
		{E139CD96-941B-41C0-82B9-D7A2D3B12A05}.Release|x86.ActiveCfg = Release|x86
		{E139CD96-941B-41C0-82B9-D7A2D3B12A05}.Release|x86.Build.0 = Release|x86
		{E139CD96-941B-41C0-82B9-D7A2D3B12A05}.Release|x86.Deploy.0 = Release|x86
		{2F87AC17-B7D6-4B03-B180-E7A376330A3B}.Debug|Any CPU.ActiveCfg = Debug|x86
		{2F87AC17-B7D6-4B03-B180-E7A376330A3B}.Debug|ARM.ActiveCfg = Debug|ARM
		{2F87AC17-B7D6-4B03-B180-E7A376330A3B}.Debug|ARM.Build.0 = Debug|ARM
		{2F87AC17-B7D6-4B03-B180-E7A376330A3B}.Debug|ARM.Deploy.0 = Debug|ARM
		{2F87AC17-B7D6-4B03-B180-E7A376330A3B}.Debug|Mixed Platforms.ActiveCfg = Debug|x86
		{2F87AC17-B7D6-4B03-B180-E7A376330A3B}.Debug|Mixed Platforms.Build.0 = Debug|x86
		{2F87AC17-B7D6-4B03-B180-E7A376330A3B}.Debug|Mixed Platforms.Deploy.0 = Debug|x86
		{2F87AC17-B7D6-4B03-B180-E7A376330A3B}.Debug|x64.ActiveCfg = Debug|x86
		{2F87AC17-B7D6-4B03-B180-E7A376330A3B}.Debug|x86.ActiveCfg = Debug|x86
		{2F87AC17-B7D6-4B03-B180-E7A376330A3B}.Debug|x86.Build.0 = Debug|x86
		{2F87AC17-B7D6-4B03-B180-E7A376330A3B}.Debug|x86.Deploy.0 = Debug|x86
		{2F87AC17-B7D6-4B03-B180-E7A376330A3B}.Release|Any CPU.ActiveCfg = Release|x86
		{2F87AC17-B7D6-4B03-B180-E7A376330A3B}.Release|ARM.ActiveCfg = Release|ARM
		{2F87AC17-B7D6-4B03-B180-E7A376330A3B}.Release|ARM.Build.0 = Release|ARM
		{2F87AC17-B7D6-4B03-B180-E7A376330A3B}.Release|ARM.Deploy.0 = Release|ARM
		{2F87AC17-B7D6-4B03-B180-E7A376330A3B}.Release|Mixed Platforms.ActiveCfg = Release|x86
		{2F87AC17-B7D6-4B03-B180-E7A376330A3B}.Release|Mixed Platforms.Build.0 = Release|x86
		{2F87AC17-B7D6-4B03-B180-E7A376330A3B}.Release|Mixed Platforms.Deploy.0 = Release|x86
		{2F87AC17-B7D6-4B03-B180-E7A376330A3B}.Release|x64.ActiveCfg = Release|x86
		{2F87AC17-B7D6-4B03-B180-E7A376330A3B}.Release|x86.ActiveCfg = Release|x86
		{2F87AC17-B7D6-4B03-B180-E7A376330A3B}.Release|x86.Build.0 = Release|x86
		{2F87AC17-B7D6-4B03-B180-E7A376330A3B}.Release|x86.Deploy.0 = Release|x86
	EndGlobalSection
	GlobalSection(SolutionProperties) = preSolution
		HideSolutionNode = FALSE
	EndGlobalSection
	GlobalSection(NestedProjects) = preSolution
		{EC31C574-6A2A-4056-BD46-4B58891ACD8B} = {F4DC1FC7-F8C6-4531-A637-B99E4D3B6D9D}
		{FBB3118E-1A31-47FA-BF90-BC92C3E1BA4A} = {F4DC1FC7-F8C6-4531-A637-B99E4D3B6D9D}
		{F09D2740-B2B4-4EE7-9649-CE02D67ED61C} = {F4DC1FC7-F8C6-4531-A637-B99E4D3B6D9D}
		{54144CA7-B859-4F79-B682-DAD92B4E3353} = {F09D2740-B2B4-4EE7-9649-CE02D67ED61C}
		{4B55F37F-21D4-40EE-8C6B-7FE0F32F61BE} = {F09D2740-B2B4-4EE7-9649-CE02D67ED61C}
		{5A97F09E-BEB2-48EE-BEC2-BEDEA5A4145D} = {F4DC1FC7-F8C6-4531-A637-B99E4D3B6D9D}
		{E2E83DD3-7C09-4AAE-B8F6-357C0DA2317E} = {F4DC1FC7-F8C6-4531-A637-B99E4D3B6D9D}
		{084E9821-E283-40F0-BECE-8A6722B4F0A0} = {F4DC1FC7-F8C6-4531-A637-B99E4D3B6D9D}
		{E139CD96-941B-41C0-82B9-D7A2D3B12A05} = {084E9821-E283-40F0-BECE-8A6722B4F0A0}
		{2F87AC17-B7D6-4B03-B180-E7A376330A3B} = {084E9821-E283-40F0-BECE-8A6722B4F0A0}
	EndGlobalSection
EndGlobal
