<?xml version="1.0" encoding="utf-8"?>
<Project ToolsVersion="4.0" xmlns="http://schemas.microsoft.com/developer/msbuild/2003">
  <ItemGroup>
    <ClInclude Include="$(MSBuildThisFileDirectory)Constants.h">
      <Filter>Constants</Filter>
    </ClInclude>
    <ClInclude Include="$(MSBuildThisFileDirectory)BasicTimer.h">
      <Filter>Core</Filter>
    </ClInclude>
    <ClInclude Include="$(MSBuildThisFileDirectory)BroadcastMessageDaemon.h">
      <Filter>Core</Filter>
    </ClInclude>
    <ClInclude Include="$(MSBuildThisFileDirectory)BroadcastMessageListener.h">
      <Filter>Core</Filter>
    </ClInclude>
    <ClInclude Include="$(MSBuildThisFileDirectory)BroadcastMessageSender.h">
      <Filter>Core</Filter>
    </ClInclude>
    <ClInclude Include="$(MSBuildThisFileDirectory)CatrobatTexture.h">
      <Filter>Core</Filter>
    </ClInclude>
    <ClInclude Include="$(MSBuildThisFileDirectory)DirectXHelper.h">
      <Filter>Core</Filter>
    </ClInclude>
    <ClInclude Include="$(MSBuildThisFileDirectory)ProjectDaemon.h">
      <Filter>Core</Filter>
    </ClInclude>
    <ClInclude Include="$(MSBuildThisFileDirectory)TextureDaemon.h">
      <Filter>Core</Filter>
    </ClInclude>
    <ClInclude Include="$(MSBuildThisFileDirectory)DDSLoader.h">
      <Filter>Core\ddsConverter</Filter>
    </ClInclude>
    <ClInclude Include="$(MSBuildThisFileDirectory)lodepng.h">
      <Filter>Core\ddsConverter</Filter>
    </ClInclude>
    <ClInclude Include="$(MSBuildThisFileDirectory)lodepng_util.h">
      <Filter>Core\ddsConverter</Filter>
    </ClInclude>
    <ClInclude Include="$(MSBuildThisFileDirectory)BaseException.h">
      <Filter>Exceptions</Filter>
    </ClInclude>
    <ClInclude Include="$(MSBuildThisFileDirectory)FormulaTreeException.h">
      <Filter>Exceptions</Filter>
    </ClInclude>
    <ClInclude Include="$(MSBuildThisFileDirectory)FormulaTreeFatalException.h">
      <Filter>Exceptions</Filter>
    </ClInclude>
    <ClInclude Include="$(MSBuildThisFileDirectory)PlayerException.h">
      <Filter>Exceptions</Filter>
    </ClInclude>
    <ClInclude Include="$(MSBuildThisFileDirectory)XMLParserException.h">
      <Filter>Exceptions</Filter>
    </ClInclude>
    <ClInclude Include="$(MSBuildThisFileDirectory)XMLParserFatalException.h">
      <Filter>Exceptions</Filter>
    </ClInclude>
    <ClInclude Include="$(MSBuildThisFileDirectory)XMLParserSevereException.h">
      <Filter>Exceptions</Filter>
    </ClInclude>
    <ClInclude Include="$(MSBuildThisFileDirectory)AccelerometerProvider.h">
      <Filter>Formula</Filter>
    </ClInclude>
    <ClInclude Include="$(MSBuildThisFileDirectory)CompassProvider.h">
      <Filter>Formula</Filter>
    </ClInclude>
    <ClInclude Include="$(MSBuildThisFileDirectory)InclinationProvider.h">
      <Filter>Formula</Filter>
    </ClInclude>
    <ClInclude Include="$(MSBuildThisFileDirectory)Interpreter.h">
      <Filter>Formula</Filter>
    </ClInclude>
    <ClInclude Include="$(MSBuildThisFileDirectory)LoudnessCapture.h">
      <Filter>Formula</Filter>
    </ClInclude>
    <ClInclude Include="$(MSBuildThisFileDirectory)WASAPIAudio.h">
      <Filter>Formula</Filter>
    </ClInclude>
    <ClInclude Include="$(MSBuildThisFileDirectory)DeviceInformation.h">
      <Filter>Helpers</Filter>
    </ClInclude>
    <ClInclude Include="$(MSBuildThisFileDirectory)Helper.h">
      <Filter>Helpers</Filter>
    </ClInclude>
    <ClInclude Include="$(MSBuildThisFileDirectory)BaseObject.h">
      <Filter>Objects</Filter>
    </ClInclude>
    <ClInclude Include="$(MSBuildThisFileDirectory)FormulaTree.h">
      <Filter>Objects</Filter>
    </ClInclude>
    <ClInclude Include="$(MSBuildThisFileDirectory)Look.h">
      <Filter>Objects</Filter>
    </ClInclude>
    <ClInclude Include="$(MSBuildThisFileDirectory)Object.h">
      <Filter>Objects</Filter>
    </ClInclude>
    <ClInclude Include="$(MSBuildThisFileDirectory)ObjectList.h">
      <Filter>Objects</Filter>
    </ClInclude>
    <ClInclude Include="$(MSBuildThisFileDirectory)Project.h">
      <Filter>Objects</Filter>
    </ClInclude>
    <ClInclude Include="$(MSBuildThisFileDirectory)SoundInfo.h">
      <Filter>Objects</Filter>
    </ClInclude>
    <ClInclude Include="$(MSBuildThisFileDirectory)UserVariable.h">
      <Filter>Objects</Filter>
    </ClInclude>
    <ClInclude Include="$(MSBuildThisFileDirectory)Brick.h">
      <Filter>Objects\Bricks</Filter>
    </ClInclude>
    <ClInclude Include="$(MSBuildThisFileDirectory)ContainerBrick.h">
      <Filter>Objects\Bricks</Filter>
    </ClInclude>
    <ClInclude Include="$(MSBuildThisFileDirectory)BroadcastBrick.h">
      <Filter>Objects\Bricks\Control</Filter>
    </ClInclude>
    <ClInclude Include="$(MSBuildThisFileDirectory)ForeverBrick.h">
      <Filter>Objects\Bricks\Control</Filter>
    </ClInclude>
    <ClInclude Include="$(MSBuildThisFileDirectory)IfBrick.h">
      <Filter>Objects\Bricks\Control</Filter>
    </ClInclude>
    <ClInclude Include="$(MSBuildThisFileDirectory)RepeatBrick.h">
      <Filter>Objects\Bricks\Control</Filter>
    </ClInclude>
    <ClInclude Include="$(MSBuildThisFileDirectory)WaitBrick.h">
      <Filter>Objects\Bricks\Control</Filter>
    </ClInclude>
    <ClInclude Include="$(MSBuildThisFileDirectory)ChangeGhostEffectByBrick.h">
      <Filter>Objects\Bricks\Look</Filter>
    </ClInclude>
    <ClInclude Include="$(MSBuildThisFileDirectory)ChangeSizeByBrick.h">
      <Filter>Objects\Bricks\Look</Filter>
    </ClInclude>
    <ClInclude Include="$(MSBuildThisFileDirectory)CostumeBrick.h">
      <Filter>Objects\Bricks\Look</Filter>
    </ClInclude>
    <ClInclude Include="$(MSBuildThisFileDirectory)HideBrick.h">
      <Filter>Objects\Bricks\Look</Filter>
    </ClInclude>
    <ClInclude Include="$(MSBuildThisFileDirectory)NextLookBrick.h">
      <Filter>Objects\Bricks\Look</Filter>
    </ClInclude>
    <ClInclude Include="$(MSBuildThisFileDirectory)SetGhostEffectBrick.h">
      <Filter>Objects\Bricks\Look</Filter>
    </ClInclude>
    <ClInclude Include="$(MSBuildThisFileDirectory)SetSizeToBrick.h">
      <Filter>Objects\Bricks\Look</Filter>
    </ClInclude>
    <ClInclude Include="$(MSBuildThisFileDirectory)ShowBrick.h">
      <Filter>Objects\Bricks\Look</Filter>
    </ClInclude>
    <ClInclude Include="$(MSBuildThisFileDirectory)ChangeXByBrick.h">
      <Filter>Objects\Bricks\Movement</Filter>
    </ClInclude>
    <ClInclude Include="$(MSBuildThisFileDirectory)ChangeYByBrick.h">
      <Filter>Objects\Bricks\Movement</Filter>
    </ClInclude>
    <ClInclude Include="$(MSBuildThisFileDirectory)GlideToBrick.h">
      <Filter>Objects\Bricks\Movement</Filter>
    </ClInclude>
    <ClInclude Include="$(MSBuildThisFileDirectory)PlaceAtBrick.h">
      <Filter>Objects\Bricks\Movement</Filter>
    </ClInclude>
    <ClInclude Include="$(MSBuildThisFileDirectory)PointToBrick.h">
      <Filter>Objects\Bricks\Movement</Filter>
    </ClInclude>
    <ClInclude Include="$(MSBuildThisFileDirectory)SetXBrick.h">
      <Filter>Objects\Bricks\Movement</Filter>
    </ClInclude>
    <ClInclude Include="$(MSBuildThisFileDirectory)SetYBrick.h">
      <Filter>Objects\Bricks\Movement</Filter>
    </ClInclude>
    <ClInclude Include="$(MSBuildThisFileDirectory)TurnLeftBrick.h">
      <Filter>Objects\Bricks\Movement</Filter>
    </ClInclude>
    <ClInclude Include="$(MSBuildThisFileDirectory)TurnRightBrick.h">
      <Filter>Objects\Bricks\Movement</Filter>
    </ClInclude>
    <ClInclude Include="$(MSBuildThisFileDirectory)PlaySoundBrick.h">
      <Filter>Objects\Bricks\Sound</Filter>
    </ClInclude>
    <ClInclude Include="$(MSBuildThisFileDirectory)ChangeVariableBrick.h">
      <Filter>Objects\Bricks\Variables</Filter>
    </ClInclude>
    <ClInclude Include="$(MSBuildThisFileDirectory)SetVariableBrick.h">
      <Filter>Objects\Bricks\Variables</Filter>
    </ClInclude>
    <ClInclude Include="$(MSBuildThisFileDirectory)VariableManagementBrick.h">
      <Filter>Objects\Bricks\Variables</Filter>
    </ClInclude>
    <ClInclude Include="$(MSBuildThisFileDirectory)Script.h">
      <Filter>Objects\Scripts</Filter>
    </ClInclude>
    <ClInclude Include="$(MSBuildThisFileDirectory)StartScript.h">
      <Filter>Objects\Scripts</Filter>
    </ClInclude>
    <ClInclude Include="$(MSBuildThisFileDirectory)WhenScript.h">
      <Filter>Objects\Scripts</Filter>
    </ClInclude>
    <ClInclude Include="$(MSBuildThisFileDirectory)Sound.h">
      <Filter>Sounds</Filter>
    </ClInclude>
    <ClInclude Include="$(MSBuildThisFileDirectory)SoundManager.h">
      <Filter>Sounds</Filter>
    </ClInclude>
    <ClInclude Include="$(MSBuildThisFileDirectory)XMLParser.h">
      <Filter>XMLParser</Filter>
    </ClInclude>
    <ClInclude Include="$(MSBuildThisFileDirectory)pch.h">
      <Filter>Core</Filter>
    </ClInclude>
    <ClInclude Include="$(MSBuildThisFileDirectory)..\Catrobat.Player.WindowsPhone\App.xaml.h" />
    <ClInclude Include="$(MSBuildThisFileDirectory)EventController.h">
      <Filter>Input</Filter>
    </ClInclude>
    <ClInclude Include="$(MSBuildThisFileDirectory)BroadcastScript.h">
      <Filter>Objects\Scripts</Filter>
    </ClInclude>
    <ClInclude Include="$(MSBuildThisFileDirectory)ScriptHandler.h">
      <Filter>Core</Filter>
    </ClInclude>
    <ClInclude Include="$(MSBuildThisFileDirectory)ExceptionLogger.h">
      <Filter>Exceptions</Filter>
    </ClInclude>
    <ClInclude Include="$(MSBuildThisFileDirectory)ProjectRenderer.h">
      <Filter>Core\Rendering</Filter>
    </ClInclude>
    <ClInclude Include="$(MSBuildThisFileDirectory)..\Catrobat.Player.WindowsPhone\PlayerDirectXPage.xaml.h" />
    <ClInclude Include="$(MSBuildThisFileDirectory)PlayerMainComponent.h">
      <Filter>Core</Filter>
    </ClInclude>
    <ClInclude Include="$(MSBuildThisFileDirectory)Direct3DDeviceResources.h">
      <Filter>Core\Rendering</Filter>
    </ClInclude>
    <ClInclude Include="$(MSBuildThisFileDirectory)InitRenderer.h">
      <Filter>Core\Rendering</Filter>
    </ClInclude>
    <ClInclude Include="$(MSBuildThisFileDirectory)Direct3DBaseRenderer.h">
      <Filter>Core\Rendering</Filter>
    </ClInclude>
  </ItemGroup>
  <ItemGroup>
    <ClCompile Include="$(MSBuildThisFileDirectory)BroadcastMessageDaemon.cpp">
      <Filter>Core</Filter>
    </ClCompile>
    <ClCompile Include="$(MSBuildThisFileDirectory)BroadcastMessageListener.cpp">
      <Filter>Core</Filter>
    </ClCompile>
    <ClCompile Include="$(MSBuildThisFileDirectory)BroadcastMessageSender.cpp">
      <Filter>Core</Filter>
    </ClCompile>
    <ClCompile Include="$(MSBuildThisFileDirectory)CatrobatTexture.cpp">
      <Filter>Core</Filter>
    </ClCompile>
    <ClCompile Include="$(MSBuildThisFileDirectory)ProjectDaemon.cpp">
      <Filter>Core</Filter>
    </ClCompile>
    <ClCompile Include="$(MSBuildThisFileDirectory)TextureDaemon.cpp">
      <Filter>Core</Filter>
    </ClCompile>
    <ClCompile Include="$(MSBuildThisFileDirectory)DDSLoader.cpp">
      <Filter>Core\ddsConverter</Filter>
    </ClCompile>
    <ClCompile Include="$(MSBuildThisFileDirectory)lodepng.cpp">
      <Filter>Core\ddsConverter</Filter>
    </ClCompile>
    <ClCompile Include="$(MSBuildThisFileDirectory)lodepng_util.cpp">
      <Filter>Core\ddsConverter</Filter>
    </ClCompile>
    <ClCompile Include="$(MSBuildThisFileDirectory)BaseException.cpp">
      <Filter>Exceptions</Filter>
    </ClCompile>
    <ClCompile Include="$(MSBuildThisFileDirectory)FormulaTreeException.cpp">
      <Filter>Exceptions</Filter>
    </ClCompile>
    <ClCompile Include="$(MSBuildThisFileDirectory)FormulaTreeFatalException.cpp">
      <Filter>Exceptions</Filter>
    </ClCompile>
    <ClCompile Include="$(MSBuildThisFileDirectory)PlayerException.cpp">
      <Filter>Exceptions</Filter>
    </ClCompile>
    <ClCompile Include="$(MSBuildThisFileDirectory)XMLParserException.cpp">
      <Filter>Exceptions</Filter>
    </ClCompile>
    <ClCompile Include="$(MSBuildThisFileDirectory)XMLParserFatalException.cpp">
      <Filter>Exceptions</Filter>
    </ClCompile>
    <ClCompile Include="$(MSBuildThisFileDirectory)XMLParserSevereException.cpp">
      <Filter>Exceptions</Filter>
    </ClCompile>
    <ClCompile Include="$(MSBuildThisFileDirectory)AccelerometerProvider.cpp">
      <Filter>Formula</Filter>
    </ClCompile>
    <ClCompile Include="$(MSBuildThisFileDirectory)CompassProvider.cpp">
      <Filter>Formula</Filter>
    </ClCompile>
    <ClCompile Include="$(MSBuildThisFileDirectory)InclinationProvider.cpp">
      <Filter>Formula</Filter>
    </ClCompile>
    <ClCompile Include="$(MSBuildThisFileDirectory)Interpreter.cpp">
      <Filter>Formula</Filter>
    </ClCompile>
    <ClCompile Include="$(MSBuildThisFileDirectory)LoudnessCapture.cpp">
      <Filter>Formula</Filter>
    </ClCompile>
    <ClCompile Include="$(MSBuildThisFileDirectory)WASAPIAudio.cpp">
      <Filter>Formula</Filter>
    </ClCompile>
    <ClCompile Include="$(MSBuildThisFileDirectory)DeviceInformation.cpp">
      <Filter>Helpers</Filter>
    </ClCompile>
    <ClCompile Include="$(MSBuildThisFileDirectory)Helper.cpp">
      <Filter>Helpers</Filter>
    </ClCompile>
    <ClCompile Include="$(MSBuildThisFileDirectory)BaseObject.cpp">
      <Filter>Objects</Filter>
    </ClCompile>
    <ClCompile Include="$(MSBuildThisFileDirectory)FormulaTree.cpp">
      <Filter>Objects</Filter>
    </ClCompile>
    <ClCompile Include="$(MSBuildThisFileDirectory)Look.cpp">
      <Filter>Objects</Filter>
    </ClCompile>
    <ClCompile Include="$(MSBuildThisFileDirectory)Object.cpp">
      <Filter>Objects</Filter>
    </ClCompile>
    <ClCompile Include="$(MSBuildThisFileDirectory)ObjectList.cpp">
      <Filter>Objects</Filter>
    </ClCompile>
    <ClCompile Include="$(MSBuildThisFileDirectory)Project.cpp">
      <Filter>Objects</Filter>
    </ClCompile>
    <ClCompile Include="$(MSBuildThisFileDirectory)SoundInfo.cpp">
      <Filter>Objects</Filter>
    </ClCompile>
    <ClCompile Include="$(MSBuildThisFileDirectory)UserVariable.cpp">
      <Filter>Objects</Filter>
    </ClCompile>
    <ClCompile Include="$(MSBuildThisFileDirectory)Brick.cpp">
      <Filter>Objects\Bricks</Filter>
    </ClCompile>
    <ClCompile Include="$(MSBuildThisFileDirectory)ContainerBrick.cpp">
      <Filter>Objects\Bricks</Filter>
    </ClCompile>
    <ClCompile Include="$(MSBuildThisFileDirectory)BroadcastBrick.cpp">
      <Filter>Objects\Bricks\Control</Filter>
    </ClCompile>
    <ClCompile Include="$(MSBuildThisFileDirectory)ForeverBrick.cpp">
      <Filter>Objects\Bricks\Control</Filter>
    </ClCompile>
    <ClCompile Include="$(MSBuildThisFileDirectory)IfBrick.cpp">
      <Filter>Objects\Bricks\Control</Filter>
    </ClCompile>
    <ClCompile Include="$(MSBuildThisFileDirectory)RepeatBrick.cpp">
      <Filter>Objects\Bricks\Control</Filter>
    </ClCompile>
    <ClCompile Include="$(MSBuildThisFileDirectory)WaitBrick.cpp">
      <Filter>Objects\Bricks\Control</Filter>
    </ClCompile>
    <ClCompile Include="$(MSBuildThisFileDirectory)ChangeGhostEffectByBrick.cpp">
      <Filter>Objects\Bricks\Look</Filter>
    </ClCompile>
    <ClCompile Include="$(MSBuildThisFileDirectory)ChangeSizeByBrick.cpp">
      <Filter>Objects\Bricks\Look</Filter>
    </ClCompile>
    <ClCompile Include="$(MSBuildThisFileDirectory)CostumeBrick.cpp">
      <Filter>Objects\Bricks\Look</Filter>
    </ClCompile>
    <ClCompile Include="$(MSBuildThisFileDirectory)HideBrick.cpp">
      <Filter>Objects\Bricks\Look</Filter>
    </ClCompile>
    <ClCompile Include="$(MSBuildThisFileDirectory)NextLookBrick.cpp">
      <Filter>Objects\Bricks\Look</Filter>
    </ClCompile>
    <ClCompile Include="$(MSBuildThisFileDirectory)SetGhostEffectBrick.cpp">
      <Filter>Objects\Bricks\Look</Filter>
    </ClCompile>
    <ClCompile Include="$(MSBuildThisFileDirectory)SetSizeToBrick.cpp">
      <Filter>Objects\Bricks\Look</Filter>
    </ClCompile>
    <ClCompile Include="$(MSBuildThisFileDirectory)ShowBrick.cpp">
      <Filter>Objects\Bricks\Look</Filter>
    </ClCompile>
    <ClCompile Include="$(MSBuildThisFileDirectory)ChangeXByBrick.cpp">
      <Filter>Objects\Bricks\Movement</Filter>
    </ClCompile>
    <ClCompile Include="$(MSBuildThisFileDirectory)ChangeYByBrick.cpp">
      <Filter>Objects\Bricks\Movement</Filter>
    </ClCompile>
    <ClCompile Include="$(MSBuildThisFileDirectory)GlideToBrick.cpp">
      <Filter>Objects\Bricks\Movement</Filter>
    </ClCompile>
    <ClCompile Include="$(MSBuildThisFileDirectory)PlaceAtBrick.cpp">
      <Filter>Objects\Bricks\Movement</Filter>
    </ClCompile>
    <ClCompile Include="$(MSBuildThisFileDirectory)PointToBrick.cpp">
      <Filter>Objects\Bricks\Movement</Filter>
    </ClCompile>
    <ClCompile Include="$(MSBuildThisFileDirectory)SetXBrick.cpp">
      <Filter>Objects\Bricks\Movement</Filter>
    </ClCompile>
    <ClCompile Include="$(MSBuildThisFileDirectory)SetYBrick.cpp">
      <Filter>Objects\Bricks\Movement</Filter>
    </ClCompile>
    <ClCompile Include="$(MSBuildThisFileDirectory)TurnLeftBrick.cpp">
      <Filter>Objects\Bricks\Movement</Filter>
    </ClCompile>
    <ClCompile Include="$(MSBuildThisFileDirectory)TurnRightBrick.cpp">
      <Filter>Objects\Bricks\Movement</Filter>
    </ClCompile>
    <ClCompile Include="$(MSBuildThisFileDirectory)PlaySoundBrick.cpp">
      <Filter>Objects\Bricks\Sound</Filter>
    </ClCompile>
    <ClCompile Include="$(MSBuildThisFileDirectory)ChangeVariableBrick.cpp">
      <Filter>Objects\Bricks\Variables</Filter>
    </ClCompile>
    <ClCompile Include="$(MSBuildThisFileDirectory)SetVariableBrick.cpp">
      <Filter>Objects\Bricks\Variables</Filter>
    </ClCompile>
    <ClCompile Include="$(MSBuildThisFileDirectory)VariableManagementBrick.cpp">
      <Filter>Objects\Bricks\Variables</Filter>
    </ClCompile>
    <ClCompile Include="$(MSBuildThisFileDirectory)Script.cpp">
      <Filter>Objects\Scripts</Filter>
    </ClCompile>
    <ClCompile Include="$(MSBuildThisFileDirectory)StartScript.cpp">
      <Filter>Objects\Scripts</Filter>
    </ClCompile>
    <ClCompile Include="$(MSBuildThisFileDirectory)WhenScript.cpp">
      <Filter>Objects\Scripts</Filter>
    </ClCompile>
    <ClCompile Include="$(MSBuildThisFileDirectory)Sound.cpp">
      <Filter>Sounds</Filter>
    </ClCompile>
    <ClCompile Include="$(MSBuildThisFileDirectory)SoundManager.cpp">
      <Filter>Sounds</Filter>
    </ClCompile>
    <ClCompile Include="$(MSBuildThisFileDirectory)XMLParser.cpp">
      <Filter>XMLParser</Filter>
    </ClCompile>
    <ClCompile Include="$(MSBuildThisFileDirectory)pch.cpp">
      <Filter>Core</Filter>
    </ClCompile>
    <ClCompile Include="$(MSBuildThisFileDirectory)..\Catrobat.Player.WindowsPhone\App.xaml.cpp" />
    <ClCompile Include="$(MSBuildThisFileDirectory)EventController.cpp">
      <Filter>Input</Filter>
    </ClCompile>
    <ClCompile Include="$(MSBuildThisFileDirectory)BroadcastScript.cpp">
      <Filter>Objects\Scripts</Filter>
    </ClCompile>
    <ClCompile Include="$(MSBuildThisFileDirectory)ScriptHandler.cpp">
      <Filter>Core</Filter>
    </ClCompile>
    <ClCompile Include="$(MSBuildThisFileDirectory)ExceptionLogger.cpp">
      <Filter>Exceptions</Filter>
    </ClCompile>
    <ClCompile Include="$(MSBuildThisFileDirectory)ProjectRenderer.cpp">
      <Filter>Core\Rendering</Filter>
    </ClCompile>
    <ClCompile Include="$(MSBuildThisFileDirectory)..\Catrobat.Player.WindowsPhone\PlayerDirectXPage.xaml.cpp" />
    <ClCompile Include="$(MSBuildThisFileDirectory)PlayerMainComponent.cpp">
      <Filter>Core</Filter>
    </ClCompile>
    <ClCompile Include="$(MSBuildThisFileDirectory)Direct3DDeviceResources.cpp">
      <Filter>Core\Rendering</Filter>
    </ClCompile>
    <ClCompile Include="$(MSBuildThisFileDirectory)InitRenderer.cpp">
      <Filter>Core\Rendering</Filter>
    </ClCompile>
    <ClCompile Include="$(MSBuildThisFileDirectory)Direct3DBaseRenderer.cpp">
      <Filter>Core\Rendering</Filter>
    </ClCompile>
  </ItemGroup>
  <ItemGroup>
    <Filter Include="Constants">
      <UniqueIdentifier>{c552b642-94e1-46e4-a47f-8b59402cfb5d}</UniqueIdentifier>
    </Filter>
    <Filter Include="Core">
      <UniqueIdentifier>{a1360e45-1e89-4e14-b5ff-ad2e1acb0484}</UniqueIdentifier>
    </Filter>
    <Filter Include="Core\ddsConverter">
      <UniqueIdentifier>{ba794f50-3dc9-4eb2-bbc0-9108a57e4db9}</UniqueIdentifier>
    </Filter>
    <Filter Include="Exceptions">
      <UniqueIdentifier>{faaf1803-75f3-4a8f-849b-c8ba18133243}</UniqueIdentifier>
    </Filter>
    <Filter Include="Formula">
      <UniqueIdentifier>{37849095-4105-4c3b-a8e9-fe535559439f}</UniqueIdentifier>
    </Filter>
    <Filter Include="Helpers">
      <UniqueIdentifier>{c5e2f78f-f097-450b-b6a4-efd9a8263715}</UniqueIdentifier>
    </Filter>
    <Filter Include="Objects">
      <UniqueIdentifier>{0ac493b6-4222-4e1b-bf2e-c19b3d754089}</UniqueIdentifier>
    </Filter>
    <Filter Include="Objects\Bricks">
      <UniqueIdentifier>{4528d9a8-f235-4de5-9bf1-16073c46206a}</UniqueIdentifier>
    </Filter>
    <Filter Include="Objects\Bricks\Control">
      <UniqueIdentifier>{f88c7429-1444-4614-ad3e-63b49a067873}</UniqueIdentifier>
    </Filter>
    <Filter Include="Objects\Bricks\Look">
      <UniqueIdentifier>{f064bca0-cb9f-4171-b628-8362ad982880}</UniqueIdentifier>
    </Filter>
    <Filter Include="Objects\Bricks\Movement">
      <UniqueIdentifier>{4131e833-563c-43f3-b107-0c6408c7ce32}</UniqueIdentifier>
    </Filter>
    <Filter Include="Objects\Bricks\Sound">
      <UniqueIdentifier>{b2dadc8c-90f1-4291-b2ed-6aeda530bacc}</UniqueIdentifier>
    </Filter>
    <Filter Include="Objects\Bricks\Variables">
      <UniqueIdentifier>{29a03d77-ab7b-4877-af28-747f1b09087d}</UniqueIdentifier>
    </Filter>
    <Filter Include="Objects\Scripts">
      <UniqueIdentifier>{c1b0569f-3e7a-4197-b6b6-71149f9d9505}</UniqueIdentifier>
    </Filter>
    <Filter Include="Sounds">
      <UniqueIdentifier>{29497cfa-5e5c-4148-b869-434f6d2d3572}</UniqueIdentifier>
    </Filter>
    <Filter Include="XMLParser">
      <UniqueIdentifier>{90f2f841-0140-45f5-9869-cb6ac81d4406}</UniqueIdentifier>
    </Filter>
    <Filter Include="Input">
      <UniqueIdentifier>{4aeccfa4-9c5f-4fe6-8e6e-a3303d6f518a}</UniqueIdentifier>
    </Filter>
    <Filter Include="Core\Rendering">
      <UniqueIdentifier>{139ec792-d813-44d5-97d4-fe7c57a01246}</UniqueIdentifier>
    </Filter>
  </ItemGroup>
  <ItemGroup>
    <ApplicationDefinition Include="$(MSBuildThisFileDirectory)..\Catrobat.Player.WindowsPhone\App.xaml" />
  </ItemGroup>
  <ItemGroup>
    <Page Include="$(MSBuildThisFileDirectory)..\Catrobat.Player.WindowsPhone\PlayerDirectXPage.xaml" />
  </ItemGroup>
</Project>